// !$*UTF8*$!
{
	archiveVersion = 1;
	classes = {
	};
	objectVersion = 48;
	objects = {

/* Begin PBXBuildFile section */
		229F91D9203614E9002EA90E /* AppDelegate.swift in Sources */ = {isa = PBXBuildFile; fileRef = 229F91D8203614E9002EA90E /* AppDelegate.swift */; };
		229F91DB203614E9002EA90E /* ViewController.swift in Sources */ = {isa = PBXBuildFile; fileRef = 229F91DA203614E9002EA90E /* ViewController.swift */; };
		229F91DE203614E9002EA90E /* Main.storyboard in Resources */ = {isa = PBXBuildFile; fileRef = 229F91DC203614E9002EA90E /* Main.storyboard */; };
		229F91E0203614E9002EA90E /* Assets.xcassets in Resources */ = {isa = PBXBuildFile; fileRef = 229F91DF203614E9002EA90E /* Assets.xcassets */; };
		229F91E3203614E9002EA90E /* LaunchScreen.storyboard in Resources */ = {isa = PBXBuildFile; fileRef = 229F91E1203614E9002EA90E /* LaunchScreen.storyboard */; };
/* End PBXBuildFile section */

/* Begin PBXFileReference section */
		229F91D5203614E9002EA90E /* FullScreenVideo.app */ = {isa = PBXFileReference; explicitFileType = wrapper.application; includeInIndex = 0; path = FullScreenVideo.app; sourceTree = BUILT_PRODUCTS_DIR; };
		229F91D8203614E9002EA90E /* AppDelegate.swift */ = {isa = PBXFileReference; lastKnownFileType = sourcecode.swift; path = AppDelegate.swift; sourceTree = "<group>"; };
		229F91DA203614E9002EA90E /* ViewController.swift */ = {isa = PBXFileReference; lastKnownFileType = sourcecode.swift; path = ViewController.swift; sourceTree = "<group>"; };
		229F91DD203614E9002EA90E /* Base */ = {isa = PBXFileReference; lastKnownFileType = file.storyboard; name = Base; path = Base.lproj/Main.storyboard; sourceTree = "<group>"; };
		229F91DF203614E9002EA90E /* Assets.xcassets */ = {isa = PBXFileReference; lastKnownFileType = folder.assetcatalog; path = Assets.xcassets; sourceTree = "<group>"; };
		229F91E2203614E9002EA90E /* Base */ = {isa = PBXFileReference; lastKnownFileType = file.storyboard; name = Base; path = Base.lproj/LaunchScreen.storyboard; sourceTree = "<group>"; };
		229F91E4203614E9002EA90E /* Info.plist */ = {isa = PBXFileReference; lastKnownFileType = text.plist.xml; path = Info.plist; sourceTree = "<group>"; };
/* End PBXFileReference section */

/* Begin PBXFrameworksBuildPhase section */
		229F91D2203614E9002EA90E /* Frameworks */ = {
			isa = PBXFrameworksBuildPhase;
			buildActionMask = 2147483647;
			files = (
			);
			runOnlyForDeploymentPostprocessing = 0;
		};
/* End PBXFrameworksBuildPhase section */

/* Begin PBXGroup section */
		229F91CC203614E9002EA90E = {
			isa = PBXGroup;
			children = (
				229F91D7203614E9002EA90E /* FullScreenVideo */,
				229F91D6203614E9002EA90E /* Products */,
			);
			sourceTree = "<group>";
		};
		229F91D6203614E9002EA90E /* Products */ = {
			isa = PBXGroup;
			children = (
				229F91D5203614E9002EA90E /* FullScreenVideo.app */,
			);
			name = Products;
			sourceTree = "<group>";
		};
		229F91D7203614E9002EA90E /* FullScreenVideo */ = {
			isa = PBXGroup;
			children = (
				229F91D8203614E9002EA90E /* AppDelegate.swift */,
				229F91DA203614E9002EA90E /* ViewController.swift */,
				229F91DC203614E9002EA90E /* Main.storyboard */,
				229F91DF203614E9002EA90E /* Assets.xcassets */,
				229F91E1203614E9002EA90E /* LaunchScreen.storyboard */,
				229F91E4203614E9002EA90E /* Info.plist */,
			);
			path = FullScreenVideo;
			sourceTree = "<group>";
		};
/* End PBXGroup section */

/* Begin PBXNativeTarget section */
		229F91D4203614E9002EA90E /* FullScreenVideo */ = {
			isa = PBXNativeTarget;
			buildConfigurationList = 229F91E7203614E9002EA90E /* Build configuration list for PBXNativeTarget "FullScreenVideo" */;
			buildPhases = (
				229F91D1203614E9002EA90E /* Sources */,
				229F91D2203614E9002EA90E /* Frameworks */,
				229F91D3203614E9002EA90E /* Resources */,
			);
			buildRules = (
			);
			dependencies = (
			);
			name = FullScreenVideo;
			productName = FullScreenVideo;
			productReference = 229F91D5203614E9002EA90E /* FullScreenVideo.app */;
			productType = "com.apple.product-type.application";
		};
/* End PBXNativeTarget section */

/* Begin PBXProject section */
		229F91CD203614E9002EA90E /* Project object */ = {
			isa = PBXProject;
			attributes = {
				LastSwiftUpdateCheck = 0920;
				LastUpgradeCheck = 0940;
				ORGANIZATIONNAME = "David Giovannini";
				TargetAttributes = {
					229F91D4203614E9002EA90E = {
						CreatedOnToolsVersion = 9.2;
						LastSwiftMigration = 1000;
						ProvisioningStyle = Automatic;
					};
				};
			};
			buildConfigurationList = 229F91D0203614E9002EA90E /* Build configuration list for PBXProject "FullScreenVideo" */;
			compatibilityVersion = "Xcode 8.0";
			developmentRegion = en;
			hasScannedForEncodings = 0;
			knownRegions = (
				en,
				Base,
			);
			mainGroup = 229F91CC203614E9002EA90E;
			productRefGroup = 229F91D6203614E9002EA90E /* Products */;
			projectDirPath = "";
			projectRoot = "";
			targets = (
				229F91D4203614E9002EA90E /* FullScreenVideo */,
			);
		};
/* End PBXProject section */

/* Begin PBXResourcesBuildPhase section */
		229F91D3203614E9002EA90E /* Resources */ = {
			isa = PBXResourcesBuildPhase;
			buildActionMask = 2147483647;
			files = (
				229F91E3203614E9002EA90E /* LaunchScreen.storyboard in Resources */,
				229F91E0203614E9002EA90E /* Assets.xcassets in Resources */,
				229F91DE203614E9002EA90E /* Main.storyboard in Resources */,
			);
			runOnlyForDeploymentPostprocessing = 0;
		};
/* End PBXResourcesBuildPhase section */

/* Begin PBXSourcesBuildPhase section */
		229F91D1203614E9002EA90E /* Sources */ = {
			isa = PBXSourcesBuildPhase;
			buildActionMask = 2147483647;
			files = (
				229F91DB203614E9002EA90E /* ViewController.swift in Sources */,
				229F91D9203614E9002EA90E /* AppDelegate.swift in Sources */,
			);
			runOnlyForDeploymentPostprocessing = 0;
		};
/* End PBXSourcesBuildPhase section */

/* Begin PBXVariantGroup section */
		229F91DC203614E9002EA90E /* Main.storyboard */ = {
			isa = PBXVariantGroup;
			children = (
				229F91DD203614E9002EA90E /* Base */,
			);
			name = Main.storyboard;
			sourceTree = "<group>";
		};
		229F91E1203614E9002EA90E /* LaunchScreen.storyboard */ = {
			isa = PBXVariantGroup;
			children = (
				229F91E2203614E9002EA90E /* Base */,
			);
			name = LaunchScreen.storyboard;
			sourceTree = "<group>";
		};
/* End PBXVariantGroup section */

/* Begin XCBuildConfiguration section */
		229F91E5203614E9002EA90E /* Debug */ = {
			isa = XCBuildConfiguration;
			buildSettings = {
				ALWAYS_SEARCH_USER_PATHS = NO;
				CLANG_ANALYZER_NONNULL = YES;
				CLANG_ANALYZER_NUMBER_OBJECT_CONVERSION = YES_AGGRESSIVE;
				CLANG_CXX_LANGUAGE_STANDARD = "gnu++14";
				CLANG_CXX_LIBRARY = "libc++";
				CLANG_ENABLE_MODULES = YES;
				CLANG_ENABLE_OBJC_ARC = YES;
				CLANG_WARN_BLOCK_CAPTURE_AUTORELEASING = YES;
				CLANG_WARN_BOOL_CONVERSION = YES;
				CLANG_WARN_COMMA = YES;
				CLANG_WARN_CONSTANT_CONVERSION = YES;
				CLANG_WARN_DEPRECATED_OBJC_IMPLEMENTATIONS = YES;
				CLANG_WARN_DIRECT_OBJC_ISA_USAGE = YES_ERROR;
				CLANG_WARN_DOCUMENTATION_COMMENTS = YES;
				CLANG_WARN_EMPTY_BODY = YES;
				CLANG_WARN_ENUM_CONVERSION = YES;
				CLANG_WARN_INFINITE_RECURSION = YES;
				CLANG_WARN_INT_CONVERSION = YES;
				CLANG_WARN_NON_LITERAL_NULL_CONVERSION = YES;
				CLANG_WARN_OBJC_IMPLICIT_RETAIN_SELF = YES;
				CLANG_WARN_OBJC_LITERAL_CONVERSION = YES;
				CLANG_WARN_OBJC_ROOT_CLASS = YES_ERROR;
				CLANG_WARN_RANGE_LOOP_ANALYSIS = YES;
				CLANG_WARN_STRICT_PROTOTYPES = YES;
				CLANG_WARN_SUSPICIOUS_MOVE = YES;
				CLANG_WARN_UNGUARDED_AVAILABILITY = YES_AGGRESSIVE;
				CLANG_WARN_UNREACHABLE_CODE = YES;
				CLANG_WARN__DUPLICATE_METHOD_MATCH = YES;
				CODE_SIGN_IDENTITY = "iPhone Developer";
				COPY_PHASE_STRIP = NO;
				DEBUG_INFORMATION_FORMAT = dwarf;
				ENABLE_STRICT_OBJC_MSGSEND = YES;
				ENABLE_TESTABILITY = YES;
				GCC_C_LANGUAGE_STANDARD = gnu11;
				GCC_DYNAMIC_NO_PIC = NO;
				GCC_NO_COMMON_BLOCKS = YES;
				GCC_OPTIMIZATION_LEVEL = 0;
				GCC_PREPROCESSOR_DEFINITIONS = (
					"DEBUG=1",
					"$(inherited)",
				);
				GCC_WARN_64_TO_32_BIT_CONVERSION = YES;
				GCC_WARN_ABOUT_RETURN_TYPE = YES_ERROR;
				GCC_WARN_UNDECLARED_SELECTOR = YES;
				GCC_WARN_UNINITIALIZED_AUTOS = YES_AGGRESSIVE;
				GCC_WARN_UNUSED_FUNCTION = YES;
				GCC_WARN_UNUSED_VARIABLE = YES;
				IPHONEOS_DEPLOYMENT_TARGET = 11.0;
				MTL_ENABLE_DEBUG_INFO = YES;
				ONLY_ACTIVE_ARCH = YES;
				SDKROOT = iphoneos;
				SWIFT_ACTIVE_COMPILATION_CONDITIONS = DEBUG;
				SWIFT_OPTIMIZATION_LEVEL = "-Onone";
			};
			name = Debug;
		};
		229F91E6203614E9002EA90E /* Release */ = {
			isa = XCBuildConfiguration;
			buildSettings = {
				ALWAYS_SEARCH_USER_PATHS = NO;
				CLANG_ANALYZER_NONNULL = YES;
				CLANG_ANALYZER_NUMBER_OBJECT_CONVERSION = YES_AGGRESSIVE;
				CLANG_CXX_LANGUAGE_STANDARD = "gnu++14";
				CLANG_CXX_LIBRARY = "libc++";
				CLANG_ENABLE_MODULES = YES;
				CLANG_ENABLE_OBJC_ARC = YES;
				CLANG_WARN_BLOCK_CAPTURE_AUTORELEASING = YES;
				CLANG_WARN_BOOL_CONVERSION = YES;
				CLANG_WARN_COMMA = YES;
				CLANG_WARN_CONSTANT_CONVERSION = YES;
				CLANG_WARN_DEPRECATED_OBJC_IMPLEMENTATIONS = YES;
				CLANG_WARN_DIRECT_OBJC_ISA_USAGE = YES_ERROR;
				CLANG_WARN_DOCUMENTATION_COMMENTS = YES;
				CLANG_WARN_EMPTY_BODY = YES;
				CLANG_WARN_ENUM_CONVERSION = YES;
				CLANG_WARN_INFINITE_RECURSION = YES;
				CLANG_WARN_INT_CONVERSION = YES;
				CLANG_WARN_NON_LITERAL_NULL_CONVERSION = YES;
				CLANG_WARN_OBJC_IMPLICIT_RETAIN_SELF = YES;
				CLANG_WARN_OBJC_LITERAL_CONVERSION = YES;
				CLANG_WARN_OBJC_ROOT_CLASS = YES_ERROR;
				CLANG_WARN_RANGE_LOOP_ANALYSIS = YES;
				CLANG_WARN_STRICT_PROTOTYPES = YES;
				CLANG_WARN_SUSPICIOUS_MOVE = YES;
				CLANG_WARN_UNGUARDED_AVAILABILITY = YES_AGGRESSIVE;
				CLANG_WARN_UNREACHABLE_CODE = YES;
				CLANG_WARN__DUPLICATE_METHOD_MATCH = YES;
				CODE_SIGN_IDENTITY = "iPhone Developer";
				COPY_PHASE_STRIP = NO;
				DEBUG_INFORMATION_FORMAT = "dwarf-with-dsym";
				ENABLE_NS_ASSERTIONS = NO;
				ENABLE_STRICT_OBJC_MSGSEND = YES;
				GCC_C_LANGUAGE_STANDARD = gnu11;
				GCC_NO_COMMON_BLOCKS = YES;
				GCC_WARN_64_TO_32_BIT_CONVERSION = YES;
				GCC_WARN_ABOUT_RETURN_TYPE = YES_ERROR;
				GCC_WARN_UNDECLARED_SELECTOR = YES;
				GCC_WARN_UNINITIALIZED_AUTOS = YES_AGGRESSIVE;
				GCC_WARN_UNUSED_FUNCTION = YES;
				GCC_WARN_UNUSED_VARIABLE = YES;
				IPHONEOS_DEPLOYMENT_TARGET = 11.0;
				MTL_ENABLE_DEBUG_INFO = NO;
				SDKROOT = iphoneos;
				SWIFT_OPTIMIZATION_LEVEL = "-Owholemodule";
				VALIDATE_PRODUCT = YES;
			};
			name = Release;
		};
		229F91E8203614E9002EA90E /* Debug */ = {
			isa = XCBuildConfiguration;
			buildSettings = {
				ASSETCATALOG_COMPILER_APPICON_NAME = AppIcon;
				CODE_SIGN_STYLE = Automatic;
				DEVELOPMENT_TEAM = 4JYR7R4Y2M;
				INFOPLIST_FILE = FullScreenVideo/Info.plist;
				LD_RUNPATH_SEARCH_PATHS = "$(inherited) @executable_path/Frameworks";
				PRODUCT_BUNDLE_IDENTIFIER = ociweb.com.FullScreenVideo;
				PRODUCT_NAME = "$(TARGET_NAME)";
				SWIFT_VERSION = 4.2;
				TARGETED_DEVICE_FAMILY = "1,2";
			};
			name = Debug;
		};
		229F91E9203614E9002EA90E /* Release */ = {
			isa = XCBuildConfiguration;
			buildSettings = {
				ASSETCATALOG_COMPILER_APPICON_NAME = AppIcon;
				CODE_SIGN_STYLE = Automatic;
				DEVELOPMENT_TEAM = 4JYR7R4Y2M;
				INFOPLIST_FILE = FullScreenVideo/Info.plist;
				LD_RUNPATH_SEARCH_PATHS = "$(inherited) @executable_path/Frameworks";
				PRODUCT_BUNDLE_IDENTIFIER = ociweb.com.FullScreenVideo;
				PRODUCT_NAME = "$(TARGET_NAME)";
				SWIFT_VERSION = 4.2;
				TARGETED_DEVICE_FAMILY = "1,2";
			};
			name = Release;
		};
/* End XCBuildConfiguration section */

/* Begin XCConfigurationList section */
		229F91D0203614E9002EA90E /* Build configuration list for PBXProject "FullScreenVideo" */ = {
			isa = XCConfigurationList;
			buildConfigurations = (
				229F91E5203614E9002EA90E /* Debug */,
				229F91E6203614E9002EA90E /* Release */,
			);
			defaultConfigurationIsVisible = 0;
			defaultConfigurationName = Release;
		};
		229F91E7203614E9002EA90E /* Build configuration list for PBXNativeTarget "FullScreenVideo" */ = {
			isa = XCConfigurationList;
			buildConfigurations = (
				229F91E8203614E9002EA90E /* Debug */,
				229F91E9203614E9002EA90E /* Release */,
			);
			defaultConfigurationIsVisible = 0;
			defaultConfigurationName = Release;
		};
/* End XCConfigurationList section */
	};
	rootObject = 229F91CD203614E9002EA90E /* Project object */;
}
