// !$*UTF8*$!
{
	archiveVersion = 1;
	classes = {
	};
	objectVersion = 48;
	objects = {

/* Begin PBXBuildFile section */
		551281051F408540007FA603 /* AppDelegate.swift in Sources */ = {isa = PBXBuildFile; fileRef = 551281041F408540007FA603 /* AppDelegate.swift */; };
		551281071F408540007FA603 /* ViewController.swift in Sources */ = {isa = PBXBuildFile; fileRef = 551281061F408540007FA603 /* ViewController.swift */; };
		5512810A1F408540007FA603 /* Main.storyboard in Resources */ = {isa = PBXBuildFile; fileRef = 551281081F408540007FA603 /* Main.storyboard */; };
		5512810C1F408540007FA603 /* Assets.xcassets in Resources */ = {isa = PBXBuildFile; fileRef = 5512810B1F408540007FA603 /* Assets.xcassets */; };
		5512810F1F408540007FA603 /* LaunchScreen.storyboard in Resources */ = {isa = PBXBuildFile; fileRef = 5512810D1F408540007FA603 /* LaunchScreen.storyboard */; };
		5522A1DD1F408561005D3802 /* SwiftyFog.framework in Frameworks */ = {isa = PBXBuildFile; fileRef = 5522A1DC1F408561005D3802 /* SwiftyFog.framework */; };
		5522A1DE1F408561005D3802 /* SwiftyFog.framework in Embed Frameworks */ = {isa = PBXBuildFile; fileRef = 5522A1DC1F408561005D3802 /* SwiftyFog.framework */; settings = {ATTRIBUTES = (CodeSignOnCopy, RemoveHeadersOnCopy, ); }; };
/* End PBXBuildFile section */

/* Begin PBXCopyFilesBuildPhase section */
		5522A1DF1F408561005D3802 /* Embed Frameworks */ = {
			isa = PBXCopyFilesBuildPhase;
			buildActionMask = 2147483647;
			dstPath = "";
			dstSubfolderSpec = 10;
			files = (
				5522A1DE1F408561005D3802 /* SwiftyFog.framework in Embed Frameworks */,
			);
			name = "Embed Frameworks";
			runOnlyForDeploymentPostprocessing = 0;
		};
/* End PBXCopyFilesBuildPhase section */

/* Begin PBXFileReference section */
		551281011F408540007FA603 /* SwiftFogMqttClient.app */ = {isa = PBXFileReference; explicitFileType = wrapper.application; includeInIndex = 0; path = SwiftFogMqttClient.app; sourceTree = BUILT_PRODUCTS_DIR; };
		551281041F408540007FA603 /* AppDelegate.swift */ = {isa = PBXFileReference; lastKnownFileType = sourcecode.swift; path = AppDelegate.swift; sourceTree = "<group>"; };
		551281061F408540007FA603 /* ViewController.swift */ = {isa = PBXFileReference; lastKnownFileType = sourcecode.swift; path = ViewController.swift; sourceTree = "<group>"; };
		551281091F408540007FA603 /* Base */ = {isa = PBXFileReference; lastKnownFileType = file.storyboard; name = Base; path = Base.lproj/Main.storyboard; sourceTree = "<group>"; };
		5512810B1F408540007FA603 /* Assets.xcassets */ = {isa = PBXFileReference; lastKnownFileType = folder.assetcatalog; path = Assets.xcassets; sourceTree = "<group>"; };
		5512810E1F408540007FA603 /* Base */ = {isa = PBXFileReference; lastKnownFileType = file.storyboard; name = Base; path = Base.lproj/LaunchScreen.storyboard; sourceTree = "<group>"; };
		551281101F408540007FA603 /* Info.plist */ = {isa = PBXFileReference; lastKnownFileType = text.plist.xml; path = Info.plist; sourceTree = "<group>"; };
		5522A1DC1F408561005D3802 /* SwiftyFog.framework */ = {isa = PBXFileReference; explicitFileType = wrapper.framework; path = SwiftyFog.framework; sourceTree = BUILT_PRODUCTS_DIR; };
		55B354A51F41DCFA0040DB24 /* SwiftyFog.framework */ = {isa = PBXFileReference; lastKnownFileType = wrapper.framework; name = SwiftyFog.framework; path = "../../../../../Library/Developer/Xcode/DerivedData/SwiftyFog-aqqsglplccscgwepwonmybnhatnk/Build/Products/Debug-iphoneos/SwiftyFog.framework"; sourceTree = "<group>"; };
/* End PBXFileReference section */

/* Begin PBXFrameworksBuildPhase section */
		551280FE1F408540007FA603 /* Frameworks */ = {
			isa = PBXFrameworksBuildPhase;
			buildActionMask = 2147483647;
			files = (
				5522A1DD1F408561005D3802 /* SwiftyFog.framework in Frameworks */,
			);
			runOnlyForDeploymentPostprocessing = 0;
		};
/* End PBXFrameworksBuildPhase section */

/* Begin PBXGroup section */
		551280F81F408540007FA603 = {
			isa = PBXGroup;
			children = (
				5522A1DC1F408561005D3802 /* SwiftyFog.framework */,
				551281031F408540007FA603 /* SwiftFogMqttClient */,
				551281021F408540007FA603 /* Products */,
			);
			sourceTree = "<group>";
		};
		551281021F408540007FA603 /* Products */ = {
			isa = PBXGroup;
			children = (
				551281011F408540007FA603 /* SwiftFogMqttClient.app */,
			);
			name = Products;
			sourceTree = "<group>";
		};
		551281031F408540007FA603 /* SwiftFogMqttClient */ = {
			isa = PBXGroup;
			children = (
				551281041F408540007FA603 /* AppDelegate.swift */,
				551281061F408540007FA603 /* ViewController.swift */,
				551281081F408540007FA603 /* Main.storyboard */,
				5512810B1F408540007FA603 /* Assets.xcassets */,
				5512810D1F408540007FA603 /* LaunchScreen.storyboard */,
				551281101F408540007FA603 /* Info.plist */,
				55B354A51F41DCFA0040DB24 /* SwiftyFog.framework */,
			);
			path = SwiftFogMqttClient;
			sourceTree = "<group>";
		};
/* End PBXGroup section */

/* Begin PBXNativeTarget section */
		551281001F408540007FA603 /* SwiftFogMqttClient */ = {
			isa = PBXNativeTarget;
			buildConfigurationList = 551281131F408540007FA603 /* Build configuration list for PBXNativeTarget "SwiftFogMqttClient" */;
			buildPhases = (
				551280FD1F408540007FA603 /* Sources */,
				551280FE1F408540007FA603 /* Frameworks */,
				551280FF1F408540007FA603 /* Resources */,
				5522A1DF1F408561005D3802 /* Embed Frameworks */,
			);
			buildRules = (
			);
			dependencies = (
			);
			name = SwiftFogMqttClient;
			productName = SwiftFogMqttClient;
			productReference = 551281011F408540007FA603 /* SwiftFogMqttClient.app */;
			productType = "com.apple.product-type.application";
		};
/* End PBXNativeTarget section */

/* Begin PBXProject section */
		551280F91F408540007FA603 /* Project object */ = {
			isa = PBXProject;
			attributes = {
				LastSwiftUpdateCheck = 0900;
				LastUpgradeCheck = 0900;
				ORGANIZATIONNAME = "Object Computing Inc";
				TargetAttributes = {
					551281001F408540007FA603 = {
						CreatedOnToolsVersion = 9.0;
					};
				};
			};
			buildConfigurationList = 551280FC1F408540007FA603 /* Build configuration list for PBXProject "SwiftFogMqttClient" */;
			compatibilityVersion = "Xcode 8.0";
			developmentRegion = en;
			hasScannedForEncodings = 0;
			knownRegions = (
				en,
				Base,
			);
			mainGroup = 551280F81F408540007FA603;
			productRefGroup = 551281021F408540007FA603 /* Products */;
			projectDirPath = "";
			projectRoot = "";
			targets = (
				551281001F408540007FA603 /* SwiftFogMqttClient */,
			);
		};
/* End PBXProject section */

/* Begin PBXResourcesBuildPhase section */
		551280FF1F408540007FA603 /* Resources */ = {
			isa = PBXResourcesBuildPhase;
			buildActionMask = 2147483647;
			files = (
				5512810F1F408540007FA603 /* LaunchScreen.storyboard in Resources */,
				5512810C1F408540007FA603 /* Assets.xcassets in Resources */,
				5512810A1F408540007FA603 /* Main.storyboard in Resources */,
			);
			runOnlyForDeploymentPostprocessing = 0;
		};
/* End PBXResourcesBuildPhase section */

/* Begin PBXSourcesBuildPhase section */
		551280FD1F408540007FA603 /* Sources */ = {
			isa = PBXSourcesBuildPhase;
			buildActionMask = 2147483647;
			files = (
				551281071F408540007FA603 /* ViewController.swift in Sources */,
				551281051F408540007FA603 /* AppDelegate.swift in Sources */,
			);
			runOnlyForDeploymentPostprocessing = 0;
		};
/* End PBXSourcesBuildPhase section */

/* Begin PBXVariantGroup section */
		551281081F408540007FA603 /* Main.storyboard */ = {
			isa = PBXVariantGroup;
			children = (
				551281091F408540007FA603 /* Base */,
			);
			name = Main.storyboard;
			sourceTree = "<group>";
		};
		5512810D1F408540007FA603 /* LaunchScreen.storyboard */ = {
			isa = PBXVariantGroup;
			children = (
				5512810E1F408540007FA603 /* Base */,
			);
			name = LaunchScreen.storyboard;
			sourceTree = "<group>";
		};
/* End PBXVariantGroup section */

/* Begin XCBuildConfiguration section */
		551281111F408540007FA603 /* Debug */ = {
			isa = XCBuildConfiguration;
			buildSettings = {
				ALWAYS_SEARCH_USER_PATHS = NO;
				CLANG_ANALYZER_NONNULL = YES;
				CLANG_ANALYZER_NUMBER_OBJECT_CONVERSION = YES_AGGRESSIVE;
				CLANG_CXX_LANGUAGE_STANDARD = "gnu++14";
				CLANG_CXX_LIBRARY = "libc++";
				CLANG_ENABLE_MODULES = YES;
				CLANG_ENABLE_OBJC_ARC = YES;
				CLANG_WARN_BLOCK_CAPTURE_AUTORELEASING = YES;
				CLANG_WARN_BOOL_CONVERSION = YES;
				CLANG_WARN_COMMA = YES;
				CLANG_WARN_CONSTANT_CONVERSION = YES;
				CLANG_WARN_DIRECT_OBJC_ISA_USAGE = YES_ERROR;
				CLANG_WARN_DOCUMENTATION_COMMENTS = YES;
				CLANG_WARN_EMPTY_BODY = YES;
				CLANG_WARN_ENUM_CONVERSION = YES;
				CLANG_WARN_INFINITE_RECURSION = YES;
				CLANG_WARN_INT_CONVERSION = YES;
				CLANG_WARN_NON_LITERAL_NULL_CONVERSION = YES;
				CLANG_WARN_OBJC_LITERAL_CONVERSION = YES;
				CLANG_WARN_OBJC_ROOT_CLASS = YES_ERROR;
				CLANG_WARN_RANGE_LOOP_ANALYSIS = YES;
				CLANG_WARN_STRICT_PROTOTYPES = YES;
				CLANG_WARN_SUSPICIOUS_MOVE = YES;
				CLANG_WARN_UNGUARDED_AVAILABILITY = YES_AGGRESSIVE;
				CLANG_WARN_UNREACHABLE_CODE = YES;
				CLANG_WARN__DUPLICATE_METHOD_MATCH = YES;
				CODE_SIGN_IDENTITY = "iPhone Developer";
				COPY_PHASE_STRIP = NO;
				DEBUG_INFORMATION_FORMAT = dwarf;
				ENABLE_STRICT_OBJC_MSGSEND = YES;
				ENABLE_TESTABILITY = YES;
				GCC_C_LANGUAGE_STANDARD = gnu11;
				GCC_DYNAMIC_NO_PIC = NO;
				GCC_NO_COMMON_BLOCKS = YES;
				GCC_OPTIMIZATION_LEVEL = 0;
				GCC_PREPROCESSOR_DEFINITIONS = (
					"DEBUG=1",
					"$(inherited)",
				);
				GCC_WARN_64_TO_32_BIT_CONVERSION = YES;
				GCC_WARN_ABOUT_RETURN_TYPE = YES_ERROR;
				GCC_WARN_UNDECLARED_SELECTOR = YES;
				GCC_WARN_UNINITIALIZED_AUTOS = YES_AGGRESSIVE;
				GCC_WARN_UNUSED_FUNCTION = YES;
				GCC_WARN_UNUSED_VARIABLE = YES;
				IPHONEOS_DEPLOYMENT_TARGET = 11.0;
				MTL_ENABLE_DEBUG_INFO = YES;
				ONLY_ACTIVE_ARCH = YES;
				SDKROOT = iphoneos;
				SWIFT_ACTIVE_COMPILATION_CONDITIONS = DEBUG;
				SWIFT_OPTIMIZATION_LEVEL = "-Onone";
			};
			name = Debug;
		};
		551281121F408540007FA603 /* Release */ = {
			isa = XCBuildConfiguration;
			buildSettings = {
				ALWAYS_SEARCH_USER_PATHS = NO;
				CLANG_ANALYZER_NONNULL = YES;
				CLANG_ANALYZER_NUMBER_OBJECT_CONVERSION = YES_AGGRESSIVE;
				CLANG_CXX_LANGUAGE_STANDARD = "gnu++14";
				CLANG_CXX_LIBRARY = "libc++";
				CLANG_ENABLE_MODULES = YES;
				CLANG_ENABLE_OBJC_ARC = YES;
				CLANG_WARN_BLOCK_CAPTURE_AUTORELEASING = YES;
				CLANG_WARN_BOOL_CONVERSION = YES;
				CLANG_WARN_COMMA = YES;
				CLANG_WARN_CONSTANT_CONVERSION = YES;
				CLANG_WARN_DIRECT_OBJC_ISA_USAGE = YES_ERROR;
				CLANG_WARN_DOCUMENTATION_COMMENTS = YES;
				CLANG_WARN_EMPTY_BODY = YES;
				CLANG_WARN_ENUM_CONVERSION = YES;
				CLANG_WARN_INFINITE_RECURSION = YES;
				CLANG_WARN_INT_CONVERSION = YES;
				CLANG_WARN_NON_LITERAL_NULL_CONVERSION = YES;
				CLANG_WARN_OBJC_LITERAL_CONVERSION = YES;
				CLANG_WARN_OBJC_ROOT_CLASS = YES_ERROR;
				CLANG_WARN_RANGE_LOOP_ANALYSIS = YES;
				CLANG_WARN_STRICT_PROTOTYPES = YES;
				CLANG_WARN_SUSPICIOUS_MOVE = YES;
				CLANG_WARN_UNGUARDED_AVAILABILITY = YES_AGGRESSIVE;
				CLANG_WARN_UNREACHABLE_CODE = YES;
				CLANG_WARN__DUPLICATE_METHOD_MATCH = YES;
				CODE_SIGN_IDENTITY = "iPhone Developer";
				COPY_PHASE_STRIP = NO;
				DEBUG_INFORMATION_FORMAT = "dwarf-with-dsym";
				ENABLE_NS_ASSERTIONS = NO;
				ENABLE_STRICT_OBJC_MSGSEND = YES;
				GCC_C_LANGUAGE_STANDARD = gnu11;
				GCC_NO_COMMON_BLOCKS = YES;
				GCC_WARN_64_TO_32_BIT_CONVERSION = YES;
				GCC_WARN_ABOUT_RETURN_TYPE = YES_ERROR;
				GCC_WARN_UNDECLARED_SELECTOR = YES;
				GCC_WARN_UNINITIALIZED_AUTOS = YES_AGGRESSIVE;
				GCC_WARN_UNUSED_FUNCTION = YES;
				GCC_WARN_UNUSED_VARIABLE = YES;
				IPHONEOS_DEPLOYMENT_TARGET = 11.0;
				MTL_ENABLE_DEBUG_INFO = NO;
				SDKROOT = iphoneos;
				SWIFT_OPTIMIZATION_LEVEL = "-Owholemodule";
				VALIDATE_PRODUCT = YES;
			};
			name = Release;
		};
		551281141F408540007FA603 /* Debug */ = {
			isa = XCBuildConfiguration;
			buildSettings = {
				ASSETCATALOG_COMPILER_APPICON_NAME = AppIcon;
				DEVELOPMENT_TEAM = 4JYR7R4Y2M;
				INFOPLIST_FILE = SwiftFogMqttClient/Info.plist;
				LD_RUNPATH_SEARCH_PATHS = "$(inherited) @executable_path/Frameworks";
				PRODUCT_BUNDLE_IDENTIFIER = com.objectcomputing.SwiftFogMqttClient;
				PRODUCT_NAME = "$(TARGET_NAME)";
				SWIFT_VERSION = 4.0;
				TARGETED_DEVICE_FAMILY = "1,2";
			};
			name = Debug;
		};
		551281151F408540007FA603 /* Release */ = {
			isa = XCBuildConfiguration;
			buildSettings = {
				ASSETCATALOG_COMPILER_APPICON_NAME = AppIcon;
				DEVELOPMENT_TEAM = 4JYR7R4Y2M;
				INFOPLIST_FILE = SwiftFogMqttClient/Info.plist;
				LD_RUNPATH_SEARCH_PATHS = "$(inherited) @executable_path/Frameworks";
				PRODUCT_BUNDLE_IDENTIFIER = com.objectcomputing.SwiftFogMqttClient;
				PRODUCT_NAME = "$(TARGET_NAME)";
				SWIFT_VERSION = 4.0;
				TARGETED_DEVICE_FAMILY = "1,2";
			};
			name = Release;
		};
/* End XCBuildConfiguration section */

/* Begin XCConfigurationList section */
		551280FC1F408540007FA603 /* Build configuration list for PBXProject "SwiftFogMqttClient" */ = {
			isa = XCConfigurationList;
			buildConfigurations = (
				551281111F408540007FA603 /* Debug */,
				551281121F408540007FA603 /* Release */,
			);
			defaultConfigurationIsVisible = 0;
			defaultConfigurationName = Release;
		};
		551281131F408540007FA603 /* Build configuration list for PBXNativeTarget "SwiftFogMqttClient" */ = {
			isa = XCConfigurationList;
			buildConfigurations = (
				551281141F408540007FA603 /* Debug */,
				551281151F408540007FA603 /* Release */,
			);
			defaultConfigurationIsVisible = 0;
			defaultConfigurationName = Release;
		};
/* End XCConfigurationList section */
	};
	rootObject = 551280F91F408540007FA603 /* Project object */;
}
