// !$*UTF8*$!
{
	archiveVersion = 1;
	classes = {
	};
	objectVersion = 48;
	objects = {

/* Begin PBXBuildFile section */
		5500657C1FC5F71F00EEC1CE /* MQTTRoutingParams.swift in Sources */ = {isa = PBXBuildFile; fileRef = 5500657B1FC5F71F00EEC1CE /* MQTTRoutingParams.swift */; };
		5501BBE81FC72BFE00E68C9D /* MQTTConnectionManager.swift in Sources */ = {isa = PBXBuildFile; fileRef = 5501BBE71FC72BFE00E68C9D /* MQTTConnectionManager.swift */; };
		5501BBE91FC7318F00E68C9D /* MQTTConnectionManager.swift in Sources */ = {isa = PBXBuildFile; fileRef = 5501BBE71FC72BFE00E68C9D /* MQTTConnectionManager.swift */; };
		5501BBEA1FC7319400E68C9D /* MQTTRouter.swift in Sources */ = {isa = PBXBuildFile; fileRef = 558529871FC5EFE20045AE6E /* MQTTRouter.swift */; };
		5501BBEB1FC731A100E68C9D /* MQTTRoutingParams.swift in Sources */ = {isa = PBXBuildFile; fileRef = 5500657B1FC5F71F00EEC1CE /* MQTTRoutingParams.swift */; };
		55130BB8210224DB001D2E3F /* Optional+RAII.swift in Sources */ = {isa = PBXBuildFile; fileRef = 55130BB7210224DB001D2E3F /* Optional+RAII.swift */; };
		55130BB9210224DB001D2E3F /* Optional+RAII.swift in Sources */ = {isa = PBXBuildFile; fileRef = 55130BB7210224DB001D2E3F /* Optional+RAII.swift */; };
		55130BBA210224DB001D2E3F /* Optional+RAII.swift in Sources */ = {isa = PBXBuildFile; fileRef = 55130BB7210224DB001D2E3F /* Optional+RAII.swift */; };
		55130BCF21035AE4001D2E3F /* MQTTMultiClientAppController.swift in Sources */ = {isa = PBXBuildFile; fileRef = 55130BCE21035AE4001D2E3F /* MQTTMultiClientAppController.swift */; };
		55130BD321035AF4001D2E3F /* MQTTClientAppController.swift in Sources */ = {isa = PBXBuildFile; fileRef = 55130BD221035AF4001D2E3F /* MQTTClientAppController.swift */; };
		55130BD621035BC6001D2E3F /* MQTTClientAppController.swift in Sources */ = {isa = PBXBuildFile; fileRef = 55130BD221035AF4001D2E3F /* MQTTClientAppController.swift */; };
		55130BD721035BCB001D2E3F /* MQTTMultiClientAppController.swift in Sources */ = {isa = PBXBuildFile; fileRef = 55130BCE21035AE4001D2E3F /* MQTTMultiClientAppController.swift */; };
		55130BD821035E33001D2E3F /* MQTTClientAppController.swift in Sources */ = {isa = PBXBuildFile; fileRef = 55130BD221035AF4001D2E3F /* MQTTClientAppController.swift */; };
		55130BD921035E36001D2E3F /* MQTTMultiClientAppController.swift in Sources */ = {isa = PBXBuildFile; fileRef = 55130BCE21035AE4001D2E3F /* MQTTMultiClientAppController.swift */; };
		553146CF21147FBB00089385 /* MQTTTopicPattern.swift in Sources */ = {isa = PBXBuildFile; fileRef = 553146CE21147FBB00089385 /* MQTTTopicPattern.swift */; };
		553146D02114885800089385 /* MQTTTopicPattern.swift in Sources */ = {isa = PBXBuildFile; fileRef = 553146CE21147FBB00089385 /* MQTTTopicPattern.swift */; };
		553146D12114885800089385 /* MQTTTopicPattern.swift in Sources */ = {isa = PBXBuildFile; fileRef = 553146CE21147FBB00089385 /* MQTTTopicPattern.swift */; };
		553146F921153C3900089385 /* MQTTTopicPatternTests.swift in Sources */ = {isa = PBXBuildFile; fileRef = 553146F821153C3900089385 /* MQTTTopicPatternTests.swift */; };
		553146FB21153C3900089385 /* SwiftyFog_iOS.framework in Frameworks */ = {isa = PBXBuildFile; fileRef = 554347471F82D0F600C3C2CB /* SwiftyFog_iOS.framework */; };
		5543474C1F82D0F600C3C2CB /* SwiftyFog.h in Headers */ = {isa = PBXBuildFile; fileRef = 5543474A1F82D0F600C3C2CB /* SwiftyFog.h */; settings = {ATTRIBUTES = (Public, ); }; };
		554347A11F82D13700C3C2CB /* FogBitMap.swift in Sources */ = {isa = PBXBuildFile; fileRef = 554347531F82D13700C3C2CB /* FogBitMap.swift */; };
		554347A21F82D13700C3C2CB /* FogBitmapLayout.swift in Sources */ = {isa = PBXBuildFile; fileRef = 554347541F82D13700C3C2CB /* FogBitmapLayout.swift */; };
		554347A31F82D13700C3C2CB /* FogColorspace.swift in Sources */ = {isa = PBXBuildFile; fileRef = 554347551F82D13700C3C2CB /* FogColorspace.swift */; };
		554347A41F82D13700C3C2CB /* FogPixel.swift in Sources */ = {isa = PBXBuildFile; fileRef = 554347561F82D13700C3C2CB /* FogPixel.swift */; };
		554347A61F82D13700C3C2CB /* UIImage+Fog.swift in Sources */ = {isa = PBXBuildFile; fileRef = 554347581F82D13700C3C2CB /* UIImage+Fog.swift */; };
		554347A81F82D13700C3C2CB /* MQTTBridge.swift in Sources */ = {isa = PBXBuildFile; fileRef = 5543475C1F82D13700C3C2CB /* MQTTBridge.swift */; };
		554347A91F82D13700C3C2CB /* MQTTBroadcaster.swift in Sources */ = {isa = PBXBuildFile; fileRef = 5543475D1F82D13700C3C2CB /* MQTTBroadcaster.swift */; };
		554347AA1F82D13700C3C2CB /* MQTTClient.swift in Sources */ = {isa = PBXBuildFile; fileRef = 5543475E1F82D13700C3C2CB /* MQTTClient.swift */; };
		554347AB1F82D13700C3C2CB /* MQTTControl.swift in Sources */ = {isa = PBXBuildFile; fileRef = 5543475F1F82D13700C3C2CB /* MQTTControl.swift */; };
		554347AC1F82D13700C3C2CB /* MQTTMetrics.swift in Sources */ = {isa = PBXBuildFile; fileRef = 554347601F82D13700C3C2CB /* MQTTMetrics.swift */; };
		554347AD1F82D13700C3C2CB /* MQTTConnection.swift in Sources */ = {isa = PBXBuildFile; fileRef = 554347621F82D13700C3C2CB /* MQTTConnection.swift */; };
		554347AE1F82D13700C3C2CB /* MQTTDistributer.swift in Sources */ = {isa = PBXBuildFile; fileRef = 554347631F82D13700C3C2CB /* MQTTDistributer.swift */; };
		554347AF1F82D13700C3C2CB /* MQTTMessageIdSource.swift in Sources */ = {isa = PBXBuildFile; fileRef = 554347641F82D13700C3C2CB /* MQTTMessageIdSource.swift */; };
		554347B01F82D13700C3C2CB /* MQTTPacketDurability.swift in Sources */ = {isa = PBXBuildFile; fileRef = 554347651F82D13700C3C2CB /* MQTTPacketDurability.swift */; };
		554347B11F82D13700C3C2CB /* MQTTPersistance.swift in Sources */ = {isa = PBXBuildFile; fileRef = 554347661F82D13700C3C2CB /* MQTTPersistance.swift */; };
		554347B21F82D13700C3C2CB /* MQTTPublisher.swift in Sources */ = {isa = PBXBuildFile; fileRef = 554347671F82D13700C3C2CB /* MQTTPublisher.swift */; };
		554347B31F82D13700C3C2CB /* MQTTRetryConnection.swift in Sources */ = {isa = PBXBuildFile; fileRef = 554347681F82D13700C3C2CB /* MQTTRetryConnection.swift */; };
		554347B41F82D13700C3C2CB /* MQTTSubscriber.swift in Sources */ = {isa = PBXBuildFile; fileRef = 554347691F82D13700C3C2CB /* MQTTSubscriber.swift */; };
		554347B51F82D13700C3C2CB /* MQTTTopicScope.swift in Sources */ = {isa = PBXBuildFile; fileRef = 5543476A1F82D13700C3C2CB /* MQTTTopicScope.swift */; };
		554347B61F82D13700C3C2CB /* MQTTPublishAckPacket.swift in Sources */ = {isa = PBXBuildFile; fileRef = 5543476D1F82D13700C3C2CB /* MQTTPublishAckPacket.swift */; };
		554347B71F82D13700C3C2CB /* MQTTPublishCompPacket.swift in Sources */ = {isa = PBXBuildFile; fileRef = 5543476E1F82D13700C3C2CB /* MQTTPublishCompPacket.swift */; };
		554347B81F82D13700C3C2CB /* MQTTPublishPacket.swift in Sources */ = {isa = PBXBuildFile; fileRef = 5543476F1F82D13700C3C2CB /* MQTTPublishPacket.swift */; };
		554347B91F82D13700C3C2CB /* MQTTPublishRecPacket.swift in Sources */ = {isa = PBXBuildFile; fileRef = 554347701F82D13700C3C2CB /* MQTTPublishRecPacket.swift */; };
		554347BA1F82D13700C3C2CB /* MQTTPublishRelPacket.swift in Sources */ = {isa = PBXBuildFile; fileRef = 554347711F82D13700C3C2CB /* MQTTPublishRelPacket.swift */; };
		554347BB1F82D13700C3C2CB /* Data+MQTT.swift in Sources */ = {isa = PBXBuildFile; fileRef = 554347721F82D13700C3C2CB /* Data+MQTT.swift */; };
		554347BC1F82D13700C3C2CB /* MQTTPackedLength.swift in Sources */ = {isa = PBXBuildFile; fileRef = 554347731F82D13700C3C2CB /* MQTTPackedLength.swift */; };
		554347BD1F82D13700C3C2CB /* MQTTPacket.swift in Sources */ = {isa = PBXBuildFile; fileRef = 554347741F82D13700C3C2CB /* MQTTPacket.swift */; };
		554347BE1F82D13700C3C2CB /* MQTTPacketFactory.swift in Sources */ = {isa = PBXBuildFile; fileRef = 554347751F82D13700C3C2CB /* MQTTPacketFactory.swift */; };
		554347BF1F82D13700C3C2CB /* MQTTConnectPacket.swift in Sources */ = {isa = PBXBuildFile; fileRef = 554347771F82D13700C3C2CB /* MQTTConnectPacket.swift */; };
		554347C01F82D13700C3C2CB /* MQTTDisconnectPacket.swift in Sources */ = {isa = PBXBuildFile; fileRef = 554347781F82D13700C3C2CB /* MQTTDisconnectPacket.swift */; };
		554347C11F82D13700C3C2CB /* MQTTPingPacket.swift in Sources */ = {isa = PBXBuildFile; fileRef = 554347791F82D13700C3C2CB /* MQTTPingPacket.swift */; };
		554347C21F82D13700C3C2CB /* MQTTSubPacket.swift in Sources */ = {isa = PBXBuildFile; fileRef = 5543477A1F82D13700C3C2CB /* MQTTSubPacket.swift */; };
		554347C31F82D13700C3C2CB /* MQTTUnsubPacket.swift in Sources */ = {isa = PBXBuildFile; fileRef = 5543477B1F82D13700C3C2CB /* MQTTUnsubPacket.swift */; };
		554347C41F82D13700C3C2CB /* MQTTConnAckPacket.swift in Sources */ = {isa = PBXBuildFile; fileRef = 5543477D1F82D13700C3C2CB /* MQTTConnAckPacket.swift */; };
		554347C51F82D13700C3C2CB /* MQTTPingAckPacket.swift in Sources */ = {isa = PBXBuildFile; fileRef = 5543477E1F82D13700C3C2CB /* MQTTPingAckPacket.swift */; };
		554347C61F82D13700C3C2CB /* MQTTSubAckPacket.swift in Sources */ = {isa = PBXBuildFile; fileRef = 5543477F1F82D13700C3C2CB /* MQTTSubAckPacket.swift */; };
		554347C71F82D13700C3C2CB /* MQTTUnsubAckPacket.swift in Sources */ = {isa = PBXBuildFile; fileRef = 554347801F82D13700C3C2CB /* MQTTUnsubAckPacket.swift */; };
		554347C81F82D13700C3C2CB /* MQTTConnAckResponse.swift in Sources */ = {isa = PBXBuildFile; fileRef = 554347821F82D13700C3C2CB /* MQTTConnAckResponse.swift */; };
		554347C91F82D13700C3C2CB /* MQTTMessage.swift in Sources */ = {isa = PBXBuildFile; fileRef = 554347831F82D13700C3C2CB /* MQTTMessage.swift */; };
		554347CA1F82D13700C3C2CB /* MQTTPacketFixedHeader.swift in Sources */ = {isa = PBXBuildFile; fileRef = 554347841F82D13700C3C2CB /* MQTTPacketFixedHeader.swift */; };
		554347CB1F82D13700C3C2CB /* MQTTPacketType.swift in Sources */ = {isa = PBXBuildFile; fileRef = 554347851F82D13700C3C2CB /* MQTTPacketType.swift */; };
		554347CC1F82D13700C3C2CB /* MQTTPayload.swift in Sources */ = {isa = PBXBuildFile; fileRef = 554347861F82D13700C3C2CB /* MQTTPayload.swift */; };
		554347CD1F82D13700C3C2CB /* MQTTQoS.swift in Sources */ = {isa = PBXBuildFile; fileRef = 554347871F82D13700C3C2CB /* MQTTQoS.swift */; };
		554347CE1F82D13700C3C2CB /* MQTTAuthentication.swift in Sources */ = {isa = PBXBuildFile; fileRef = 554347891F82D13700C3C2CB /* MQTTAuthentication.swift */; };
		554347CF1F82D13700C3C2CB /* MQTTClientParams.swift in Sources */ = {isa = PBXBuildFile; fileRef = 5543478A1F82D13700C3C2CB /* MQTTClientParams.swift */; };
		554347D01F82D13700C3C2CB /* MQTTConnectedState.swift in Sources */ = {isa = PBXBuildFile; fileRef = 5543478B1F82D13700C3C2CB /* MQTTConnectedState.swift */; };
		554347D11F82D13700C3C2CB /* MQTTConnectionDisconnect.swift in Sources */ = {isa = PBXBuildFile; fileRef = 5543478C1F82D13700C3C2CB /* MQTTConnectionDisconnect.swift */; };
		554347D21F82D13700C3C2CB /* MQTTHostParams.swift in Sources */ = {isa = PBXBuildFile; fileRef = 5543478D1F82D13700C3C2CB /* MQTTHostParams.swift */; };
		554347D31F82D13700C3C2CB /* MQTTPingStatus.swift in Sources */ = {isa = PBXBuildFile; fileRef = 5543478E1F82D13700C3C2CB /* MQTTPingStatus.swift */; };
		554347D41F82D13700C3C2CB /* MQTTReconnectParams.swift in Sources */ = {isa = PBXBuildFile; fileRef = 5543478F1F82D13700C3C2CB /* MQTTReconnectParams.swift */; };
		554347D51F82D13700C3C2CB /* FogSocketStream.swift in Sources */ = {isa = PBXBuildFile; fileRef = 554347911F82D13700C3C2CB /* FogSocketStream.swift */; };
		554347D61F82D13700C3C2CB /* FogStreamReadable.swift in Sources */ = {isa = PBXBuildFile; fileRef = 554347921F82D13700C3C2CB /* FogStreamReadable.swift */; };
		554347D71F82D13700C3C2CB /* FogStreamWritable.swift in Sources */ = {isa = PBXBuildFile; fileRef = 554347931F82D13700C3C2CB /* FogStreamWritable.swift */; };
		554347D91F82D13700C3C2CB /* FogFeedbackValue.swift in Sources */ = {isa = PBXBuildFile; fileRef = 554347961F82D13700C3C2CB /* FogFeedbackValue.swift */; };
		554347DA1F82D13700C3C2CB /* FogRational.swift in Sources */ = {isa = PBXBuildFile; fileRef = 554347971F82D13700C3C2CB /* FogRational.swift */; };
		554347DB1F82D13700C3C2CB /* Extensions.swift in Sources */ = {isa = PBXBuildFile; fileRef = 554347981F82D13700C3C2CB /* Extensions.swift */; };
		554347DC1F82D13700C3C2CB /* Data+Fog.swift in Sources */ = {isa = PBXBuildFile; fileRef = 5543479A1F82D13700C3C2CB /* Data+Fog.swift */; };
		554347DD1F82D13700C3C2CB /* FogExternalizable.swift in Sources */ = {isa = PBXBuildFile; fileRef = 5543479B1F82D13700C3C2CB /* FogExternalizable.swift */; };
		554347DE1F82D13700C3C2CB /* fogSize.swift in Sources */ = {isa = PBXBuildFile; fileRef = 5543479C1F82D13700C3C2CB /* fogSize.swift */; };
		554347DF1F82D13700C3C2CB /* ReadWriteMutex.swift in Sources */ = {isa = PBXBuildFile; fileRef = 5543479E1F82D13700C3C2CB /* ReadWriteMutex.swift */; };
		554347E01F82D13700C3C2CB /* RunLoopPool.swift in Sources */ = {isa = PBXBuildFile; fileRef = 5543479F1F82D13700C3C2CB /* RunLoopPool.swift */; };
		554347EB1F82D1B600C3C2CB /* SwiftyFog_mac.h in Headers */ = {isa = PBXBuildFile; fileRef = 554347E91F82D1B600C3C2CB /* SwiftyFog_mac.h */; settings = {ATTRIBUTES = (Public, ); }; };
		554347EF1F82D1CB00C3C2CB /* FogFeedbackValue.swift in Sources */ = {isa = PBXBuildFile; fileRef = 554347961F82D13700C3C2CB /* FogFeedbackValue.swift */; };
		554347F01F82D1CB00C3C2CB /* FogRational.swift in Sources */ = {isa = PBXBuildFile; fileRef = 554347971F82D13700C3C2CB /* FogRational.swift */; };
		554347F11F82D1CB00C3C2CB /* Extensions.swift in Sources */ = {isa = PBXBuildFile; fileRef = 554347981F82D13700C3C2CB /* Extensions.swift */; };
		554347F21F82D1D000C3C2CB /* ReadWriteMutex.swift in Sources */ = {isa = PBXBuildFile; fileRef = 5543479E1F82D13700C3C2CB /* ReadWriteMutex.swift */; };
		554347F31F82D1D000C3C2CB /* RunLoopPool.swift in Sources */ = {isa = PBXBuildFile; fileRef = 5543479F1F82D13700C3C2CB /* RunLoopPool.swift */; };
		554347F51F82D1D400C3C2CB /* FogSocketStream.swift in Sources */ = {isa = PBXBuildFile; fileRef = 554347911F82D13700C3C2CB /* FogSocketStream.swift */; };
		554347F61F82D1D400C3C2CB /* FogStreamReadable.swift in Sources */ = {isa = PBXBuildFile; fileRef = 554347921F82D13700C3C2CB /* FogStreamReadable.swift */; };
		554347F71F82D1D400C3C2CB /* FogStreamWritable.swift in Sources */ = {isa = PBXBuildFile; fileRef = 554347931F82D13700C3C2CB /* FogStreamWritable.swift */; };
		554347F91F82D1DA00C3C2CB /* MQTTAuthentication.swift in Sources */ = {isa = PBXBuildFile; fileRef = 554347891F82D13700C3C2CB /* MQTTAuthentication.swift */; };
		554347FA1F82D1DA00C3C2CB /* MQTTClientParams.swift in Sources */ = {isa = PBXBuildFile; fileRef = 5543478A1F82D13700C3C2CB /* MQTTClientParams.swift */; };
		554347FB1F82D1DA00C3C2CB /* MQTTConnectedState.swift in Sources */ = {isa = PBXBuildFile; fileRef = 5543478B1F82D13700C3C2CB /* MQTTConnectedState.swift */; };
		554347FC1F82D1DA00C3C2CB /* MQTTConnectionDisconnect.swift in Sources */ = {isa = PBXBuildFile; fileRef = 5543478C1F82D13700C3C2CB /* MQTTConnectionDisconnect.swift */; };
		554347FD1F82D1DA00C3C2CB /* MQTTHostParams.swift in Sources */ = {isa = PBXBuildFile; fileRef = 5543478D1F82D13700C3C2CB /* MQTTHostParams.swift */; };
		554347FE1F82D1DA00C3C2CB /* MQTTPingStatus.swift in Sources */ = {isa = PBXBuildFile; fileRef = 5543478E1F82D13700C3C2CB /* MQTTPingStatus.swift */; };
		554347FF1F82D1DA00C3C2CB /* MQTTReconnectParams.swift in Sources */ = {isa = PBXBuildFile; fileRef = 5543478F1F82D13700C3C2CB /* MQTTReconnectParams.swift */; };
		554348001F82D1E100C3C2CB /* MQTTConnAckResponse.swift in Sources */ = {isa = PBXBuildFile; fileRef = 554347821F82D13700C3C2CB /* MQTTConnAckResponse.swift */; };
		554348011F82D1E100C3C2CB /* MQTTMessage.swift in Sources */ = {isa = PBXBuildFile; fileRef = 554347831F82D13700C3C2CB /* MQTTMessage.swift */; };
		554348021F82D1E100C3C2CB /* MQTTPacketFixedHeader.swift in Sources */ = {isa = PBXBuildFile; fileRef = 554347841F82D13700C3C2CB /* MQTTPacketFixedHeader.swift */; };
		554348031F82D1E100C3C2CB /* MQTTPacketType.swift in Sources */ = {isa = PBXBuildFile; fileRef = 554347851F82D13700C3C2CB /* MQTTPacketType.swift */; };
		554348041F82D1E100C3C2CB /* MQTTPayload.swift in Sources */ = {isa = PBXBuildFile; fileRef = 554347861F82D13700C3C2CB /* MQTTPayload.swift */; };
		554348051F82D1E100C3C2CB /* MQTTQoS.swift in Sources */ = {isa = PBXBuildFile; fileRef = 554347871F82D13700C3C2CB /* MQTTQoS.swift */; };
		554348061F82D1E500C3C2CB /* MQTTConnAckPacket.swift in Sources */ = {isa = PBXBuildFile; fileRef = 5543477D1F82D13700C3C2CB /* MQTTConnAckPacket.swift */; };
		554348071F82D1E500C3C2CB /* MQTTPingAckPacket.swift in Sources */ = {isa = PBXBuildFile; fileRef = 5543477E1F82D13700C3C2CB /* MQTTPingAckPacket.swift */; };
		554348081F82D1E500C3C2CB /* MQTTSubAckPacket.swift in Sources */ = {isa = PBXBuildFile; fileRef = 5543477F1F82D13700C3C2CB /* MQTTSubAckPacket.swift */; };
		554348091F82D1E500C3C2CB /* MQTTUnsubAckPacket.swift in Sources */ = {isa = PBXBuildFile; fileRef = 554347801F82D13700C3C2CB /* MQTTUnsubAckPacket.swift */; };
		5543480A1F82D1E900C3C2CB /* MQTTConnectPacket.swift in Sources */ = {isa = PBXBuildFile; fileRef = 554347771F82D13700C3C2CB /* MQTTConnectPacket.swift */; };
		5543480B1F82D1E900C3C2CB /* MQTTDisconnectPacket.swift in Sources */ = {isa = PBXBuildFile; fileRef = 554347781F82D13700C3C2CB /* MQTTDisconnectPacket.swift */; };
		5543480C1F82D1E900C3C2CB /* MQTTPingPacket.swift in Sources */ = {isa = PBXBuildFile; fileRef = 554347791F82D13700C3C2CB /* MQTTPingPacket.swift */; };
		5543480D1F82D1E900C3C2CB /* MQTTSubPacket.swift in Sources */ = {isa = PBXBuildFile; fileRef = 5543477A1F82D13700C3C2CB /* MQTTSubPacket.swift */; };
		5543480E1F82D1E900C3C2CB /* MQTTUnsubPacket.swift in Sources */ = {isa = PBXBuildFile; fileRef = 5543477B1F82D13700C3C2CB /* MQTTUnsubPacket.swift */; };
		5543480F1F82D1EC00C3C2CB /* Data+MQTT.swift in Sources */ = {isa = PBXBuildFile; fileRef = 554347721F82D13700C3C2CB /* Data+MQTT.swift */; };
		554348101F82D1EC00C3C2CB /* MQTTPackedLength.swift in Sources */ = {isa = PBXBuildFile; fileRef = 554347731F82D13700C3C2CB /* MQTTPackedLength.swift */; };
		554348111F82D1EC00C3C2CB /* MQTTPacket.swift in Sources */ = {isa = PBXBuildFile; fileRef = 554347741F82D13700C3C2CB /* MQTTPacket.swift */; };
		554348121F82D1EC00C3C2CB /* MQTTPacketFactory.swift in Sources */ = {isa = PBXBuildFile; fileRef = 554347751F82D13700C3C2CB /* MQTTPacketFactory.swift */; };
		554348131F82D1F100C3C2CB /* MQTTPublishAckPacket.swift in Sources */ = {isa = PBXBuildFile; fileRef = 5543476D1F82D13700C3C2CB /* MQTTPublishAckPacket.swift */; };
		554348141F82D1F100C3C2CB /* MQTTPublishCompPacket.swift in Sources */ = {isa = PBXBuildFile; fileRef = 5543476E1F82D13700C3C2CB /* MQTTPublishCompPacket.swift */; };
		554348151F82D1F100C3C2CB /* MQTTPublishPacket.swift in Sources */ = {isa = PBXBuildFile; fileRef = 5543476F1F82D13700C3C2CB /* MQTTPublishPacket.swift */; };
		554348161F82D1F100C3C2CB /* MQTTPublishRecPacket.swift in Sources */ = {isa = PBXBuildFile; fileRef = 554347701F82D13700C3C2CB /* MQTTPublishRecPacket.swift */; };
		554348171F82D1F100C3C2CB /* MQTTPublishRelPacket.swift in Sources */ = {isa = PBXBuildFile; fileRef = 554347711F82D13700C3C2CB /* MQTTPublishRelPacket.swift */; };
		554348181F82D1F700C3C2CB /* MQTTConnection.swift in Sources */ = {isa = PBXBuildFile; fileRef = 554347621F82D13700C3C2CB /* MQTTConnection.swift */; };
		554348191F82D1F700C3C2CB /* MQTTDistributer.swift in Sources */ = {isa = PBXBuildFile; fileRef = 554347631F82D13700C3C2CB /* MQTTDistributer.swift */; };
		5543481A1F82D1F700C3C2CB /* MQTTMessageIdSource.swift in Sources */ = {isa = PBXBuildFile; fileRef = 554347641F82D13700C3C2CB /* MQTTMessageIdSource.swift */; };
		5543481B1F82D1F700C3C2CB /* MQTTPacketDurability.swift in Sources */ = {isa = PBXBuildFile; fileRef = 554347651F82D13700C3C2CB /* MQTTPacketDurability.swift */; };
		5543481C1F82D1F700C3C2CB /* MQTTPersistance.swift in Sources */ = {isa = PBXBuildFile; fileRef = 554347661F82D13700C3C2CB /* MQTTPersistance.swift */; };
		5543481D1F82D1F700C3C2CB /* MQTTPublisher.swift in Sources */ = {isa = PBXBuildFile; fileRef = 554347671F82D13700C3C2CB /* MQTTPublisher.swift */; };
		5543481E1F82D1F700C3C2CB /* MQTTRetryConnection.swift in Sources */ = {isa = PBXBuildFile; fileRef = 554347681F82D13700C3C2CB /* MQTTRetryConnection.swift */; };
		5543481F1F82D1F700C3C2CB /* MQTTSubscriber.swift in Sources */ = {isa = PBXBuildFile; fileRef = 554347691F82D13700C3C2CB /* MQTTSubscriber.swift */; };
		554348201F82D1F700C3C2CB /* MQTTTopicScope.swift in Sources */ = {isa = PBXBuildFile; fileRef = 5543476A1F82D13700C3C2CB /* MQTTTopicScope.swift */; };
		554348211F82D1FB00C3C2CB /* MQTTBridge.swift in Sources */ = {isa = PBXBuildFile; fileRef = 5543475C1F82D13700C3C2CB /* MQTTBridge.swift */; };
		554348221F82D1FB00C3C2CB /* MQTTBroadcaster.swift in Sources */ = {isa = PBXBuildFile; fileRef = 5543475D1F82D13700C3C2CB /* MQTTBroadcaster.swift */; };
		554348231F82D1FB00C3C2CB /* MQTTClient.swift in Sources */ = {isa = PBXBuildFile; fileRef = 5543475E1F82D13700C3C2CB /* MQTTClient.swift */; };
		554348241F82D1FB00C3C2CB /* MQTTControl.swift in Sources */ = {isa = PBXBuildFile; fileRef = 5543475F1F82D13700C3C2CB /* MQTTControl.swift */; };
		554348251F82D1FB00C3C2CB /* MQTTMetrics.swift in Sources */ = {isa = PBXBuildFile; fileRef = 554347601F82D13700C3C2CB /* MQTTMetrics.swift */; };
		554348271F82D20B00C3C2CB /* FogColorspace.swift in Sources */ = {isa = PBXBuildFile; fileRef = 554347551F82D13700C3C2CB /* FogColorspace.swift */; };
		554348291F82D21000C3C2CB /* Data+Fog.swift in Sources */ = {isa = PBXBuildFile; fileRef = 5543479A1F82D13700C3C2CB /* Data+Fog.swift */; };
		5543482A1F82D21000C3C2CB /* FogExternalizable.swift in Sources */ = {isa = PBXBuildFile; fileRef = 5543479B1F82D13700C3C2CB /* FogExternalizable.swift */; };
		5543482B1F82D21000C3C2CB /* fogSize.swift in Sources */ = {isa = PBXBuildFile; fileRef = 5543479C1F82D13700C3C2CB /* fogSize.swift */; };
		5578602B20F3AA5E00FC182D /* SwiftFog_watch.h in Headers */ = {isa = PBXBuildFile; fileRef = 5578602920F3AA5E00FC182D /* SwiftFog_watch.h */; settings = {ATTRIBUTES = (Public, ); }; };
		5578602F20F3AA8100FC182D /* MQTTConnection.swift in Sources */ = {isa = PBXBuildFile; fileRef = 554347621F82D13700C3C2CB /* MQTTConnection.swift */; };
		5578603020F3AA8100FC182D /* MQTTDistributer.swift in Sources */ = {isa = PBXBuildFile; fileRef = 554347631F82D13700C3C2CB /* MQTTDistributer.swift */; };
		5578603120F3AA8100FC182D /* MQTTMessageIdSource.swift in Sources */ = {isa = PBXBuildFile; fileRef = 554347641F82D13700C3C2CB /* MQTTMessageIdSource.swift */; };
		5578603220F3AA8100FC182D /* MQTTPacketDurability.swift in Sources */ = {isa = PBXBuildFile; fileRef = 554347651F82D13700C3C2CB /* MQTTPacketDurability.swift */; };
		5578603320F3AA8100FC182D /* MQTTPersistance.swift in Sources */ = {isa = PBXBuildFile; fileRef = 554347661F82D13700C3C2CB /* MQTTPersistance.swift */; };
		5578603420F3AA8100FC182D /* MQTTPublisher.swift in Sources */ = {isa = PBXBuildFile; fileRef = 554347671F82D13700C3C2CB /* MQTTPublisher.swift */; };
		5578603520F3AA8100FC182D /* MQTTRetryConnection.swift in Sources */ = {isa = PBXBuildFile; fileRef = 554347681F82D13700C3C2CB /* MQTTRetryConnection.swift */; };
		5578603620F3AA8100FC182D /* MQTTSubscriber.swift in Sources */ = {isa = PBXBuildFile; fileRef = 554347691F82D13700C3C2CB /* MQTTSubscriber.swift */; };
		5578603720F3AA8100FC182D /* MQTTTopicScope.swift in Sources */ = {isa = PBXBuildFile; fileRef = 5543476A1F82D13700C3C2CB /* MQTTTopicScope.swift */; };
		5578603820F3AA8100FC182D /* MQTTRouter.swift in Sources */ = {isa = PBXBuildFile; fileRef = 558529871FC5EFE20045AE6E /* MQTTRouter.swift */; };
		5578603920F3AA8100FC182D /* MQTTConnectionManager.swift in Sources */ = {isa = PBXBuildFile; fileRef = 5501BBE71FC72BFE00E68C9D /* MQTTConnectionManager.swift */; };
		5578603A20F3AA8A00FC182D /* MQTTPublishAckPacket.swift in Sources */ = {isa = PBXBuildFile; fileRef = 5543476D1F82D13700C3C2CB /* MQTTPublishAckPacket.swift */; };
		5578603B20F3AA8A00FC182D /* MQTTPublishCompPacket.swift in Sources */ = {isa = PBXBuildFile; fileRef = 5543476E1F82D13700C3C2CB /* MQTTPublishCompPacket.swift */; };
		5578603C20F3AA8A00FC182D /* MQTTPublishPacket.swift in Sources */ = {isa = PBXBuildFile; fileRef = 5543476F1F82D13700C3C2CB /* MQTTPublishPacket.swift */; };
		5578603D20F3AA8A00FC182D /* MQTTPublishRecPacket.swift in Sources */ = {isa = PBXBuildFile; fileRef = 554347701F82D13700C3C2CB /* MQTTPublishRecPacket.swift */; };
		5578603E20F3AA8A00FC182D /* MQTTPublishRelPacket.swift in Sources */ = {isa = PBXBuildFile; fileRef = 554347711F82D13700C3C2CB /* MQTTPublishRelPacket.swift */; };
		5578603F20F3AA8F00FC182D /* Data+MQTT.swift in Sources */ = {isa = PBXBuildFile; fileRef = 554347721F82D13700C3C2CB /* Data+MQTT.swift */; };
		5578604020F3AA8F00FC182D /* MQTTPackedLength.swift in Sources */ = {isa = PBXBuildFile; fileRef = 554347731F82D13700C3C2CB /* MQTTPackedLength.swift */; };
		5578604120F3AA8F00FC182D /* MQTTPacket.swift in Sources */ = {isa = PBXBuildFile; fileRef = 554347741F82D13700C3C2CB /* MQTTPacket.swift */; };
		5578604220F3AA8F00FC182D /* MQTTPacketFactory.swift in Sources */ = {isa = PBXBuildFile; fileRef = 554347751F82D13700C3C2CB /* MQTTPacketFactory.swift */; };
		5578604320F3AA9600FC182D /* MQTTBridge.swift in Sources */ = {isa = PBXBuildFile; fileRef = 5543475C1F82D13700C3C2CB /* MQTTBridge.swift */; };
		5578604420F3AA9600FC182D /* MQTTBroadcaster.swift in Sources */ = {isa = PBXBuildFile; fileRef = 5543475D1F82D13700C3C2CB /* MQTTBroadcaster.swift */; };
		5578604520F3AA9600FC182D /* MQTTClient.swift in Sources */ = {isa = PBXBuildFile; fileRef = 5543475E1F82D13700C3C2CB /* MQTTClient.swift */; };
		5578604620F3AA9600FC182D /* MQTTControl.swift in Sources */ = {isa = PBXBuildFile; fileRef = 5543475F1F82D13700C3C2CB /* MQTTControl.swift */; };
		5578604720F3AA9600FC182D /* MQTTMetrics.swift in Sources */ = {isa = PBXBuildFile; fileRef = 554347601F82D13700C3C2CB /* MQTTMetrics.swift */; };
		5578604820F3AA9B00FC182D /* Data+Fog.swift in Sources */ = {isa = PBXBuildFile; fileRef = 5543479A1F82D13700C3C2CB /* Data+Fog.swift */; };
		5578604920F3AA9B00FC182D /* FogExternalizable.swift in Sources */ = {isa = PBXBuildFile; fileRef = 5543479B1F82D13700C3C2CB /* FogExternalizable.swift */; };
		5578604A20F3AA9B00FC182D /* fogSize.swift in Sources */ = {isa = PBXBuildFile; fileRef = 5543479C1F82D13700C3C2CB /* fogSize.swift */; };
		5578604B20F3AAA100FC182D /* FogBitMap.swift in Sources */ = {isa = PBXBuildFile; fileRef = 554347531F82D13700C3C2CB /* FogBitMap.swift */; };
		5578604C20F3AAA100FC182D /* FogBitmapLayout.swift in Sources */ = {isa = PBXBuildFile; fileRef = 554347541F82D13700C3C2CB /* FogBitmapLayout.swift */; };
		5578604D20F3AAA100FC182D /* FogColorspace.swift in Sources */ = {isa = PBXBuildFile; fileRef = 554347551F82D13700C3C2CB /* FogColorspace.swift */; };
		5578604E20F3AAA100FC182D /* FogPixel.swift in Sources */ = {isa = PBXBuildFile; fileRef = 554347561F82D13700C3C2CB /* FogPixel.swift */; };
		5578605020F3AAA100FC182D /* UIImage+Fog.swift in Sources */ = {isa = PBXBuildFile; fileRef = 554347581F82D13700C3C2CB /* UIImage+Fog.swift */; };
		5578605220F3AAAF00FC182D /* MQTTConnectPacket.swift in Sources */ = {isa = PBXBuildFile; fileRef = 554347771F82D13700C3C2CB /* MQTTConnectPacket.swift */; };
		5578605320F3AAAF00FC182D /* MQTTDisconnectPacket.swift in Sources */ = {isa = PBXBuildFile; fileRef = 554347781F82D13700C3C2CB /* MQTTDisconnectPacket.swift */; };
		5578605420F3AAAF00FC182D /* MQTTPingPacket.swift in Sources */ = {isa = PBXBuildFile; fileRef = 554347791F82D13700C3C2CB /* MQTTPingPacket.swift */; };
		5578605520F3AAAF00FC182D /* MQTTSubPacket.swift in Sources */ = {isa = PBXBuildFile; fileRef = 5543477A1F82D13700C3C2CB /* MQTTSubPacket.swift */; };
		5578605620F3AAAF00FC182D /* MQTTUnsubPacket.swift in Sources */ = {isa = PBXBuildFile; fileRef = 5543477B1F82D13700C3C2CB /* MQTTUnsubPacket.swift */; };
		5578605720F3AAB500FC182D /* MQTTConnAckPacket.swift in Sources */ = {isa = PBXBuildFile; fileRef = 5543477D1F82D13700C3C2CB /* MQTTConnAckPacket.swift */; };
		5578605820F3AAB500FC182D /* MQTTPingAckPacket.swift in Sources */ = {isa = PBXBuildFile; fileRef = 5543477E1F82D13700C3C2CB /* MQTTPingAckPacket.swift */; };
		5578605920F3AAB500FC182D /* MQTTSubAckPacket.swift in Sources */ = {isa = PBXBuildFile; fileRef = 5543477F1F82D13700C3C2CB /* MQTTSubAckPacket.swift */; };
		5578605A20F3AAB500FC182D /* MQTTUnsubAckPacket.swift in Sources */ = {isa = PBXBuildFile; fileRef = 554347801F82D13700C3C2CB /* MQTTUnsubAckPacket.swift */; };
		5578605B20F3AABC00FC182D /* MQTTConnAckResponse.swift in Sources */ = {isa = PBXBuildFile; fileRef = 554347821F82D13700C3C2CB /* MQTTConnAckResponse.swift */; };
		5578605C20F3AABC00FC182D /* MQTTMessage.swift in Sources */ = {isa = PBXBuildFile; fileRef = 554347831F82D13700C3C2CB /* MQTTMessage.swift */; };
		5578605D20F3AABC00FC182D /* MQTTPacketFixedHeader.swift in Sources */ = {isa = PBXBuildFile; fileRef = 554347841F82D13700C3C2CB /* MQTTPacketFixedHeader.swift */; };
		5578605E20F3AABC00FC182D /* MQTTPacketType.swift in Sources */ = {isa = PBXBuildFile; fileRef = 554347851F82D13700C3C2CB /* MQTTPacketType.swift */; };
		5578605F20F3AABC00FC182D /* MQTTPayload.swift in Sources */ = {isa = PBXBuildFile; fileRef = 554347861F82D13700C3C2CB /* MQTTPayload.swift */; };
		5578606020F3AABC00FC182D /* MQTTQoS.swift in Sources */ = {isa = PBXBuildFile; fileRef = 554347871F82D13700C3C2CB /* MQTTQoS.swift */; };
		5578606120F3AAC000FC182D /* MQTTAuthentication.swift in Sources */ = {isa = PBXBuildFile; fileRef = 554347891F82D13700C3C2CB /* MQTTAuthentication.swift */; };
		5578606220F3AAC000FC182D /* MQTTClientParams.swift in Sources */ = {isa = PBXBuildFile; fileRef = 5543478A1F82D13700C3C2CB /* MQTTClientParams.swift */; };
		5578606320F3AAC000FC182D /* MQTTConnectedState.swift in Sources */ = {isa = PBXBuildFile; fileRef = 5543478B1F82D13700C3C2CB /* MQTTConnectedState.swift */; };
		5578606420F3AAC000FC182D /* MQTTConnectionDisconnect.swift in Sources */ = {isa = PBXBuildFile; fileRef = 5543478C1F82D13700C3C2CB /* MQTTConnectionDisconnect.swift */; };
		5578606520F3AAC000FC182D /* MQTTHostParams.swift in Sources */ = {isa = PBXBuildFile; fileRef = 5543478D1F82D13700C3C2CB /* MQTTHostParams.swift */; };
		5578606620F3AAC000FC182D /* MQTTPingStatus.swift in Sources */ = {isa = PBXBuildFile; fileRef = 5543478E1F82D13700C3C2CB /* MQTTPingStatus.swift */; };
		5578606720F3AAC000FC182D /* MQTTReconnectParams.swift in Sources */ = {isa = PBXBuildFile; fileRef = 5543478F1F82D13700C3C2CB /* MQTTReconnectParams.swift */; };
		5578606820F3AAC000FC182D /* MQTTRoutingParams.swift in Sources */ = {isa = PBXBuildFile; fileRef = 5500657B1FC5F71F00EEC1CE /* MQTTRoutingParams.swift */; };
		5578606920F3AAC400FC182D /* FogSocketStream.swift in Sources */ = {isa = PBXBuildFile; fileRef = 554347911F82D13700C3C2CB /* FogSocketStream.swift */; };
		5578606A20F3AAC400FC182D /* FogStreamReadable.swift in Sources */ = {isa = PBXBuildFile; fileRef = 554347921F82D13700C3C2CB /* FogStreamReadable.swift */; };
		5578606B20F3AAC400FC182D /* FogStreamWritable.swift in Sources */ = {isa = PBXBuildFile; fileRef = 554347931F82D13700C3C2CB /* FogStreamWritable.swift */; };
		5578606E20F3AADB00FC182D /* ReadWriteMutex.swift in Sources */ = {isa = PBXBuildFile; fileRef = 5543479E1F82D13700C3C2CB /* ReadWriteMutex.swift */; };
		5578606F20F3AADB00FC182D /* RunLoopPool.swift in Sources */ = {isa = PBXBuildFile; fileRef = 5543479F1F82D13700C3C2CB /* RunLoopPool.swift */; };
		5578607220F3AC0200FC182D /* Extensions.swift in Sources */ = {isa = PBXBuildFile; fileRef = 554347981F82D13700C3C2CB /* Extensions.swift */; };
		5578609020F406AA00FC182D /* FogFeedbackValue.swift in Sources */ = {isa = PBXBuildFile; fileRef = 554347961F82D13700C3C2CB /* FogFeedbackValue.swift */; };
		5578609120F406AE00FC182D /* FogRational.swift in Sources */ = {isa = PBXBuildFile; fileRef = 554347971F82D13700C3C2CB /* FogRational.swift */; };
		558529881FC5EFE20045AE6E /* MQTTRouter.swift in Sources */ = {isa = PBXBuildFile; fileRef = 558529871FC5EFE20045AE6E /* MQTTRouter.swift */; };
		558D656220F50E0500CFD226 /* FogNetworkReachabilityStatus.swift in Sources */ = {isa = PBXBuildFile; fileRef = 55DD5DC420F50AC8001B93E0 /* FogNetworkReachabilityStatus.swift */; };
		558D656320F50E0600CFD226 /* FogNetworkReachabilityStatus.swift in Sources */ = {isa = PBXBuildFile; fileRef = 55DD5DC420F50AC8001B93E0 /* FogNetworkReachabilityStatus.swift */; };
		558D656420F50E0700CFD226 /* FogNetworkReachabilityStatus.swift in Sources */ = {isa = PBXBuildFile; fileRef = 55DD5DC420F50AC8001B93E0 /* FogNetworkReachabilityStatus.swift */; };
		558D656520F50E0E00CFD226 /* FogNetworkReachability.swift in Sources */ = {isa = PBXBuildFile; fileRef = 554347941F82D13700C3C2CB /* FogNetworkReachability.swift */; };
		558D656620F50E0F00CFD226 /* FogNetworkReachability.swift in Sources */ = {isa = PBXBuildFile; fileRef = 554347941F82D13700C3C2CB /* FogNetworkReachability.swift */; };
		558D656720F50E1200CFD226 /* FogNetworkReachabilityStub.swift in Sources */ = {isa = PBXBuildFile; fileRef = 55A2AEFC1FCC641500676E1C /* FogNetworkReachabilityStub.swift */; };
		55D7C5571F82E6BC0045258D /* FogBitmapLayout.swift in Sources */ = {isa = PBXBuildFile; fileRef = 554347541F82D13700C3C2CB /* FogBitmapLayout.swift */; };
		55D7C5581F82E6D30045258D /* FogPixel.swift in Sources */ = {isa = PBXBuildFile; fileRef = 554347561F82D13700C3C2CB /* FogPixel.swift */; };
		55D7C5591F82E6F30045258D /* FogBitMap.swift in Sources */ = {isa = PBXBuildFile; fileRef = 554347531F82D13700C3C2CB /* FogBitMap.swift */; };
/* End PBXBuildFile section */

/* Begin PBXContainerItemProxy section */
		553146FC21153C3900089385 /* PBXContainerItemProxy */ = {
			isa = PBXContainerItemProxy;
			containerPortal = 5543473E1F82D0F600C3C2CB /* Project object */;
			proxyType = 1;
			remoteGlobalIDString = 554347461F82D0F600C3C2CB;
			remoteInfo = SwiftyFog_iOS;
		};
/* End PBXContainerItemProxy section */

/* Begin PBXFileReference section */
		5500657B1FC5F71F00EEC1CE /* MQTTRoutingParams.swift */ = {isa = PBXFileReference; lastKnownFileType = sourcecode.swift; path = MQTTRoutingParams.swift; sourceTree = "<group>"; };
		5501BBE71FC72BFE00E68C9D /* MQTTConnectionManager.swift */ = {isa = PBXFileReference; lastKnownFileType = sourcecode.swift; path = MQTTConnectionManager.swift; sourceTree = "<group>"; };
		55130BB7210224DB001D2E3F /* Optional+RAII.swift */ = {isa = PBXFileReference; lastKnownFileType = sourcecode.swift; path = "Optional+RAII.swift"; sourceTree = "<group>"; };
		55130BCE21035AE4001D2E3F /* MQTTMultiClientAppController.swift */ = {isa = PBXFileReference; fileEncoding = 4; lastKnownFileType = sourcecode.swift; path = MQTTMultiClientAppController.swift; sourceTree = "<group>"; };
		55130BD221035AF4001D2E3F /* MQTTClientAppController.swift */ = {isa = PBXFileReference; fileEncoding = 4; lastKnownFileType = sourcecode.swift; path = MQTTClientAppController.swift; sourceTree = "<group>"; };
		553146CE21147FBB00089385 /* MQTTTopicPattern.swift */ = {isa = PBXFileReference; lastKnownFileType = sourcecode.swift; path = MQTTTopicPattern.swift; sourceTree = "<group>"; };
		553146F621153C3900089385 /* SwiftyFog_iOSTests.xctest */ = {isa = PBXFileReference; explicitFileType = wrapper.cfbundle; includeInIndex = 0; path = SwiftyFog_iOSTests.xctest; sourceTree = BUILT_PRODUCTS_DIR; };
		553146F821153C3900089385 /* MQTTTopicPatternTests.swift */ = {isa = PBXFileReference; lastKnownFileType = sourcecode.swift; path = MQTTTopicPatternTests.swift; sourceTree = "<group>"; };
		553146FA21153C3900089385 /* Info.plist */ = {isa = PBXFileReference; lastKnownFileType = text.plist.xml; path = Info.plist; sourceTree = "<group>"; };
		554347471F82D0F600C3C2CB /* SwiftyFog_iOS.framework */ = {isa = PBXFileReference; explicitFileType = wrapper.framework; includeInIndex = 0; path = SwiftyFog_iOS.framework; sourceTree = BUILT_PRODUCTS_DIR; };
		5543474A1F82D0F600C3C2CB /* SwiftyFog.h */ = {isa = PBXFileReference; lastKnownFileType = sourcecode.c.h; path = SwiftyFog.h; sourceTree = "<group>"; };
		5543474B1F82D0F600C3C2CB /* Info.plist */ = {isa = PBXFileReference; lastKnownFileType = text.plist.xml; path = Info.plist; sourceTree = "<group>"; };
		554347531F82D13700C3C2CB /* FogBitMap.swift */ = {isa = PBXFileReference; fileEncoding = 4; lastKnownFileType = sourcecode.swift; path = FogBitMap.swift; sourceTree = "<group>"; };
		554347541F82D13700C3C2CB /* FogBitmapLayout.swift */ = {isa = PBXFileReference; fileEncoding = 4; lastKnownFileType = sourcecode.swift; path = FogBitmapLayout.swift; sourceTree = "<group>"; };
		554347551F82D13700C3C2CB /* FogColorspace.swift */ = {isa = PBXFileReference; fileEncoding = 4; lastKnownFileType = sourcecode.swift; path = FogColorspace.swift; sourceTree = "<group>"; };
		554347561F82D13700C3C2CB /* FogPixel.swift */ = {isa = PBXFileReference; fileEncoding = 4; lastKnownFileType = sourcecode.swift; path = FogPixel.swift; sourceTree = "<group>"; };
		554347581F82D13700C3C2CB /* UIImage+Fog.swift */ = {isa = PBXFileReference; fileEncoding = 4; lastKnownFileType = sourcecode.swift; path = "UIImage+Fog.swift"; sourceTree = "<group>"; };
		5543475C1F82D13700C3C2CB /* MQTTBridge.swift */ = {isa = PBXFileReference; fileEncoding = 4; lastKnownFileType = sourcecode.swift; path = MQTTBridge.swift; sourceTree = "<group>"; };
		5543475D1F82D13700C3C2CB /* MQTTBroadcaster.swift */ = {isa = PBXFileReference; fileEncoding = 4; lastKnownFileType = sourcecode.swift; path = MQTTBroadcaster.swift; sourceTree = "<group>"; };
		5543475E1F82D13700C3C2CB /* MQTTClient.swift */ = {isa = PBXFileReference; fileEncoding = 4; lastKnownFileType = sourcecode.swift; path = MQTTClient.swift; sourceTree = "<group>"; };
		5543475F1F82D13700C3C2CB /* MQTTControl.swift */ = {isa = PBXFileReference; fileEncoding = 4; lastKnownFileType = sourcecode.swift; path = MQTTControl.swift; sourceTree = "<group>"; };
		554347601F82D13700C3C2CB /* MQTTMetrics.swift */ = {isa = PBXFileReference; fileEncoding = 4; lastKnownFileType = sourcecode.swift; path = MQTTMetrics.swift; sourceTree = "<group>"; };
		554347621F82D13700C3C2CB /* MQTTConnection.swift */ = {isa = PBXFileReference; fileEncoding = 4; lastKnownFileType = sourcecode.swift; path = MQTTConnection.swift; sourceTree = "<group>"; };
		554347631F82D13700C3C2CB /* MQTTDistributer.swift */ = {isa = PBXFileReference; fileEncoding = 4; lastKnownFileType = sourcecode.swift; path = MQTTDistributer.swift; sourceTree = "<group>"; };
		554347641F82D13700C3C2CB /* MQTTMessageIdSource.swift */ = {isa = PBXFileReference; fileEncoding = 4; lastKnownFileType = sourcecode.swift; path = MQTTMessageIdSource.swift; sourceTree = "<group>"; };
		554347651F82D13700C3C2CB /* MQTTPacketDurability.swift */ = {isa = PBXFileReference; fileEncoding = 4; lastKnownFileType = sourcecode.swift; path = MQTTPacketDurability.swift; sourceTree = "<group>"; };
		554347661F82D13700C3C2CB /* MQTTPersistance.swift */ = {isa = PBXFileReference; fileEncoding = 4; lastKnownFileType = sourcecode.swift; path = MQTTPersistance.swift; sourceTree = "<group>"; };
		554347671F82D13700C3C2CB /* MQTTPublisher.swift */ = {isa = PBXFileReference; fileEncoding = 4; lastKnownFileType = sourcecode.swift; path = MQTTPublisher.swift; sourceTree = "<group>"; };
		554347681F82D13700C3C2CB /* MQTTRetryConnection.swift */ = {isa = PBXFileReference; fileEncoding = 4; lastKnownFileType = sourcecode.swift; path = MQTTRetryConnection.swift; sourceTree = "<group>"; };
		554347691F82D13700C3C2CB /* MQTTSubscriber.swift */ = {isa = PBXFileReference; fileEncoding = 4; lastKnownFileType = sourcecode.swift; path = MQTTSubscriber.swift; sourceTree = "<group>"; };
		5543476A1F82D13700C3C2CB /* MQTTTopicScope.swift */ = {isa = PBXFileReference; fileEncoding = 4; lastKnownFileType = sourcecode.swift; path = MQTTTopicScope.swift; sourceTree = "<group>"; };
		5543476D1F82D13700C3C2CB /* MQTTPublishAckPacket.swift */ = {isa = PBXFileReference; fileEncoding = 4; lastKnownFileType = sourcecode.swift; path = MQTTPublishAckPacket.swift; sourceTree = "<group>"; };
		5543476E1F82D13700C3C2CB /* MQTTPublishCompPacket.swift */ = {isa = PBXFileReference; fileEncoding = 4; lastKnownFileType = sourcecode.swift; path = MQTTPublishCompPacket.swift; sourceTree = "<group>"; };
		5543476F1F82D13700C3C2CB /* MQTTPublishPacket.swift */ = {isa = PBXFileReference; fileEncoding = 4; lastKnownFileType = sourcecode.swift; path = MQTTPublishPacket.swift; sourceTree = "<group>"; };
		554347701F82D13700C3C2CB /* MQTTPublishRecPacket.swift */ = {isa = PBXFileReference; fileEncoding = 4; lastKnownFileType = sourcecode.swift; path = MQTTPublishRecPacket.swift; sourceTree = "<group>"; };
		554347711F82D13700C3C2CB /* MQTTPublishRelPacket.swift */ = {isa = PBXFileReference; fileEncoding = 4; lastKnownFileType = sourcecode.swift; path = MQTTPublishRelPacket.swift; sourceTree = "<group>"; };
		554347721F82D13700C3C2CB /* Data+MQTT.swift */ = {isa = PBXFileReference; fileEncoding = 4; lastKnownFileType = sourcecode.swift; path = "Data+MQTT.swift"; sourceTree = "<group>"; };
		554347731F82D13700C3C2CB /* MQTTPackedLength.swift */ = {isa = PBXFileReference; fileEncoding = 4; lastKnownFileType = sourcecode.swift; path = MQTTPackedLength.swift; sourceTree = "<group>"; };
		554347741F82D13700C3C2CB /* MQTTPacket.swift */ = {isa = PBXFileReference; fileEncoding = 4; lastKnownFileType = sourcecode.swift; path = MQTTPacket.swift; sourceTree = "<group>"; };
		554347751F82D13700C3C2CB /* MQTTPacketFactory.swift */ = {isa = PBXFileReference; fileEncoding = 4; lastKnownFileType = sourcecode.swift; path = MQTTPacketFactory.swift; sourceTree = "<group>"; };
		554347771F82D13700C3C2CB /* MQTTConnectPacket.swift */ = {isa = PBXFileReference; fileEncoding = 4; lastKnownFileType = sourcecode.swift; path = MQTTConnectPacket.swift; sourceTree = "<group>"; };
		554347781F82D13700C3C2CB /* MQTTDisconnectPacket.swift */ = {isa = PBXFileReference; fileEncoding = 4; lastKnownFileType = sourcecode.swift; path = MQTTDisconnectPacket.swift; sourceTree = "<group>"; };
		554347791F82D13700C3C2CB /* MQTTPingPacket.swift */ = {isa = PBXFileReference; fileEncoding = 4; lastKnownFileType = sourcecode.swift; path = MQTTPingPacket.swift; sourceTree = "<group>"; };
		5543477A1F82D13700C3C2CB /* MQTTSubPacket.swift */ = {isa = PBXFileReference; fileEncoding = 4; lastKnownFileType = sourcecode.swift; path = MQTTSubPacket.swift; sourceTree = "<group>"; };
		5543477B1F82D13700C3C2CB /* MQTTUnsubPacket.swift */ = {isa = PBXFileReference; fileEncoding = 4; lastKnownFileType = sourcecode.swift; path = MQTTUnsubPacket.swift; sourceTree = "<group>"; };
		5543477D1F82D13700C3C2CB /* MQTTConnAckPacket.swift */ = {isa = PBXFileReference; fileEncoding = 4; lastKnownFileType = sourcecode.swift; path = MQTTConnAckPacket.swift; sourceTree = "<group>"; };
		5543477E1F82D13700C3C2CB /* MQTTPingAckPacket.swift */ = {isa = PBXFileReference; fileEncoding = 4; lastKnownFileType = sourcecode.swift; path = MQTTPingAckPacket.swift; sourceTree = "<group>"; };
		5543477F1F82D13700C3C2CB /* MQTTSubAckPacket.swift */ = {isa = PBXFileReference; fileEncoding = 4; lastKnownFileType = sourcecode.swift; path = MQTTSubAckPacket.swift; sourceTree = "<group>"; };
		554347801F82D13700C3C2CB /* MQTTUnsubAckPacket.swift */ = {isa = PBXFileReference; fileEncoding = 4; lastKnownFileType = sourcecode.swift; path = MQTTUnsubAckPacket.swift; sourceTree = "<group>"; };
		554347821F82D13700C3C2CB /* MQTTConnAckResponse.swift */ = {isa = PBXFileReference; fileEncoding = 4; lastKnownFileType = sourcecode.swift; path = MQTTConnAckResponse.swift; sourceTree = "<group>"; };
		554347831F82D13700C3C2CB /* MQTTMessage.swift */ = {isa = PBXFileReference; fileEncoding = 4; lastKnownFileType = sourcecode.swift; path = MQTTMessage.swift; sourceTree = "<group>"; };
		554347841F82D13700C3C2CB /* MQTTPacketFixedHeader.swift */ = {isa = PBXFileReference; fileEncoding = 4; lastKnownFileType = sourcecode.swift; path = MQTTPacketFixedHeader.swift; sourceTree = "<group>"; };
		554347851F82D13700C3C2CB /* MQTTPacketType.swift */ = {isa = PBXFileReference; fileEncoding = 4; lastKnownFileType = sourcecode.swift; path = MQTTPacketType.swift; sourceTree = "<group>"; };
		554347861F82D13700C3C2CB /* MQTTPayload.swift */ = {isa = PBXFileReference; fileEncoding = 4; lastKnownFileType = sourcecode.swift; path = MQTTPayload.swift; sourceTree = "<group>"; };
		554347871F82D13700C3C2CB /* MQTTQoS.swift */ = {isa = PBXFileReference; fileEncoding = 4; lastKnownFileType = sourcecode.swift; path = MQTTQoS.swift; sourceTree = "<group>"; };
		554347891F82D13700C3C2CB /* MQTTAuthentication.swift */ = {isa = PBXFileReference; fileEncoding = 4; lastKnownFileType = sourcecode.swift; path = MQTTAuthentication.swift; sourceTree = "<group>"; };
		5543478A1F82D13700C3C2CB /* MQTTClientParams.swift */ = {isa = PBXFileReference; fileEncoding = 4; lastKnownFileType = sourcecode.swift; path = MQTTClientParams.swift; sourceTree = "<group>"; };
		5543478B1F82D13700C3C2CB /* MQTTConnectedState.swift */ = {isa = PBXFileReference; fileEncoding = 4; lastKnownFileType = sourcecode.swift; path = MQTTConnectedState.swift; sourceTree = "<group>"; };
		5543478C1F82D13700C3C2CB /* MQTTConnectionDisconnect.swift */ = {isa = PBXFileReference; fileEncoding = 4; lastKnownFileType = sourcecode.swift; path = MQTTConnectionDisconnect.swift; sourceTree = "<group>"; };
		5543478D1F82D13700C3C2CB /* MQTTHostParams.swift */ = {isa = PBXFileReference; fileEncoding = 4; lastKnownFileType = sourcecode.swift; path = MQTTHostParams.swift; sourceTree = "<group>"; };
		5543478E1F82D13700C3C2CB /* MQTTPingStatus.swift */ = {isa = PBXFileReference; fileEncoding = 4; lastKnownFileType = sourcecode.swift; path = MQTTPingStatus.swift; sourceTree = "<group>"; };
		5543478F1F82D13700C3C2CB /* MQTTReconnectParams.swift */ = {isa = PBXFileReference; fileEncoding = 4; lastKnownFileType = sourcecode.swift; path = MQTTReconnectParams.swift; sourceTree = "<group>"; };
		554347911F82D13700C3C2CB /* FogSocketStream.swift */ = {isa = PBXFileReference; fileEncoding = 4; lastKnownFileType = sourcecode.swift; path = FogSocketStream.swift; sourceTree = "<group>"; };
		554347921F82D13700C3C2CB /* FogStreamReadable.swift */ = {isa = PBXFileReference; fileEncoding = 4; lastKnownFileType = sourcecode.swift; path = FogStreamReadable.swift; sourceTree = "<group>"; };
		554347931F82D13700C3C2CB /* FogStreamWritable.swift */ = {isa = PBXFileReference; fileEncoding = 4; lastKnownFileType = sourcecode.swift; path = FogStreamWritable.swift; sourceTree = "<group>"; };
		554347941F82D13700C3C2CB /* FogNetworkReachability.swift */ = {isa = PBXFileReference; fileEncoding = 4; lastKnownFileType = sourcecode.swift; path = FogNetworkReachability.swift; sourceTree = "<group>"; };
		554347961F82D13700C3C2CB /* FogFeedbackValue.swift */ = {isa = PBXFileReference; fileEncoding = 4; lastKnownFileType = sourcecode.swift; path = FogFeedbackValue.swift; sourceTree = "<group>"; };
		554347971F82D13700C3C2CB /* FogRational.swift */ = {isa = PBXFileReference; fileEncoding = 4; lastKnownFileType = sourcecode.swift; path = FogRational.swift; sourceTree = "<group>"; };
		554347981F82D13700C3C2CB /* Extensions.swift */ = {isa = PBXFileReference; fileEncoding = 4; lastKnownFileType = sourcecode.swift; path = Extensions.swift; sourceTree = "<group>"; };
		5543479A1F82D13700C3C2CB /* Data+Fog.swift */ = {isa = PBXFileReference; fileEncoding = 4; lastKnownFileType = sourcecode.swift; path = "Data+Fog.swift"; sourceTree = "<group>"; };
		5543479B1F82D13700C3C2CB /* FogExternalizable.swift */ = {isa = PBXFileReference; fileEncoding = 4; lastKnownFileType = sourcecode.swift; path = FogExternalizable.swift; sourceTree = "<group>"; };
		5543479C1F82D13700C3C2CB /* fogSize.swift */ = {isa = PBXFileReference; fileEncoding = 4; lastKnownFileType = sourcecode.swift; path = fogSize.swift; sourceTree = "<group>"; };
		5543479E1F82D13700C3C2CB /* ReadWriteMutex.swift */ = {isa = PBXFileReference; fileEncoding = 4; lastKnownFileType = sourcecode.swift; path = ReadWriteMutex.swift; sourceTree = "<group>"; };
		5543479F1F82D13700C3C2CB /* RunLoopPool.swift */ = {isa = PBXFileReference; fileEncoding = 4; lastKnownFileType = sourcecode.swift; path = RunLoopPool.swift; sourceTree = "<group>"; };
		554347E71F82D1B600C3C2CB /* SwiftyFog_mac.framework */ = {isa = PBXFileReference; explicitFileType = wrapper.framework; includeInIndex = 0; path = SwiftyFog_mac.framework; sourceTree = BUILT_PRODUCTS_DIR; };
		554347E91F82D1B600C3C2CB /* SwiftyFog_mac.h */ = {isa = PBXFileReference; lastKnownFileType = sourcecode.c.h; path = SwiftyFog_mac.h; sourceTree = "<group>"; };
		554347EA1F82D1B600C3C2CB /* Info.plist */ = {isa = PBXFileReference; lastKnownFileType = text.plist.xml; path = Info.plist; sourceTree = "<group>"; };
		5578602720F3AA5E00FC182D /* SwiftFog_watch.framework */ = {isa = PBXFileReference; explicitFileType = wrapper.framework; includeInIndex = 0; path = SwiftFog_watch.framework; sourceTree = BUILT_PRODUCTS_DIR; };
		5578602920F3AA5E00FC182D /* SwiftFog_watch.h */ = {isa = PBXFileReference; lastKnownFileType = sourcecode.c.h; path = SwiftFog_watch.h; sourceTree = "<group>"; };
		5578602A20F3AA5E00FC182D /* Info.plist */ = {isa = PBXFileReference; lastKnownFileType = text.plist.xml; path = Info.plist; sourceTree = "<group>"; };
		558529871FC5EFE20045AE6E /* MQTTRouter.swift */ = {isa = PBXFileReference; lastKnownFileType = sourcecode.swift; path = MQTTRouter.swift; sourceTree = "<group>"; };
		55A2AEFC1FCC641500676E1C /* FogNetworkReachabilityStub.swift */ = {isa = PBXFileReference; lastKnownFileType = sourcecode.swift; path = FogNetworkReachabilityStub.swift; sourceTree = "<group>"; };
		55DD5DC420F50AC8001B93E0 /* FogNetworkReachabilityStatus.swift */ = {isa = PBXFileReference; lastKnownFileType = sourcecode.swift; path = FogNetworkReachabilityStatus.swift; sourceTree = "<group>"; };
/* End PBXFileReference section */

/* Begin PBXFrameworksBuildPhase section */
		553146F321153C3900089385 /* Frameworks */ = {
			isa = PBXFrameworksBuildPhase;
			buildActionMask = 2147483647;
			files = (
				553146FB21153C3900089385 /* SwiftyFog_iOS.framework in Frameworks */,
			);
			runOnlyForDeploymentPostprocessing = 0;
		};
		554347431F82D0F600C3C2CB /* Frameworks */ = {
			isa = PBXFrameworksBuildPhase;
			buildActionMask = 2147483647;
			files = (
			);
			runOnlyForDeploymentPostprocessing = 0;
		};
		554347E31F82D1B600C3C2CB /* Frameworks */ = {
			isa = PBXFrameworksBuildPhase;
			buildActionMask = 2147483647;
			files = (
			);
			runOnlyForDeploymentPostprocessing = 0;
		};
		5578602420F3AA5E00FC182D /* Frameworks */ = {
			isa = PBXFrameworksBuildPhase;
			buildActionMask = 2147483647;
			files = (
			);
			runOnlyForDeploymentPostprocessing = 0;
		};
/* End PBXFrameworksBuildPhase section */

/* Begin PBXGroup section */
		55130BC921035A6B001D2E3F /* controllers */ = {
			isa = PBXGroup;
			children = (
				55130BD221035AF4001D2E3F /* MQTTClientAppController.swift */,
				55130BCE21035AE4001D2E3F /* MQTTMultiClientAppController.swift */,
			);
			path = controllers;
			sourceTree = "<group>";
		};
		553146F721153C3900089385 /* SwiftyFog_iOS_Tests */ = {
			isa = PBXGroup;
			children = (
				553146F821153C3900089385 /* MQTTTopicPatternTests.swift */,
				553146FA21153C3900089385 /* Info.plist */,
			);
			path = SwiftyFog_iOS_Tests;
			sourceTree = "<group>";
		};
		5543473D1F82D0F600C3C2CB = {
			isa = PBXGroup;
			children = (
				554347491F82D0F600C3C2CB /* SwiftyFog */,
				554347E81F82D1B600C3C2CB /* SwiftyFog_mac */,
				5578602820F3AA5E00FC182D /* SwiftFog_watch */,
				553146F721153C3900089385 /* SwiftyFog_iOS_Tests */,
				554347481F82D0F600C3C2CB /* Products */,
			);
			sourceTree = "<group>";
		};
		554347481F82D0F600C3C2CB /* Products */ = {
			isa = PBXGroup;
			children = (
				554347471F82D0F600C3C2CB /* SwiftyFog_iOS.framework */,
				554347E71F82D1B600C3C2CB /* SwiftyFog_mac.framework */,
				5578602720F3AA5E00FC182D /* SwiftFog_watch.framework */,
				553146F621153C3900089385 /* SwiftyFog_iOSTests.xctest */,
			);
			name = Products;
			sourceTree = "<group>";
		};
		554347491F82D0F600C3C2CB /* SwiftyFog */ = {
			isa = PBXGroup;
			children = (
				55130BC921035A6B001D2E3F /* controllers */,
				554347991F82D13700C3C2CB /* externalizable */,
				554347521F82D13700C3C2CB /* image */,
				5543475A1F82D13700C3C2CB /* mqtt */,
				554347901F82D13700C3C2CB /* stream */,
				5543479D1F82D13700C3C2CB /* thread */,
				554347951F82D13700C3C2CB /* types */,
				5543474A1F82D0F600C3C2CB /* SwiftyFog.h */,
				5543474B1F82D0F600C3C2CB /* Info.plist */,
			);
			path = SwiftyFog;
			sourceTree = "<group>";
		};
		554347521F82D13700C3C2CB /* image */ = {
			isa = PBXGroup;
			children = (
				554347531F82D13700C3C2CB /* FogBitMap.swift */,
				554347541F82D13700C3C2CB /* FogBitmapLayout.swift */,
				554347551F82D13700C3C2CB /* FogColorspace.swift */,
				554347561F82D13700C3C2CB /* FogPixel.swift */,
				554347581F82D13700C3C2CB /* UIImage+Fog.swift */,
			);
			path = image;
			sourceTree = "<group>";
		};
		5543475A1F82D13700C3C2CB /* mqtt */ = {
			isa = PBXGroup;
			children = (
				5543475B1F82D13700C3C2CB /* client */,
				554347611F82D13700C3C2CB /* impl */,
				5543476B1F82D13700C3C2CB /* packets */,
				554347881F82D13700C3C2CB /* structures */,
			);
			path = mqtt;
			sourceTree = "<group>";
		};
		5543475B1F82D13700C3C2CB /* client */ = {
			isa = PBXGroup;
			children = (
				5543475C1F82D13700C3C2CB /* MQTTBridge.swift */,
				5543475D1F82D13700C3C2CB /* MQTTBroadcaster.swift */,
				5543475E1F82D13700C3C2CB /* MQTTClient.swift */,
				5543475F1F82D13700C3C2CB /* MQTTControl.swift */,
				554347601F82D13700C3C2CB /* MQTTMetrics.swift */,
			);
			path = client;
			sourceTree = "<group>";
		};
		554347611F82D13700C3C2CB /* impl */ = {
			isa = PBXGroup;
			children = (
				554347621F82D13700C3C2CB /* MQTTConnection.swift */,
				554347631F82D13700C3C2CB /* MQTTDistributer.swift */,
				554347641F82D13700C3C2CB /* MQTTMessageIdSource.swift */,
				554347651F82D13700C3C2CB /* MQTTPacketDurability.swift */,
				554347661F82D13700C3C2CB /* MQTTPersistance.swift */,
				554347671F82D13700C3C2CB /* MQTTPublisher.swift */,
				554347681F82D13700C3C2CB /* MQTTRetryConnection.swift */,
				554347691F82D13700C3C2CB /* MQTTSubscriber.swift */,
				5543476A1F82D13700C3C2CB /* MQTTTopicScope.swift */,
				558529871FC5EFE20045AE6E /* MQTTRouter.swift */,
				5501BBE71FC72BFE00E68C9D /* MQTTConnectionManager.swift */,
				553146CE21147FBB00089385 /* MQTTTopicPattern.swift */,
			);
			path = impl;
			sourceTree = "<group>";
		};
		5543476B1F82D13700C3C2CB /* packets */ = {
			isa = PBXGroup;
			children = (
				5543476C1F82D13700C3C2CB /* biderectional */,
				554347721F82D13700C3C2CB /* Data+MQTT.swift */,
				554347731F82D13700C3C2CB /* MQTTPackedLength.swift */,
				554347741F82D13700C3C2CB /* MQTTPacket.swift */,
				554347751F82D13700C3C2CB /* MQTTPacketFactory.swift */,
				554347761F82D13700C3C2CB /* request */,
				5543477C1F82D13700C3C2CB /* response */,
				554347811F82D13700C3C2CB /* structures */,
			);
			path = packets;
			sourceTree = "<group>";
		};
		5543476C1F82D13700C3C2CB /* biderectional */ = {
			isa = PBXGroup;
			children = (
				5543476D1F82D13700C3C2CB /* MQTTPublishAckPacket.swift */,
				5543476E1F82D13700C3C2CB /* MQTTPublishCompPacket.swift */,
				5543476F1F82D13700C3C2CB /* MQTTPublishPacket.swift */,
				554347701F82D13700C3C2CB /* MQTTPublishRecPacket.swift */,
				554347711F82D13700C3C2CB /* MQTTPublishRelPacket.swift */,
			);
			path = biderectional;
			sourceTree = "<group>";
		};
		554347761F82D13700C3C2CB /* request */ = {
			isa = PBXGroup;
			children = (
				554347771F82D13700C3C2CB /* MQTTConnectPacket.swift */,
				554347781F82D13700C3C2CB /* MQTTDisconnectPacket.swift */,
				554347791F82D13700C3C2CB /* MQTTPingPacket.swift */,
				5543477A1F82D13700C3C2CB /* MQTTSubPacket.swift */,
				5543477B1F82D13700C3C2CB /* MQTTUnsubPacket.swift */,
			);
			path = request;
			sourceTree = "<group>";
		};
		5543477C1F82D13700C3C2CB /* response */ = {
			isa = PBXGroup;
			children = (
				5543477D1F82D13700C3C2CB /* MQTTConnAckPacket.swift */,
				5543477E1F82D13700C3C2CB /* MQTTPingAckPacket.swift */,
				5543477F1F82D13700C3C2CB /* MQTTSubAckPacket.swift */,
				554347801F82D13700C3C2CB /* MQTTUnsubAckPacket.swift */,
			);
			path = response;
			sourceTree = "<group>";
		};
		554347811F82D13700C3C2CB /* structures */ = {
			isa = PBXGroup;
			children = (
				554347821F82D13700C3C2CB /* MQTTConnAckResponse.swift */,
				554347831F82D13700C3C2CB /* MQTTMessage.swift */,
				554347841F82D13700C3C2CB /* MQTTPacketFixedHeader.swift */,
				554347851F82D13700C3C2CB /* MQTTPacketType.swift */,
				554347861F82D13700C3C2CB /* MQTTPayload.swift */,
				554347871F82D13700C3C2CB /* MQTTQoS.swift */,
			);
			path = structures;
			sourceTree = "<group>";
		};
		554347881F82D13700C3C2CB /* structures */ = {
			isa = PBXGroup;
			children = (
				554347891F82D13700C3C2CB /* MQTTAuthentication.swift */,
				5543478A1F82D13700C3C2CB /* MQTTClientParams.swift */,
				5543478B1F82D13700C3C2CB /* MQTTConnectedState.swift */,
				5543478C1F82D13700C3C2CB /* MQTTConnectionDisconnect.swift */,
				5543478D1F82D13700C3C2CB /* MQTTHostParams.swift */,
				5543478E1F82D13700C3C2CB /* MQTTPingStatus.swift */,
				5543478F1F82D13700C3C2CB /* MQTTReconnectParams.swift */,
				5500657B1FC5F71F00EEC1CE /* MQTTRoutingParams.swift */,
			);
			path = structures;
			sourceTree = "<group>";
		};
		554347901F82D13700C3C2CB /* stream */ = {
			isa = PBXGroup;
			children = (
				554347911F82D13700C3C2CB /* FogSocketStream.swift */,
				554347921F82D13700C3C2CB /* FogStreamReadable.swift */,
				554347931F82D13700C3C2CB /* FogStreamWritable.swift */,
				554347941F82D13700C3C2CB /* FogNetworkReachability.swift */,
				55A2AEFC1FCC641500676E1C /* FogNetworkReachabilityStub.swift */,
				55DD5DC420F50AC8001B93E0 /* FogNetworkReachabilityStatus.swift */,
			);
			path = stream;
			sourceTree = "<group>";
		};
		554347951F82D13700C3C2CB /* types */ = {
			isa = PBXGroup;
			children = (
				554347961F82D13700C3C2CB /* FogFeedbackValue.swift */,
				554347971F82D13700C3C2CB /* FogRational.swift */,
				554347981F82D13700C3C2CB /* Extensions.swift */,
				55130BB7210224DB001D2E3F /* Optional+RAII.swift */,
			);
			path = types;
			sourceTree = "<group>";
		};
		554347991F82D13700C3C2CB /* externalizable */ = {
			isa = PBXGroup;
			children = (
				5543479A1F82D13700C3C2CB /* Data+Fog.swift */,
				5543479B1F82D13700C3C2CB /* FogExternalizable.swift */,
				5543479C1F82D13700C3C2CB /* fogSize.swift */,
			);
			path = externalizable;
			sourceTree = "<group>";
		};
		5543479D1F82D13700C3C2CB /* thread */ = {
			isa = PBXGroup;
			children = (
				5543479E1F82D13700C3C2CB /* ReadWriteMutex.swift */,
				5543479F1F82D13700C3C2CB /* RunLoopPool.swift */,
			);
			path = thread;
			sourceTree = "<group>";
		};
		554347E81F82D1B600C3C2CB /* SwiftyFog_mac */ = {
			isa = PBXGroup;
			children = (
				554347E91F82D1B600C3C2CB /* SwiftyFog_mac.h */,
				554347EA1F82D1B600C3C2CB /* Info.plist */,
			);
			path = SwiftyFog_mac;
			sourceTree = "<group>";
		};
		5578602820F3AA5E00FC182D /* SwiftFog_watch */ = {
			isa = PBXGroup;
			children = (
				5578602920F3AA5E00FC182D /* SwiftFog_watch.h */,
				5578602A20F3AA5E00FC182D /* Info.plist */,
			);
			path = SwiftFog_watch;
			sourceTree = "<group>";
		};
/* End PBXGroup section */

/* Begin PBXHeadersBuildPhase section */
		554347441F82D0F600C3C2CB /* Headers */ = {
			isa = PBXHeadersBuildPhase;
			buildActionMask = 2147483647;
			files = (
				5543474C1F82D0F600C3C2CB /* SwiftyFog.h in Headers */,
			);
			runOnlyForDeploymentPostprocessing = 0;
		};
		554347E41F82D1B600C3C2CB /* Headers */ = {
			isa = PBXHeadersBuildPhase;
			buildActionMask = 2147483647;
			files = (
				554347EB1F82D1B600C3C2CB /* SwiftyFog_mac.h in Headers */,
			);
			runOnlyForDeploymentPostprocessing = 0;
		};
		5578602220F3AA5E00FC182D /* Headers */ = {
			isa = PBXHeadersBuildPhase;
			buildActionMask = 2147483647;
			files = (
				5578602B20F3AA5E00FC182D /* SwiftFog_watch.h in Headers */,
			);
			runOnlyForDeploymentPostprocessing = 0;
		};
/* End PBXHeadersBuildPhase section */

/* Begin PBXNativeTarget section */
		553146F521153C3900089385 /* SwiftyFog_iOSTests */ = {
			isa = PBXNativeTarget;
			buildConfigurationList = 553146FE21153C3900089385 /* Build configuration list for PBXNativeTarget "SwiftyFog_iOSTests" */;
			buildPhases = (
				553146F221153C3900089385 /* Sources */,
				553146F321153C3900089385 /* Frameworks */,
				553146F421153C3900089385 /* Resources */,
			);
			buildRules = (
			);
			dependencies = (
				553146FD21153C3900089385 /* PBXTargetDependency */,
			);
			name = SwiftyFog_iOSTests;
			productName = SwiftyFog_iOS_Tests;
			productReference = 553146F621153C3900089385 /* SwiftyFog_iOSTests.xctest */;
			productType = "com.apple.product-type.bundle.unit-test";
		};
		554347461F82D0F600C3C2CB /* SwiftyFog_iOS */ = {
			isa = PBXNativeTarget;
			buildConfigurationList = 5543474F1F82D0F600C3C2CB /* Build configuration list for PBXNativeTarget "SwiftyFog_iOS" */;
			buildPhases = (
				554347421F82D0F600C3C2CB /* Sources */,
				554347431F82D0F600C3C2CB /* Frameworks */,
				554347441F82D0F600C3C2CB /* Headers */,
				554347451F82D0F600C3C2CB /* Resources */,
			);
			buildRules = (
			);
			dependencies = (
			);
			name = SwiftyFog_iOS;
			productName = SwiftyFog;
			productReference = 554347471F82D0F600C3C2CB /* SwiftyFog_iOS.framework */;
			productType = "com.apple.product-type.framework";
		};
		554347E61F82D1B600C3C2CB /* SwiftyFog_mac */ = {
			isa = PBXNativeTarget;
			buildConfigurationList = 554347EC1F82D1B600C3C2CB /* Build configuration list for PBXNativeTarget "SwiftyFog_mac" */;
			buildPhases = (
				554347E21F82D1B600C3C2CB /* Sources */,
				554347E31F82D1B600C3C2CB /* Frameworks */,
				554347E41F82D1B600C3C2CB /* Headers */,
				554347E51F82D1B600C3C2CB /* Resources */,
			);
			buildRules = (
			);
			dependencies = (
			);
			name = SwiftyFog_mac;
			productName = SwiftyFog_mac;
			productReference = 554347E71F82D1B600C3C2CB /* SwiftyFog_mac.framework */;
			productType = "com.apple.product-type.framework";
		};
		5578602620F3AA5E00FC182D /* SwiftFog_watch */ = {
			isa = PBXNativeTarget;
			buildConfigurationList = 5578602C20F3AA5E00FC182D /* Build configuration list for PBXNativeTarget "SwiftFog_watch" */;
			buildPhases = (
				5578602220F3AA5E00FC182D /* Headers */,
				5578602320F3AA5E00FC182D /* Sources */,
				5578602420F3AA5E00FC182D /* Frameworks */,
				5578602520F3AA5E00FC182D /* Resources */,
			);
			buildRules = (
			);
			dependencies = (
			);
			name = SwiftFog_watch;
			productName = SwiftFog_watch;
			productReference = 5578602720F3AA5E00FC182D /* SwiftFog_watch.framework */;
			productType = "com.apple.product-type.framework";
		};
/* End PBXNativeTarget section */

/* Begin PBXProject section */
		5543473E1F82D0F600C3C2CB /* Project object */ = {
			isa = PBXProject;
			attributes = {
				LastSwiftUpdateCheck = 1000;
				LastUpgradeCheck = 0940;
				ORGANIZATIONNAME = "Object Computing Inc";
				TargetAttributes = {
					553146F521153C3900089385 = {
						CreatedOnToolsVersion = 10.0;
						ProvisioningStyle = Automatic;
					};
					554347461F82D0F600C3C2CB = {
						CreatedOnToolsVersion = 9.1;
						LastSwiftMigration = 1000;
						ProvisioningStyle = Manual;
					};
					554347E61F82D1B600C3C2CB = {
						CreatedOnToolsVersion = 9.1;
						LastSwiftMigration = 1000;
						ProvisioningStyle = Manual;
					};
					5578602620F3AA5E00FC182D = {
						CreatedOnToolsVersion = 10.0;
						ProvisioningStyle = Manual;
					};
				};
			};
			buildConfigurationList = 554347411F82D0F600C3C2CB /* Build configuration list for PBXProject "SwiftyFog" */;
			compatibilityVersion = "Xcode 8.0";
			developmentRegion = en;
			hasScannedForEncodings = 0;
			knownRegions = (
				en,
			);
			mainGroup = 5543473D1F82D0F600C3C2CB;
			productRefGroup = 554347481F82D0F600C3C2CB /* Products */;
			projectDirPath = "";
			projectRoot = "";
			targets = (
				554347461F82D0F600C3C2CB /* SwiftyFog_iOS */,
				554347E61F82D1B600C3C2CB /* SwiftyFog_mac */,
				5578602620F3AA5E00FC182D /* SwiftFog_watch */,
				553146F521153C3900089385 /* SwiftyFog_iOSTests */,
			);
		};
/* End PBXProject section */

/* Begin PBXResourcesBuildPhase section */
		553146F421153C3900089385 /* Resources */ = {
			isa = PBXResourcesBuildPhase;
			buildActionMask = 2147483647;
			files = (
			);
			runOnlyForDeploymentPostprocessing = 0;
		};
		554347451F82D0F600C3C2CB /* Resources */ = {
			isa = PBXResourcesBuildPhase;
			buildActionMask = 2147483647;
			files = (
			);
			runOnlyForDeploymentPostprocessing = 0;
		};
		554347E51F82D1B600C3C2CB /* Resources */ = {
			isa = PBXResourcesBuildPhase;
			buildActionMask = 2147483647;
			files = (
			);
			runOnlyForDeploymentPostprocessing = 0;
		};
		5578602520F3AA5E00FC182D /* Resources */ = {
			isa = PBXResourcesBuildPhase;
			buildActionMask = 2147483647;
			files = (
			);
			runOnlyForDeploymentPostprocessing = 0;
		};
/* End PBXResourcesBuildPhase section */

/* Begin PBXSourcesBuildPhase section */
		553146F221153C3900089385 /* Sources */ = {
			isa = PBXSourcesBuildPhase;
			buildActionMask = 2147483647;
			files = (
				553146F921153C3900089385 /* MQTTTopicPatternTests.swift in Sources */,
			);
			runOnlyForDeploymentPostprocessing = 0;
		};
		554347421F82D0F600C3C2CB /* Sources */ = {
			isa = PBXSourcesBuildPhase;
			buildActionMask = 2147483647;
			files = (
				554347CF1F82D13700C3C2CB /* MQTTClientParams.swift in Sources */,
				554347D91F82D13700C3C2CB /* FogFeedbackValue.swift in Sources */,
				554347B71F82D13700C3C2CB /* MQTTPublishCompPacket.swift in Sources */,
				558D656620F50E0F00CFD226 /* FogNetworkReachability.swift in Sources */,
				554347DD1F82D13700C3C2CB /* FogExternalizable.swift in Sources */,
				554347CA1F82D13700C3C2CB /* MQTTPacketFixedHeader.swift in Sources */,
				554347A11F82D13700C3C2CB /* FogBitMap.swift in Sources */,
				554347BE1F82D13700C3C2CB /* MQTTPacketFactory.swift in Sources */,
				554347B51F82D13700C3C2CB /* MQTTTopicScope.swift in Sources */,
				554347D11F82D13700C3C2CB /* MQTTConnectionDisconnect.swift in Sources */,
				554347AF1F82D13700C3C2CB /* MQTTMessageIdSource.swift in Sources */,
				554347D51F82D13700C3C2CB /* FogSocketStream.swift in Sources */,
				553146CF21147FBB00089385 /* MQTTTopicPattern.swift in Sources */,
				554347B31F82D13700C3C2CB /* MQTTRetryConnection.swift in Sources */,
				554347B11F82D13700C3C2CB /* MQTTPersistance.swift in Sources */,
				554347DA1F82D13700C3C2CB /* FogRational.swift in Sources */,
				554347D31F82D13700C3C2CB /* MQTTPingStatus.swift in Sources */,
				554347CC1F82D13700C3C2CB /* MQTTPayload.swift in Sources */,
				554347D21F82D13700C3C2CB /* MQTTHostParams.swift in Sources */,
				554347DE1F82D13700C3C2CB /* fogSize.swift in Sources */,
				554347AB1F82D13700C3C2CB /* MQTTControl.swift in Sources */,
				554347BD1F82D13700C3C2CB /* MQTTPacket.swift in Sources */,
				554347B41F82D13700C3C2CB /* MQTTSubscriber.swift in Sources */,
				554347E01F82D13700C3C2CB /* RunLoopPool.swift in Sources */,
				554347D71F82D13700C3C2CB /* FogStreamWritable.swift in Sources */,
				554347A31F82D13700C3C2CB /* FogColorspace.swift in Sources */,
				5500657C1FC5F71F00EEC1CE /* MQTTRoutingParams.swift in Sources */,
				554347BC1F82D13700C3C2CB /* MQTTPackedLength.swift in Sources */,
				554347C91F82D13700C3C2CB /* MQTTMessage.swift in Sources */,
				554347C61F82D13700C3C2CB /* MQTTSubAckPacket.swift in Sources */,
				554347BA1F82D13700C3C2CB /* MQTTPublishRelPacket.swift in Sources */,
				554347C81F82D13700C3C2CB /* MQTTConnAckResponse.swift in Sources */,
				554347CD1F82D13700C3C2CB /* MQTTQoS.swift in Sources */,
				554347D61F82D13700C3C2CB /* FogStreamReadable.swift in Sources */,
				554347B91F82D13700C3C2CB /* MQTTPublishRecPacket.swift in Sources */,
				554347AA1F82D13700C3C2CB /* MQTTClient.swift in Sources */,
				554347A21F82D13700C3C2CB /* FogBitmapLayout.swift in Sources */,
				554347BB1F82D13700C3C2CB /* Data+MQTT.swift in Sources */,
				554347CB1F82D13700C3C2CB /* MQTTPacketType.swift in Sources */,
				554347AE1F82D13700C3C2CB /* MQTTDistributer.swift in Sources */,
				558529881FC5EFE20045AE6E /* MQTTRouter.swift in Sources */,
				554347B61F82D13700C3C2CB /* MQTTPublishAckPacket.swift in Sources */,
				554347A41F82D13700C3C2CB /* FogPixel.swift in Sources */,
				554347C71F82D13700C3C2CB /* MQTTUnsubAckPacket.swift in Sources */,
				554347A91F82D13700C3C2CB /* MQTTBroadcaster.swift in Sources */,
				554347B21F82D13700C3C2CB /* MQTTPublisher.swift in Sources */,
				554347A61F82D13700C3C2CB /* UIImage+Fog.swift in Sources */,
				55130BB8210224DB001D2E3F /* Optional+RAII.swift in Sources */,
				55130BD321035AF4001D2E3F /* MQTTClientAppController.swift in Sources */,
				554347DB1F82D13700C3C2CB /* Extensions.swift in Sources */,
				554347C31F82D13700C3C2CB /* MQTTUnsubPacket.swift in Sources */,
				554347AD1F82D13700C3C2CB /* MQTTConnection.swift in Sources */,
				558D656420F50E0700CFD226 /* FogNetworkReachabilityStatus.swift in Sources */,
				554347C21F82D13700C3C2CB /* MQTTSubPacket.swift in Sources */,
				554347DF1F82D13700C3C2CB /* ReadWriteMutex.swift in Sources */,
				554347D41F82D13700C3C2CB /* MQTTReconnectParams.swift in Sources */,
				554347C51F82D13700C3C2CB /* MQTTPingAckPacket.swift in Sources */,
				55130BCF21035AE4001D2E3F /* MQTTMultiClientAppController.swift in Sources */,
				5501BBE81FC72BFE00E68C9D /* MQTTConnectionManager.swift in Sources */,
				554347C11F82D13700C3C2CB /* MQTTPingPacket.swift in Sources */,
				554347B01F82D13700C3C2CB /* MQTTPacketDurability.swift in Sources */,
				554347C41F82D13700C3C2CB /* MQTTConnAckPacket.swift in Sources */,
				554347CE1F82D13700C3C2CB /* MQTTAuthentication.swift in Sources */,
				554347AC1F82D13700C3C2CB /* MQTTMetrics.swift in Sources */,
				554347A81F82D13700C3C2CB /* MQTTBridge.swift in Sources */,
				554347DC1F82D13700C3C2CB /* Data+Fog.swift in Sources */,
				554347C01F82D13700C3C2CB /* MQTTDisconnectPacket.swift in Sources */,
				554347D01F82D13700C3C2CB /* MQTTConnectedState.swift in Sources */,
				554347BF1F82D13700C3C2CB /* MQTTConnectPacket.swift in Sources */,
				554347B81F82D13700C3C2CB /* MQTTPublishPacket.swift in Sources */,
			);
			runOnlyForDeploymentPostprocessing = 0;
		};
		554347E21F82D1B600C3C2CB /* Sources */ = {
			isa = PBXSourcesBuildPhase;
			buildActionMask = 2147483647;
			files = (
				5543482A1F82D21000C3C2CB /* FogExternalizable.swift in Sources */,
				5543481E1F82D1F700C3C2CB /* MQTTRetryConnection.swift in Sources */,
				554347F51F82D1D400C3C2CB /* FogSocketStream.swift in Sources */,
				554348131F82D1F100C3C2CB /* MQTTPublishAckPacket.swift in Sources */,
				554348011F82D1E100C3C2CB /* MQTTMessage.swift in Sources */,
				5543481F1F82D1F700C3C2CB /* MQTTSubscriber.swift in Sources */,
				554348211F82D1FB00C3C2CB /* MQTTBridge.swift in Sources */,
				5543480A1F82D1E900C3C2CB /* MQTTConnectPacket.swift in Sources */,
				554348171F82D1F100C3C2CB /* MQTTPublishRelPacket.swift in Sources */,
				554348221F82D1FB00C3C2CB /* MQTTBroadcaster.swift in Sources */,
				554348161F82D1F100C3C2CB /* MQTTPublishRecPacket.swift in Sources */,
				554348271F82D20B00C3C2CB /* FogColorspace.swift in Sources */,
				554347F71F82D1D400C3C2CB /* FogStreamWritable.swift in Sources */,
				5501BBE91FC7318F00E68C9D /* MQTTConnectionManager.swift in Sources */,
				554347FA1F82D1DA00C3C2CB /* MQTTClientParams.swift in Sources */,
				554347F11F82D1CB00C3C2CB /* Extensions.swift in Sources */,
				5543481D1F82D1F700C3C2CB /* MQTTPublisher.swift in Sources */,
				5543481A1F82D1F700C3C2CB /* MQTTMessageIdSource.swift in Sources */,
				558D656520F50E0E00CFD226 /* FogNetworkReachability.swift in Sources */,
				554348061F82D1E500C3C2CB /* MQTTConnAckPacket.swift in Sources */,
				553146D02114885800089385 /* MQTTTopicPattern.swift in Sources */,
				554348101F82D1EC00C3C2CB /* MQTTPackedLength.swift in Sources */,
				554348021F82D1E100C3C2CB /* MQTTPacketFixedHeader.swift in Sources */,
				5543481C1F82D1F700C3C2CB /* MQTTPersistance.swift in Sources */,
				554347F61F82D1D400C3C2CB /* FogStreamReadable.swift in Sources */,
				554348181F82D1F700C3C2CB /* MQTTConnection.swift in Sources */,
				554348251F82D1FB00C3C2CB /* MQTTMetrics.swift in Sources */,
				554348291F82D21000C3C2CB /* Data+Fog.swift in Sources */,
				5543482B1F82D21000C3C2CB /* fogSize.swift in Sources */,
				554347F31F82D1D000C3C2CB /* RunLoopPool.swift in Sources */,
				554348041F82D1E100C3C2CB /* MQTTPayload.swift in Sources */,
				554347FD1F82D1DA00C3C2CB /* MQTTHostParams.swift in Sources */,
				554347FE1F82D1DA00C3C2CB /* MQTTPingStatus.swift in Sources */,
				554348231F82D1FB00C3C2CB /* MQTTClient.swift in Sources */,
				5543480D1F82D1E900C3C2CB /* MQTTSubPacket.swift in Sources */,
				55130BD921035E36001D2E3F /* MQTTMultiClientAppController.swift in Sources */,
				554348091F82D1E500C3C2CB /* MQTTUnsubAckPacket.swift in Sources */,
				554348191F82D1F700C3C2CB /* MQTTDistributer.swift in Sources */,
				554348201F82D1F700C3C2CB /* MQTTTopicScope.swift in Sources */,
				55130BD821035E33001D2E3F /* MQTTClientAppController.swift in Sources */,
				554347FF1F82D1DA00C3C2CB /* MQTTReconnectParams.swift in Sources */,
				554348111F82D1EC00C3C2CB /* MQTTPacket.swift in Sources */,
				5543480F1F82D1EC00C3C2CB /* Data+MQTT.swift in Sources */,
				554348071F82D1E500C3C2CB /* MQTTPingAckPacket.swift in Sources */,
				55D7C5581F82E6D30045258D /* FogPixel.swift in Sources */,
				554348051F82D1E100C3C2CB /* MQTTQoS.swift in Sources */,
				554347F21F82D1D000C3C2CB /* ReadWriteMutex.swift in Sources */,
				5543481B1F82D1F700C3C2CB /* MQTTPacketDurability.swift in Sources */,
				554347FB1F82D1DA00C3C2CB /* MQTTConnectedState.swift in Sources */,
				5543480C1F82D1E900C3C2CB /* MQTTPingPacket.swift in Sources */,
				554347F01F82D1CB00C3C2CB /* FogRational.swift in Sources */,
				554347EF1F82D1CB00C3C2CB /* FogFeedbackValue.swift in Sources */,
				55D7C5571F82E6BC0045258D /* FogBitmapLayout.swift in Sources */,
				5501BBEA1FC7319400E68C9D /* MQTTRouter.swift in Sources */,
				554347F91F82D1DA00C3C2CB /* MQTTAuthentication.swift in Sources */,
				554348031F82D1E100C3C2CB /* MQTTPacketType.swift in Sources */,
				5543480E1F82D1E900C3C2CB /* MQTTUnsubPacket.swift in Sources */,
				554348141F82D1F100C3C2CB /* MQTTPublishCompPacket.swift in Sources */,
				554348001F82D1E100C3C2CB /* MQTTConnAckResponse.swift in Sources */,
				558D656320F50E0600CFD226 /* FogNetworkReachabilityStatus.swift in Sources */,
				55D7C5591F82E6F30045258D /* FogBitMap.swift in Sources */,
				554348121F82D1EC00C3C2CB /* MQTTPacketFactory.swift in Sources */,
				554348151F82D1F100C3C2CB /* MQTTPublishPacket.swift in Sources */,
				5543480B1F82D1E900C3C2CB /* MQTTDisconnectPacket.swift in Sources */,
				5501BBEB1FC731A100E68C9D /* MQTTRoutingParams.swift in Sources */,
				55130BB9210224DB001D2E3F /* Optional+RAII.swift in Sources */,
				554348241F82D1FB00C3C2CB /* MQTTControl.swift in Sources */,
				554348081F82D1E500C3C2CB /* MQTTSubAckPacket.swift in Sources */,
				554347FC1F82D1DA00C3C2CB /* MQTTConnectionDisconnect.swift in Sources */,
			);
			runOnlyForDeploymentPostprocessing = 0;
		};
		5578602320F3AA5E00FC182D /* Sources */ = {
			isa = PBXSourcesBuildPhase;
			buildActionMask = 2147483647;
			files = (
				5578603220F3AA8100FC182D /* MQTTPacketDurability.swift in Sources */,
				5578603A20F3AA8A00FC182D /* MQTTPublishAckPacket.swift in Sources */,
				5578604420F3AA9600FC182D /* MQTTBroadcaster.swift in Sources */,
				5578605620F3AAAF00FC182D /* MQTTUnsubPacket.swift in Sources */,
				5578604A20F3AA9B00FC182D /* fogSize.swift in Sources */,
				5578604620F3AA9600FC182D /* MQTTControl.swift in Sources */,
				5578609120F406AE00FC182D /* FogRational.swift in Sources */,
				5578605420F3AAAF00FC182D /* MQTTPingPacket.swift in Sources */,
				5578606620F3AAC000FC182D /* MQTTPingStatus.swift in Sources */,
				5578606820F3AAC000FC182D /* MQTTRoutingParams.swift in Sources */,
				5578605820F3AAB500FC182D /* MQTTPingAckPacket.swift in Sources */,
				5578604120F3AA8F00FC182D /* MQTTPacket.swift in Sources */,
				553146D12114885800089385 /* MQTTTopicPattern.swift in Sources */,
				5578603620F3AA8100FC182D /* MQTTSubscriber.swift in Sources */,
				5578604E20F3AAA100FC182D /* FogPixel.swift in Sources */,
				5578609020F406AA00FC182D /* FogFeedbackValue.swift in Sources */,
				5578604720F3AA9600FC182D /* MQTTMetrics.swift in Sources */,
				5578602F20F3AA8100FC182D /* MQTTConnection.swift in Sources */,
				5578605D20F3AABC00FC182D /* MQTTPacketFixedHeader.swift in Sources */,
				5578605A20F3AAB500FC182D /* MQTTUnsubAckPacket.swift in Sources */,
				5578605E20F3AABC00FC182D /* MQTTPacketType.swift in Sources */,
				5578604320F3AA9600FC182D /* MQTTBridge.swift in Sources */,
				5578603D20F3AA8A00FC182D /* MQTTPublishRecPacket.swift in Sources */,
				5578604020F3AA8F00FC182D /* MQTTPackedLength.swift in Sources */,
				5578606F20F3AADB00FC182D /* RunLoopPool.swift in Sources */,
				5578607220F3AC0200FC182D /* Extensions.swift in Sources */,
				5578603120F3AA8100FC182D /* MQTTMessageIdSource.swift in Sources */,
				5578603720F3AA8100FC182D /* MQTTTopicScope.swift in Sources */,
				5578606520F3AAC000FC182D /* MQTTHostParams.swift in Sources */,
				5578603520F3AA8100FC182D /* MQTTRetryConnection.swift in Sources */,
				5578606320F3AAC000FC182D /* MQTTConnectedState.swift in Sources */,
				5578605720F3AAB500FC182D /* MQTTConnAckPacket.swift in Sources */,
				5578606720F3AAC000FC182D /* MQTTReconnectParams.swift in Sources */,
				5578603B20F3AA8A00FC182D /* MQTTPublishCompPacket.swift in Sources */,
				5578604D20F3AAA100FC182D /* FogColorspace.swift in Sources */,
				5578606A20F3AAC400FC182D /* FogStreamReadable.swift in Sources */,
				5578603020F3AA8100FC182D /* MQTTDistributer.swift in Sources */,
				5578606420F3AAC000FC182D /* MQTTConnectionDisconnect.swift in Sources */,
				5578605920F3AAB500FC182D /* MQTTSubAckPacket.swift in Sources */,
				5578604C20F3AAA100FC182D /* FogBitmapLayout.swift in Sources */,
				5578604220F3AA8F00FC182D /* MQTTPacketFactory.swift in Sources */,
				5578603920F3AA8100FC182D /* MQTTConnectionManager.swift in Sources */,
				558D656720F50E1200CFD226 /* FogNetworkReachabilityStub.swift in Sources */,
				55130BD621035BC6001D2E3F /* MQTTClientAppController.swift in Sources */,
				5578603420F3AA8100FC182D /* MQTTPublisher.swift in Sources */,
				5578603C20F3AA8A00FC182D /* MQTTPublishPacket.swift in Sources */,
				5578604B20F3AAA100FC182D /* FogBitMap.swift in Sources */,
				5578604520F3AA9600FC182D /* MQTTClient.swift in Sources */,
				55130BBA210224DB001D2E3F /* Optional+RAII.swift in Sources */,
				5578605020F3AAA100FC182D /* UIImage+Fog.swift in Sources */,
				5578605B20F3AABC00FC182D /* MQTTConnAckResponse.swift in Sources */,
				55130BD721035BCB001D2E3F /* MQTTMultiClientAppController.swift in Sources */,
				5578603F20F3AA8F00FC182D /* Data+MQTT.swift in Sources */,
				558D656220F50E0500CFD226 /* FogNetworkReachabilityStatus.swift in Sources */,
				5578605520F3AAAF00FC182D /* MQTTSubPacket.swift in Sources */,
				5578603E20F3AA8A00FC182D /* MQTTPublishRelPacket.swift in Sources */,
				5578605220F3AAAF00FC182D /* MQTTConnectPacket.swift in Sources */,
				5578606E20F3AADB00FC182D /* ReadWriteMutex.swift in Sources */,
				5578603820F3AA8100FC182D /* MQTTRouter.swift in Sources */,
				5578604920F3AA9B00FC182D /* FogExternalizable.swift in Sources */,
				5578606020F3AABC00FC182D /* MQTTQoS.swift in Sources */,
				5578605F20F3AABC00FC182D /* MQTTPayload.swift in Sources */,
				5578606120F3AAC000FC182D /* MQTTAuthentication.swift in Sources */,
				5578606B20F3AAC400FC182D /* FogStreamWritable.swift in Sources */,
				5578604820F3AA9B00FC182D /* Data+Fog.swift in Sources */,
				5578605320F3AAAF00FC182D /* MQTTDisconnectPacket.swift in Sources */,
				5578603320F3AA8100FC182D /* MQTTPersistance.swift in Sources */,
				5578606220F3AAC000FC182D /* MQTTClientParams.swift in Sources */,
				5578606920F3AAC400FC182D /* FogSocketStream.swift in Sources */,
				5578605C20F3AABC00FC182D /* MQTTMessage.swift in Sources */,
			);
			runOnlyForDeploymentPostprocessing = 0;
		};
/* End PBXSourcesBuildPhase section */

/* Begin PBXTargetDependency section */
		553146FD21153C3900089385 /* PBXTargetDependency */ = {
			isa = PBXTargetDependency;
			target = 554347461F82D0F600C3C2CB /* SwiftyFog_iOS */;
			targetProxy = 553146FC21153C3900089385 /* PBXContainerItemProxy */;
		};
/* End PBXTargetDependency section */

/* Begin XCBuildConfiguration section */
		553146FF21153C3900089385 /* Debug */ = {
			isa = XCBuildConfiguration;
			buildSettings = {
				CLANG_ENABLE_OBJC_WEAK = YES;
				CODE_SIGN_STYLE = Automatic;
				DEVELOPMENT_TEAM = 4JYR7R4Y2M;
				INFOPLIST_FILE = SwiftyFog_iOS_Tests/Info.plist;
				IPHONEOS_DEPLOYMENT_TARGET = 12.0;
				LD_RUNPATH_SEARCH_PATHS = "$(inherited) @executable_path/Frameworks @loader_path/Frameworks";
				MTL_ENABLE_DEBUG_INFO = INCLUDE_SOURCE;
				MTL_FAST_MATH = YES;
				PRODUCT_BUNDLE_IDENTIFIER = "com.objectcomputing.SwiftyFog-iOS-Tests";
				PRODUCT_NAME = "$(TARGET_NAME)";
				SWIFT_VERSION = 4.2;
				TARGETED_DEVICE_FAMILY = "1,2";
			};
			name = Debug;
		};
		5531470021153C3900089385 /* Release */ = {
			isa = XCBuildConfiguration;
			buildSettings = {
				CLANG_ENABLE_OBJC_WEAK = YES;
				CODE_SIGN_STYLE = Automatic;
				DEVELOPMENT_TEAM = 4JYR7R4Y2M;
				INFOPLIST_FILE = SwiftyFog_iOS_Tests/Info.plist;
				IPHONEOS_DEPLOYMENT_TARGET = 12.0;
				LD_RUNPATH_SEARCH_PATHS = "$(inherited) @executable_path/Frameworks @loader_path/Frameworks";
				MTL_FAST_MATH = YES;
				PRODUCT_BUNDLE_IDENTIFIER = "com.objectcomputing.SwiftyFog-iOS-Tests";
				PRODUCT_NAME = "$(TARGET_NAME)";
				SWIFT_VERSION = 4.2;
				TARGETED_DEVICE_FAMILY = "1,2";
			};
			name = Release;
		};
		5543474D1F82D0F600C3C2CB /* Debug */ = {
			isa = XCBuildConfiguration;
			buildSettings = {
				ALWAYS_SEARCH_USER_PATHS = NO;
				CLANG_ANALYZER_NONNULL = YES;
				CLANG_ANALYZER_NUMBER_OBJECT_CONVERSION = YES_AGGRESSIVE;
				CLANG_CXX_LANGUAGE_STANDARD = "gnu++14";
				CLANG_CXX_LIBRARY = "libc++";
				CLANG_ENABLE_MODULES = YES;
				CLANG_ENABLE_OBJC_ARC = YES;
				CLANG_WARN_BLOCK_CAPTURE_AUTORELEASING = YES;
				CLANG_WARN_BOOL_CONVERSION = YES;
				CLANG_WARN_COMMA = YES;
				CLANG_WARN_CONSTANT_CONVERSION = YES;
				CLANG_WARN_DEPRECATED_OBJC_IMPLEMENTATIONS = YES;
				CLANG_WARN_DIRECT_OBJC_ISA_USAGE = YES_ERROR;
				CLANG_WARN_DOCUMENTATION_COMMENTS = YES;
				CLANG_WARN_EMPTY_BODY = YES;
				CLANG_WARN_ENUM_CONVERSION = YES;
				CLANG_WARN_INFINITE_RECURSION = YES;
				CLANG_WARN_INT_CONVERSION = YES;
				CLANG_WARN_NON_LITERAL_NULL_CONVERSION = YES;
				CLANG_WARN_OBJC_IMPLICIT_RETAIN_SELF = YES;
				CLANG_WARN_OBJC_LITERAL_CONVERSION = YES;
				CLANG_WARN_OBJC_ROOT_CLASS = YES_ERROR;
				CLANG_WARN_RANGE_LOOP_ANALYSIS = YES;
				CLANG_WARN_STRICT_PROTOTYPES = YES;
				CLANG_WARN_SUSPICIOUS_MOVE = YES;
				CLANG_WARN_UNGUARDED_AVAILABILITY = YES_AGGRESSIVE;
				CLANG_WARN_UNREACHABLE_CODE = YES;
				CLANG_WARN__DUPLICATE_METHOD_MATCH = YES;
				CODE_SIGN_IDENTITY = "iPhone Developer";
				COPY_PHASE_STRIP = NO;
				CURRENT_PROJECT_VERSION = 1;
				DEBUG_INFORMATION_FORMAT = dwarf;
				ENABLE_STRICT_OBJC_MSGSEND = YES;
				ENABLE_TESTABILITY = YES;
				GCC_C_LANGUAGE_STANDARD = gnu11;
				GCC_DYNAMIC_NO_PIC = NO;
				GCC_NO_COMMON_BLOCKS = YES;
				GCC_OPTIMIZATION_LEVEL = 0;
				GCC_PREPROCESSOR_DEFINITIONS = (
					"DEBUG=1",
					"$(inherited)",
				);
				GCC_WARN_64_TO_32_BIT_CONVERSION = YES;
				GCC_WARN_ABOUT_RETURN_TYPE = YES_ERROR;
				GCC_WARN_UNDECLARED_SELECTOR = YES;
				GCC_WARN_UNINITIALIZED_AUTOS = YES_AGGRESSIVE;
				GCC_WARN_UNUSED_FUNCTION = YES;
				GCC_WARN_UNUSED_VARIABLE = YES;
				IPHONEOS_DEPLOYMENT_TARGET = 11.4;
				MACOSX_DEPLOYMENT_TARGET = 10.12;
				MTL_ENABLE_DEBUG_INFO = YES;
				ONLY_ACTIVE_ARCH = YES;
				SDKROOT = iphoneos;
				SWIFT_ACTIVE_COMPILATION_CONDITIONS = DEBUG;
				SWIFT_OPTIMIZATION_LEVEL = "-Onone";
				VERSIONING_SYSTEM = "apple-generic";
				VERSION_INFO_PREFIX = "";
			};
			name = Debug;
		};
		5543474E1F82D0F600C3C2CB /* Release */ = {
			isa = XCBuildConfiguration;
			buildSettings = {
				ALWAYS_SEARCH_USER_PATHS = NO;
				CLANG_ANALYZER_NONNULL = YES;
				CLANG_ANALYZER_NUMBER_OBJECT_CONVERSION = YES_AGGRESSIVE;
				CLANG_CXX_LANGUAGE_STANDARD = "gnu++14";
				CLANG_CXX_LIBRARY = "libc++";
				CLANG_ENABLE_MODULES = YES;
				CLANG_ENABLE_OBJC_ARC = YES;
				CLANG_WARN_BLOCK_CAPTURE_AUTORELEASING = YES;
				CLANG_WARN_BOOL_CONVERSION = YES;
				CLANG_WARN_COMMA = YES;
				CLANG_WARN_CONSTANT_CONVERSION = YES;
				CLANG_WARN_DEPRECATED_OBJC_IMPLEMENTATIONS = YES;
				CLANG_WARN_DIRECT_OBJC_ISA_USAGE = YES_ERROR;
				CLANG_WARN_DOCUMENTATION_COMMENTS = YES;
				CLANG_WARN_EMPTY_BODY = YES;
				CLANG_WARN_ENUM_CONVERSION = YES;
				CLANG_WARN_INFINITE_RECURSION = YES;
				CLANG_WARN_INT_CONVERSION = YES;
				CLANG_WARN_NON_LITERAL_NULL_CONVERSION = YES;
				CLANG_WARN_OBJC_IMPLICIT_RETAIN_SELF = YES;
				CLANG_WARN_OBJC_LITERAL_CONVERSION = YES;
				CLANG_WARN_OBJC_ROOT_CLASS = YES_ERROR;
				CLANG_WARN_RANGE_LOOP_ANALYSIS = YES;
				CLANG_WARN_STRICT_PROTOTYPES = YES;
				CLANG_WARN_SUSPICIOUS_MOVE = YES;
				CLANG_WARN_UNGUARDED_AVAILABILITY = YES_AGGRESSIVE;
				CLANG_WARN_UNREACHABLE_CODE = YES;
				CLANG_WARN__DUPLICATE_METHOD_MATCH = YES;
				CODE_SIGN_IDENTITY = "iPhone Developer";
				COPY_PHASE_STRIP = NO;
				CURRENT_PROJECT_VERSION = 1;
				DEBUG_INFORMATION_FORMAT = "dwarf-with-dsym";
				ENABLE_NS_ASSERTIONS = NO;
				ENABLE_STRICT_OBJC_MSGSEND = YES;
				GCC_C_LANGUAGE_STANDARD = gnu11;
				GCC_NO_COMMON_BLOCKS = YES;
				GCC_WARN_64_TO_32_BIT_CONVERSION = YES;
				GCC_WARN_ABOUT_RETURN_TYPE = YES_ERROR;
				GCC_WARN_UNDECLARED_SELECTOR = YES;
				GCC_WARN_UNINITIALIZED_AUTOS = YES_AGGRESSIVE;
				GCC_WARN_UNUSED_FUNCTION = YES;
				GCC_WARN_UNUSED_VARIABLE = YES;
				IPHONEOS_DEPLOYMENT_TARGET = 11.4;
				MACOSX_DEPLOYMENT_TARGET = 10.12;
				MTL_ENABLE_DEBUG_INFO = NO;
				SDKROOT = iphoneos;
				SWIFT_OPTIMIZATION_LEVEL = "-Owholemodule";
				VALIDATE_PRODUCT = YES;
				VERSIONING_SYSTEM = "apple-generic";
				VERSION_INFO_PREFIX = "";
			};
			name = Release;
		};
		554347501F82D0F600C3C2CB /* Debug */ = {
			isa = XCBuildConfiguration;
			buildSettings = {
				CODE_SIGN_IDENTITY = "";
				CODE_SIGN_STYLE = Manual;
				DEFINES_MODULE = YES;
				DEVELOPMENT_TEAM = "";
				DYLIB_COMPATIBILITY_VERSION = 1;
				DYLIB_CURRENT_VERSION = 1;
				DYLIB_INSTALL_NAME_BASE = "@rpath";
				INFOPLIST_FILE = SwiftyFog/Info.plist;
				INSTALL_PATH = "$(LOCAL_LIBRARY_DIR)/Frameworks";
				IPHONEOS_DEPLOYMENT_TARGET = 11.3;
				LD_RUNPATH_SEARCH_PATHS = "$(inherited) @executable_path/Frameworks @loader_path/Frameworks";
				PRODUCT_BUNDLE_IDENTIFIER = com.objectcomputing.SwiftyFog;
				PRODUCT_NAME = "$(TARGET_NAME:c99extidentifier)";
				PROVISIONING_PROFILE_SPECIFIER = "";
				SKIP_INSTALL = YES;
				SWIFT_VERSION = 4.2;
				TARGETED_DEVICE_FAMILY = "1,2";
			};
			name = Debug;
		};
		554347511F82D0F600C3C2CB /* Release */ = {
			isa = XCBuildConfiguration;
			buildSettings = {
				CODE_SIGN_IDENTITY = "";
				CODE_SIGN_STYLE = Manual;
				DEFINES_MODULE = YES;
				DEVELOPMENT_TEAM = "";
				DYLIB_COMPATIBILITY_VERSION = 1;
				DYLIB_CURRENT_VERSION = 1;
				DYLIB_INSTALL_NAME_BASE = "@rpath";
				INFOPLIST_FILE = SwiftyFog/Info.plist;
				INSTALL_PATH = "$(LOCAL_LIBRARY_DIR)/Frameworks";
				IPHONEOS_DEPLOYMENT_TARGET = 11.3;
				LD_RUNPATH_SEARCH_PATHS = "$(inherited) @executable_path/Frameworks @loader_path/Frameworks";
				PRODUCT_BUNDLE_IDENTIFIER = com.objectcomputing.SwiftyFog;
				PRODUCT_NAME = "$(TARGET_NAME:c99extidentifier)";
				PROVISIONING_PROFILE_SPECIFIER = "";
				SKIP_INSTALL = YES;
				SWIFT_VERSION = 4.2;
				TARGETED_DEVICE_FAMILY = "1,2";
			};
			name = Release;
		};
		554347ED1F82D1B600C3C2CB /* Debug */ = {
			isa = XCBuildConfiguration;
			buildSettings = {
				CODE_SIGN_IDENTITY = "";
				CODE_SIGN_STYLE = Manual;
				COMBINE_HIDPI_IMAGES = YES;
				DEFINES_MODULE = YES;
				DEVELOPMENT_TEAM = "";
				DYLIB_COMPATIBILITY_VERSION = 1;
				DYLIB_CURRENT_VERSION = 1;
				DYLIB_INSTALL_NAME_BASE = "@rpath";
				FRAMEWORK_VERSION = A;
				INFOPLIST_FILE = SwiftyFog_mac/Info.plist;
				INSTALL_PATH = "$(LOCAL_LIBRARY_DIR)/Frameworks";
				LD_RUNPATH_SEARCH_PATHS = "$(inherited) @executable_path/../Frameworks @loader_path/Frameworks";
				MACOSX_DEPLOYMENT_TARGET = 10.12;
				PRODUCT_BUNDLE_IDENTIFIER = "com.objectcomputing.SwiftyFog-mac";
				PRODUCT_NAME = "$(TARGET_NAME:c99extidentifier)";
				PROVISIONING_PROFILE_SPECIFIER = "";
				SDKROOT = macosx;
				SKIP_INSTALL = YES;
				SWIFT_VERSION = 4.2;
			};
			name = Debug;
		};
		554347EE1F82D1B600C3C2CB /* Release */ = {
			isa = XCBuildConfiguration;
			buildSettings = {
				CODE_SIGN_IDENTITY = "";
				CODE_SIGN_STYLE = Manual;
				COMBINE_HIDPI_IMAGES = YES;
				DEFINES_MODULE = YES;
				DEVELOPMENT_TEAM = "";
				DYLIB_COMPATIBILITY_VERSION = 1;
				DYLIB_CURRENT_VERSION = 1;
				DYLIB_INSTALL_NAME_BASE = "@rpath";
				FRAMEWORK_VERSION = A;
				INFOPLIST_FILE = SwiftyFog_mac/Info.plist;
				INSTALL_PATH = "$(LOCAL_LIBRARY_DIR)/Frameworks";
				LD_RUNPATH_SEARCH_PATHS = "$(inherited) @executable_path/../Frameworks @loader_path/Frameworks";
				MACOSX_DEPLOYMENT_TARGET = 10.12;
				PRODUCT_BUNDLE_IDENTIFIER = "com.objectcomputing.SwiftyFog-mac";
				PRODUCT_NAME = "$(TARGET_NAME:c99extidentifier)";
				PROVISIONING_PROFILE_SPECIFIER = "";
				SDKROOT = macosx;
				SKIP_INSTALL = YES;
				SWIFT_VERSION = 4.2;
			};
			name = Release;
		};
		5578602D20F3AA5E00FC182D /* Debug */ = {
			isa = XCBuildConfiguration;
			buildSettings = {
				APPLICATION_EXTENSION_API_ONLY = YES;
				CLANG_ENABLE_OBJC_WEAK = YES;
				CODE_SIGN_IDENTITY = "";
				CODE_SIGN_STYLE = Manual;
				DEFINES_MODULE = YES;
				DEVELOPMENT_TEAM = "";
				DYLIB_COMPATIBILITY_VERSION = 1;
				DYLIB_CURRENT_VERSION = 1;
				DYLIB_INSTALL_NAME_BASE = "@rpath";
				INFOPLIST_FILE = SwiftFog_watch/Info.plist;
				INSTALL_PATH = "$(LOCAL_LIBRARY_DIR)/Frameworks";
				LD_RUNPATH_SEARCH_PATHS = "$(inherited) @executable_path/Frameworks @loader_path/Frameworks";
				MTL_ENABLE_DEBUG_INFO = INCLUDE_SOURCE;
				MTL_FAST_MATH = YES;
				PRODUCT_BUNDLE_IDENTIFIER = "com.objectcomputing.SwiftFog-watch";
				PRODUCT_NAME = "$(TARGET_NAME:c99extidentifier)";
				PROVISIONING_PROFILE_SPECIFIER = "";
				SDKROOT = watchos;
				SKIP_INSTALL = YES;
				SWIFT_VERSION = 4.2;
				TARGETED_DEVICE_FAMILY = 4;
				WATCHOS_DEPLOYMENT_TARGET = 4.3;
			};
			name = Debug;
		};
		5578602E20F3AA5E00FC182D /* Release */ = {
			isa = XCBuildConfiguration;
			buildSettings = {
				APPLICATION_EXTENSION_API_ONLY = YES;
				CLANG_ENABLE_OBJC_WEAK = YES;
				CODE_SIGN_IDENTITY = "";
				CODE_SIGN_STYLE = Manual;
				DEFINES_MODULE = YES;
				DEVELOPMENT_TEAM = "";
				DYLIB_COMPATIBILITY_VERSION = 1;
				DYLIB_CURRENT_VERSION = 1;
				DYLIB_INSTALL_NAME_BASE = "@rpath";
				INFOPLIST_FILE = SwiftFog_watch/Info.plist;
				INSTALL_PATH = "$(LOCAL_LIBRARY_DIR)/Frameworks";
				LD_RUNPATH_SEARCH_PATHS = "$(inherited) @executable_path/Frameworks @loader_path/Frameworks";
				MTL_FAST_MATH = YES;
				PRODUCT_BUNDLE_IDENTIFIER = "com.objectcomputing.SwiftFog-watch";
				PRODUCT_NAME = "$(TARGET_NAME:c99extidentifier)";
				PROVISIONING_PROFILE_SPECIFIER = "";
				SDKROOT = watchos;
				SKIP_INSTALL = YES;
				SWIFT_VERSION = 4.2;
				TARGETED_DEVICE_FAMILY = 4;
				WATCHOS_DEPLOYMENT_TARGET = 4.3;
			};
			name = Release;
		};
/* End XCBuildConfiguration section */

/* Begin XCConfigurationList section */
		553146FE21153C3900089385 /* Build configuration list for PBXNativeTarget "SwiftyFog_iOSTests" */ = {
			isa = XCConfigurationList;
			buildConfigurations = (
				553146FF21153C3900089385 /* Debug */,
				5531470021153C3900089385 /* Release */,
			);
			defaultConfigurationIsVisible = 0;
			defaultConfigurationName = Release;
		};
		554347411F82D0F600C3C2CB /* Build configuration list for PBXProject "SwiftyFog" */ = {
			isa = XCConfigurationList;
			buildConfigurations = (
				5543474D1F82D0F600C3C2CB /* Debug */,
				5543474E1F82D0F600C3C2CB /* Release */,
			);
			defaultConfigurationIsVisible = 0;
			defaultConfigurationName = Release;
		};
		5543474F1F82D0F600C3C2CB /* Build configuration list for PBXNativeTarget "SwiftyFog_iOS" */ = {
			isa = XCConfigurationList;
			buildConfigurations = (
				554347501F82D0F600C3C2CB /* Debug */,
				554347511F82D0F600C3C2CB /* Release */,
			);
			defaultConfigurationIsVisible = 0;
			defaultConfigurationName = Release;
		};
		554347EC1F82D1B600C3C2CB /* Build configuration list for PBXNativeTarget "SwiftyFog_mac" */ = {
			isa = XCConfigurationList;
			buildConfigurations = (
				554347ED1F82D1B600C3C2CB /* Debug */,
				554347EE1F82D1B600C3C2CB /* Release */,
			);
			defaultConfigurationIsVisible = 0;
			defaultConfigurationName = Release;
		};
		5578602C20F3AA5E00FC182D /* Build configuration list for PBXNativeTarget "SwiftFog_watch" */ = {
			isa = XCConfigurationList;
			buildConfigurations = (
				5578602D20F3AA5E00FC182D /* Debug */,
				5578602E20F3AA5E00FC182D /* Release */,
			);
			defaultConfigurationIsVisible = 0;
			defaultConfigurationName = Release;
		};
/* End XCConfigurationList section */
	};
	rootObject = 5543473E1F82D0F600C3C2CB /* Project object */;
}
