// !$*UTF8*$!
{
	archiveVersion = 1;
	classes = {
	};
	objectVersion = 48;
	objects = {

/* Begin PBXBuildFile section */
		861992531F856D2E006260C0 /* ocilogo.dae in Resources */ = {isa = PBXBuildFile; fileRef = 861992521F856D2E006260C0 /* ocilogo.dae */; };
		861992541F8575DC006260C0 /* SwiftyFog_iOS.framework in Frameworks */ = {isa = PBXBuildFile; fileRef = 8696278B1F855ED700A2CCE0 /* SwiftyFog_iOS.framework */; };
		861992561F8575FB006260C0 /* SwiftyFog_iOS.framework in Embed Frameworks */ = {isa = PBXBuildFile; fileRef = 8696278B1F855ED700A2CCE0 /* SwiftyFog_iOS.framework */; settings = {ATTRIBUTES = (CodeSignOnCopy, RemoveHeadersOnCopy, ); }; };
		869627731F855E2C00A2CCE0 /* AppDelegate.swift in Sources */ = {isa = PBXBuildFile; fileRef = 869627721F855E2C00A2CCE0 /* AppDelegate.swift */; };
		869627751F855E2C00A2CCE0 /* art.scnassets in Resources */ = {isa = PBXBuildFile; fileRef = 869627741F855E2C00A2CCE0 /* art.scnassets */; };
		869627771F855E2C00A2CCE0 /* ARViewController.swift in Sources */ = {isa = PBXBuildFile; fileRef = 869627761F855E2C00A2CCE0 /* ARViewController.swift */; };
		8696277A1F855E2C00A2CCE0 /* Main.storyboard in Resources */ = {isa = PBXBuildFile; fileRef = 869627781F855E2C00A2CCE0 /* Main.storyboard */; };
		8696277C1F855E2C00A2CCE0 /* Assets.xcassets in Resources */ = {isa = PBXBuildFile; fileRef = 8696277B1F855E2C00A2CCE0 /* Assets.xcassets */; };
		8696277F1F855E2D00A2CCE0 /* LaunchScreen.storyboard in Resources */ = {isa = PBXBuildFile; fileRef = 8696277D1F855E2C00A2CCE0 /* LaunchScreen.storyboard */; };
		8696278D1F85600A00A2CCE0 /* ARAppController.swift in Sources */ = {isa = PBXBuildFile; fileRef = 8696278C1F85600A00A2CCE0 /* ARAppController.swift */; };
		869627911F85646200A2CCE0 /* FoggyLogo.swift in Sources */ = {isa = PBXBuildFile; fileRef = 869627901F85646200A2CCE0 /* FoggyLogo.swift */; };
/* End PBXBuildFile section */

/* Begin PBXCopyFilesBuildPhase section */
		861992571F8575FB006260C0 /* Embed Frameworks */ = {
			isa = PBXCopyFilesBuildPhase;
			buildActionMask = 2147483647;
			dstPath = "";
			dstSubfolderSpec = 10;
			files = (
				861992561F8575FB006260C0 /* SwiftyFog_iOS.framework in Embed Frameworks */,
			);
			name = "Embed Frameworks";
			runOnlyForDeploymentPostprocessing = 0;
		};
/* End PBXCopyFilesBuildPhase section */

/* Begin PBXFileReference section */
		861992521F856D2E006260C0 /* ocilogo.dae */ = {isa = PBXFileReference; fileEncoding = 4; lastKnownFileType = text.xml.dae; path = ocilogo.dae; sourceTree = "<group>"; };
		8696276F1F855E2C00A2CCE0 /* FoggyAR.app */ = {isa = PBXFileReference; explicitFileType = wrapper.application; includeInIndex = 0; path = FoggyAR.app; sourceTree = BUILT_PRODUCTS_DIR; };
		869627721F855E2C00A2CCE0 /* AppDelegate.swift */ = {isa = PBXFileReference; lastKnownFileType = sourcecode.swift; path = AppDelegate.swift; sourceTree = "<group>"; };
		869627741F855E2C00A2CCE0 /* art.scnassets */ = {isa = PBXFileReference; lastKnownFileType = wrapper.scnassets; path = art.scnassets; sourceTree = "<group>"; };
		869627761F855E2C00A2CCE0 /* ARViewController.swift */ = {isa = PBXFileReference; lastKnownFileType = sourcecode.swift; path = ARViewController.swift; sourceTree = "<group>"; };
		869627791F855E2C00A2CCE0 /* Base */ = {isa = PBXFileReference; lastKnownFileType = file.storyboard; name = Base; path = Base.lproj/Main.storyboard; sourceTree = "<group>"; };
		8696277B1F855E2C00A2CCE0 /* Assets.xcassets */ = {isa = PBXFileReference; lastKnownFileType = folder.assetcatalog; path = Assets.xcassets; sourceTree = "<group>"; };
		8696277E1F855E2C00A2CCE0 /* Base */ = {isa = PBXFileReference; lastKnownFileType = file.storyboard; name = Base; path = Base.lproj/LaunchScreen.storyboard; sourceTree = "<group>"; };
		869627801F855E2D00A2CCE0 /* Info.plist */ = {isa = PBXFileReference; lastKnownFileType = text.plist.xml; path = Info.plist; sourceTree = "<group>"; };
		8696278B1F855ED700A2CCE0 /* SwiftyFog_iOS.framework */ = {isa = PBXFileReference; explicitFileType = wrapper.framework; path = SwiftyFog_iOS.framework; sourceTree = BUILT_PRODUCTS_DIR; };
		8696278C1F85600A00A2CCE0 /* ARAppController.swift */ = {isa = PBXFileReference; lastKnownFileType = sourcecode.swift; path = ARAppController.swift; sourceTree = "<group>"; };
		869627901F85646200A2CCE0 /* FoggyLogo.swift */ = {isa = PBXFileReference; lastKnownFileType = sourcecode.swift; path = FoggyLogo.swift; sourceTree = "<group>"; };
/* End PBXFileReference section */

/* Begin PBXFrameworksBuildPhase section */
		8696276C1F855E2C00A2CCE0 /* Frameworks */ = {
			isa = PBXFrameworksBuildPhase;
			buildActionMask = 2147483647;
			files = (
				861992541F8575DC006260C0 /* SwiftyFog_iOS.framework in Frameworks */,
			);
			runOnlyForDeploymentPostprocessing = 0;
		};
/* End PBXFrameworksBuildPhase section */

/* Begin PBXGroup section */
		8619924F1F856A38006260C0 /* assets */ = {
			isa = PBXGroup;
			children = (
				869627741F855E2C00A2CCE0 /* art.scnassets */,
				8696277B1F855E2C00A2CCE0 /* Assets.xcassets */,
				861992521F856D2E006260C0 /* ocilogo.dae */,
			);
			path = assets;
			sourceTree = "<group>";
		};
		869627661F855E2C00A2CCE0 = {
			isa = PBXGroup;
			children = (
				869627711F855E2C00A2CCE0 /* FoggyAR */,
				869627701F855E2C00A2CCE0 /* Products */,
				869627891F855ED700A2CCE0 /* Frameworks */,
			);
			sourceTree = "<group>";
		};
		869627701F855E2C00A2CCE0 /* Products */ = {
			isa = PBXGroup;
			children = (
				8696276F1F855E2C00A2CCE0 /* FoggyAR.app */,
			);
			name = Products;
			sourceTree = "<group>";
		};
		869627711F855E2C00A2CCE0 /* FoggyAR */ = {
			isa = PBXGroup;
			children = (
				869627721F855E2C00A2CCE0 /* AppDelegate.swift */,
				8696278C1F85600A00A2CCE0 /* ARAppController.swift */,
				869627881F855E6800A2CCE0 /* viewcontroller */,
				869627861F855E5C00A2CCE0 /* model */,
				8619924F1F856A38006260C0 /* assets */,
				869627781F855E2C00A2CCE0 /* Main.storyboard */,
				8696277D1F855E2C00A2CCE0 /* LaunchScreen.storyboard */,
				869627801F855E2D00A2CCE0 /* Info.plist */,
			);
			path = FoggyAR;
			sourceTree = "<group>";
		};
		869627861F855E5C00A2CCE0 /* model */ = {
			isa = PBXGroup;
			children = (
				869627901F85646200A2CCE0 /* FoggyLogo.swift */,
			);
			path = model;
			sourceTree = "<group>";
		};
		869627881F855E6800A2CCE0 /* viewcontroller */ = {
			isa = PBXGroup;
			children = (
				869627761F855E2C00A2CCE0 /* ARViewController.swift */,
			);
			path = viewcontroller;
			sourceTree = "<group>";
		};
		869627891F855ED700A2CCE0 /* Frameworks */ = {
			isa = PBXGroup;
			children = (
				8696278B1F855ED700A2CCE0 /* SwiftyFog_iOS.framework */,
			);
			name = Frameworks;
			sourceTree = "<group>";
		};
/* End PBXGroup section */

/* Begin PBXNativeTarget section */
		8696276E1F855E2C00A2CCE0 /* FoggyAR */ = {
			isa = PBXNativeTarget;
			buildConfigurationList = 869627831F855E2D00A2CCE0 /* Build configuration list for PBXNativeTarget "FoggyAR" */;
			buildPhases = (
				8696276B1F855E2C00A2CCE0 /* Sources */,
				8696276C1F855E2C00A2CCE0 /* Frameworks */,
				8696276D1F855E2C00A2CCE0 /* Resources */,
				861992571F8575FB006260C0 /* Embed Frameworks */,
			);
			buildRules = (
			);
			dependencies = (
			);
			name = FoggyAR;
			productName = FoggyAR;
			productReference = 8696276F1F855E2C00A2CCE0 /* FoggyAR.app */;
			productType = "com.apple.product-type.application";
		};
/* End PBXNativeTarget section */

/* Begin PBXProject section */
		869627671F855E2C00A2CCE0 /* Project object */ = {
			isa = PBXProject;
			attributes = {
				LastSwiftUpdateCheck = 0910;
				LastUpgradeCheck = 0910;
				ORGANIZATIONNAME = "Object Computing Inc";
				TargetAttributes = {
					8696276E1F855E2C00A2CCE0 = {
						CreatedOnToolsVersion = 9.1;
						ProvisioningStyle = Automatic;
					};
				};
			};
			buildConfigurationList = 8696276A1F855E2C00A2CCE0 /* Build configuration list for PBXProject "FoggyAR" */;
			compatibilityVersion = "Xcode 8.0";
			developmentRegion = en;
			hasScannedForEncodings = 0;
			knownRegions = (
				en,
				Base,
			);
			mainGroup = 869627661F855E2C00A2CCE0;
			productRefGroup = 869627701F855E2C00A2CCE0 /* Products */;
			projectDirPath = "";
			projectRoot = "";
			targets = (
				8696276E1F855E2C00A2CCE0 /* FoggyAR */,
			);
		};
/* End PBXProject section */

/* Begin PBXResourcesBuildPhase section */
		8696276D1F855E2C00A2CCE0 /* Resources */ = {
			isa = PBXResourcesBuildPhase;
			buildActionMask = 2147483647;
			files = (
				861992531F856D2E006260C0 /* ocilogo.dae in Resources */,
				869627751F855E2C00A2CCE0 /* art.scnassets in Resources */,
				8696277F1F855E2D00A2CCE0 /* LaunchScreen.storyboard in Resources */,
				8696277C1F855E2C00A2CCE0 /* Assets.xcassets in Resources */,
				8696277A1F855E2C00A2CCE0 /* Main.storyboard in Resources */,
			);
			runOnlyForDeploymentPostprocessing = 0;
		};
/* End PBXResourcesBuildPhase section */

/* Begin PBXSourcesBuildPhase section */
		8696276B1F855E2C00A2CCE0 /* Sources */ = {
			isa = PBXSourcesBuildPhase;
			buildActionMask = 2147483647;
			files = (
				8696278D1F85600A00A2CCE0 /* ARAppController.swift in Sources */,
				869627771F855E2C00A2CCE0 /* ARViewController.swift in Sources */,
				869627731F855E2C00A2CCE0 /* AppDelegate.swift in Sources */,
				869627911F85646200A2CCE0 /* FoggyLogo.swift in Sources */,
			);
			runOnlyForDeploymentPostprocessing = 0;
		};
/* End PBXSourcesBuildPhase section */

/* Begin PBXVariantGroup section */
		869627781F855E2C00A2CCE0 /* Main.storyboard */ = {
			isa = PBXVariantGroup;
			children = (
				869627791F855E2C00A2CCE0 /* Base */,
			);
			name = Main.storyboard;
			sourceTree = "<group>";
		};
		8696277D1F855E2C00A2CCE0 /* LaunchScreen.storyboard */ = {
			isa = PBXVariantGroup;
			children = (
				8696277E1F855E2C00A2CCE0 /* Base */,
			);
			name = LaunchScreen.storyboard;
			sourceTree = "<group>";
		};
/* End PBXVariantGroup section */

/* Begin XCBuildConfiguration section */
		869627811F855E2D00A2CCE0 /* Debug */ = {
			isa = XCBuildConfiguration;
			buildSettings = {
				ALWAYS_SEARCH_USER_PATHS = NO;
				CLANG_ANALYZER_NONNULL = YES;
				CLANG_ANALYZER_NUMBER_OBJECT_CONVERSION = YES_AGGRESSIVE;
				CLANG_CXX_LANGUAGE_STANDARD = "gnu++14";
				CLANG_CXX_LIBRARY = "libc++";
				CLANG_ENABLE_MODULES = YES;
				CLANG_ENABLE_OBJC_ARC = YES;
				CLANG_WARN_BLOCK_CAPTURE_AUTORELEASING = YES;
				CLANG_WARN_BOOL_CONVERSION = YES;
				CLANG_WARN_COMMA = YES;
				CLANG_WARN_CONSTANT_CONVERSION = YES;
				CLANG_WARN_DIRECT_OBJC_ISA_USAGE = YES_ERROR;
				CLANG_WARN_DOCUMENTATION_COMMENTS = YES;
				CLANG_WARN_EMPTY_BODY = YES;
				CLANG_WARN_ENUM_CONVERSION = YES;
				CLANG_WARN_INFINITE_RECURSION = YES;
				CLANG_WARN_INT_CONVERSION = YES;
				CLANG_WARN_NON_LITERAL_NULL_CONVERSION = YES;
				CLANG_WARN_OBJC_LITERAL_CONVERSION = YES;
				CLANG_WARN_OBJC_ROOT_CLASS = YES_ERROR;
				CLANG_WARN_RANGE_LOOP_ANALYSIS = YES;
				CLANG_WARN_STRICT_PROTOTYPES = YES;
				CLANG_WARN_SUSPICIOUS_MOVE = YES;
				CLANG_WARN_UNGUARDED_AVAILABILITY = YES_AGGRESSIVE;
				CLANG_WARN_UNREACHABLE_CODE = YES;
				CLANG_WARN__DUPLICATE_METHOD_MATCH = YES;
				CODE_SIGN_IDENTITY = "iPhone Developer";
				COPY_PHASE_STRIP = NO;
				DEBUG_INFORMATION_FORMAT = dwarf;
				ENABLE_STRICT_OBJC_MSGSEND = YES;
				ENABLE_TESTABILITY = YES;
				GCC_C_LANGUAGE_STANDARD = gnu11;
				GCC_DYNAMIC_NO_PIC = NO;
				GCC_NO_COMMON_BLOCKS = YES;
				GCC_OPTIMIZATION_LEVEL = 0;
				GCC_PREPROCESSOR_DEFINITIONS = (
					"DEBUG=1",
					"$(inherited)",
				);
				GCC_WARN_64_TO_32_BIT_CONVERSION = YES;
				GCC_WARN_ABOUT_RETURN_TYPE = YES_ERROR;
				GCC_WARN_UNDECLARED_SELECTOR = YES;
				GCC_WARN_UNINITIALIZED_AUTOS = YES_AGGRESSIVE;
				GCC_WARN_UNUSED_FUNCTION = YES;
				GCC_WARN_UNUSED_VARIABLE = YES;
				IPHONEOS_DEPLOYMENT_TARGET = 11.1;
				MTL_ENABLE_DEBUG_INFO = YES;
				ONLY_ACTIVE_ARCH = YES;
				SDKROOT = iphoneos;
				SWIFT_ACTIVE_COMPILATION_CONDITIONS = DEBUG;
				SWIFT_OPTIMIZATION_LEVEL = "-Onone";
			};
			name = Debug;
		};
		869627821F855E2D00A2CCE0 /* Release */ = {
			isa = XCBuildConfiguration;
			buildSettings = {
				ALWAYS_SEARCH_USER_PATHS = NO;
				CLANG_ANALYZER_NONNULL = YES;
				CLANG_ANALYZER_NUMBER_OBJECT_CONVERSION = YES_AGGRESSIVE;
				CLANG_CXX_LANGUAGE_STANDARD = "gnu++14";
				CLANG_CXX_LIBRARY = "libc++";
				CLANG_ENABLE_MODULES = YES;
				CLANG_ENABLE_OBJC_ARC = YES;
				CLANG_WARN_BLOCK_CAPTURE_AUTORELEASING = YES;
				CLANG_WARN_BOOL_CONVERSION = YES;
				CLANG_WARN_COMMA = YES;
				CLANG_WARN_CONSTANT_CONVERSION = YES;
				CLANG_WARN_DIRECT_OBJC_ISA_USAGE = YES_ERROR;
				CLANG_WARN_DOCUMENTATION_COMMENTS = YES;
				CLANG_WARN_EMPTY_BODY = YES;
				CLANG_WARN_ENUM_CONVERSION = YES;
				CLANG_WARN_INFINITE_RECURSION = YES;
				CLANG_WARN_INT_CONVERSION = YES;
				CLANG_WARN_NON_LITERAL_NULL_CONVERSION = YES;
				CLANG_WARN_OBJC_LITERAL_CONVERSION = YES;
				CLANG_WARN_OBJC_ROOT_CLASS = YES_ERROR;
				CLANG_WARN_RANGE_LOOP_ANALYSIS = YES;
				CLANG_WARN_STRICT_PROTOTYPES = YES;
				CLANG_WARN_SUSPICIOUS_MOVE = YES;
				CLANG_WARN_UNGUARDED_AVAILABILITY = YES_AGGRESSIVE;
				CLANG_WARN_UNREACHABLE_CODE = YES;
				CLANG_WARN__DUPLICATE_METHOD_MATCH = YES;
				CODE_SIGN_IDENTITY = "iPhone Developer";
				COPY_PHASE_STRIP = NO;
				DEBUG_INFORMATION_FORMAT = "dwarf-with-dsym";
				ENABLE_NS_ASSERTIONS = NO;
				ENABLE_STRICT_OBJC_MSGSEND = YES;
				GCC_C_LANGUAGE_STANDARD = gnu11;
				GCC_NO_COMMON_BLOCKS = YES;
				GCC_WARN_64_TO_32_BIT_CONVERSION = YES;
				GCC_WARN_ABOUT_RETURN_TYPE = YES_ERROR;
				GCC_WARN_UNDECLARED_SELECTOR = YES;
				GCC_WARN_UNINITIALIZED_AUTOS = YES_AGGRESSIVE;
				GCC_WARN_UNUSED_FUNCTION = YES;
				GCC_WARN_UNUSED_VARIABLE = YES;
				IPHONEOS_DEPLOYMENT_TARGET = 11.1;
				MTL_ENABLE_DEBUG_INFO = NO;
				SDKROOT = iphoneos;
				SWIFT_OPTIMIZATION_LEVEL = "-Owholemodule";
				VALIDATE_PRODUCT = YES;
			};
			name = Release;
		};
		869627841F855E2D00A2CCE0 /* Debug */ = {
			isa = XCBuildConfiguration;
			buildSettings = {
				ASSETCATALOG_COMPILER_APPICON_NAME = AppIcon;
				CODE_SIGN_STYLE = Automatic;
				DEVELOPMENT_TEAM = 8VPYJWT4Q6;
				INFOPLIST_FILE = FoggyAR/Info.plist;
				IPHONEOS_DEPLOYMENT_TARGET = 11.1;
				LD_RUNPATH_SEARCH_PATHS = "$(inherited) @executable_path/Frameworks";
				PRODUCT_BUNDLE_IDENTIFIER = com.oci.FoggyAR;
				PRODUCT_NAME = "$(TARGET_NAME)";
				SWIFT_VERSION = 4.0;
				TARGETED_DEVICE_FAMILY = "1,2";
			};
			name = Debug;
		};
		869627851F855E2D00A2CCE0 /* Release */ = {
			isa = XCBuildConfiguration;
			buildSettings = {
				ASSETCATALOG_COMPILER_APPICON_NAME = AppIcon;
				CODE_SIGN_STYLE = Automatic;
				DEVELOPMENT_TEAM = 8VPYJWT4Q6;
				INFOPLIST_FILE = FoggyAR/Info.plist;
				IPHONEOS_DEPLOYMENT_TARGET = 11.1;
				LD_RUNPATH_SEARCH_PATHS = "$(inherited) @executable_path/Frameworks";
				PRODUCT_BUNDLE_IDENTIFIER = com.oci.FoggyAR;
				PRODUCT_NAME = "$(TARGET_NAME)";
				SWIFT_VERSION = 4.0;
				TARGETED_DEVICE_FAMILY = "1,2";
			};
			name = Release;
		};
/* End XCBuildConfiguration section */

/* Begin XCConfigurationList section */
		8696276A1F855E2C00A2CCE0 /* Build configuration list for PBXProject "FoggyAR" */ = {
			isa = XCConfigurationList;
			buildConfigurations = (
				869627811F855E2D00A2CCE0 /* Debug */,
				869627821F855E2D00A2CCE0 /* Release */,
			);
			defaultConfigurationIsVisible = 0;
			defaultConfigurationName = Release;
		};
		869627831F855E2D00A2CCE0 /* Build configuration list for PBXNativeTarget "FoggyAR" */ = {
			isa = XCConfigurationList;
			buildConfigurations = (
				869627841F855E2D00A2CCE0 /* Debug */,
				869627851F855E2D00A2CCE0 /* Release */,
			);
			defaultConfigurationIsVisible = 0;
			defaultConfigurationName = Release;
		};
/* End XCConfigurationList section */
	};
	rootObject = 869627671F855E2C00A2CCE0 /* Project object */;
}
