// !$*UTF8*$!
{
	archiveVersion = 1;
	classes = {
	};
	objectVersion = 48;
	objects = {

/* Begin PBXBuildFile section */
		22ABCF472010D40500AEAC1D /* MotionFaults.swift in Sources */ = {isa = PBXBuildFile; fileRef = 22ABCF462010D40500AEAC1D /* MotionFaults.swift */; };
		22E11E2E20152E600034F382 /* glass break.mp3 in Resources */ = {isa = PBXBuildFile; fileRef = 22E11E2D20152E600034F382 /* glass break.mp3 */; };
		550AD8D0210CAEE100E19CA2 /* CornerSegmentedControl.swift in Sources */ = {isa = PBXBuildFile; fileRef = 550AD8CF210CAEE100E19CA2 /* CornerSegmentedControl.swift */; };
		55130BBE210271E4001D2E3F /* SubscriptionLogging.swift in Sources */ = {isa = PBXBuildFile; fileRef = 55130BBD210271E4001D2E3F /* SubscriptionLogging.swift */; };
		55130BC821034B4D001D2E3F /* Settings-Watch.bundle in Resources */ = {isa = PBXBuildFile; fileRef = 5536E00120FA934D006B4AE8 /* Settings-Watch.bundle */; };
		551AB9DF1F93B94A0080D37B /* FlipLabel.swift in Sources */ = {isa = PBXBuildFile; fileRef = 551AB9DE1F93B94A0080D37B /* FlipLabel.swift */; };
		5522F85A210570AE0035A047 /* PhotosAccess.swift in Sources */ = {isa = PBXBuildFile; fileRef = 5578608B20F3DF9900FC182D /* PhotosAccess.swift */; };
		5526A5872104EE2E005AF2C6 /* UIImage+.swift in Sources */ = {isa = PBXBuildFile; fileRef = 5526A5862104EE2E005AF2C6 /* UIImage+.swift */; };
		5526A58A2104FAF0005AF2C6 /* Color.xcassets in Resources */ = {isa = PBXBuildFile; fileRef = 5526A5892104FAF0005AF2C6 /* Color.xcassets */; };
		553CC65320F57A8E0046D4A5 /* GaugeView.swift in Sources */ = {isa = PBXBuildFile; fileRef = 553CC65220F57A8E0046D4A5 /* GaugeView.swift */; };
		554348391F82D3AD00C3C2CB /* AppDelegate.swift in Sources */ = {isa = PBXBuildFile; fileRef = 554348381F82D3AD00C3C2CB /* AppDelegate.swift */; };
		5543483E1F82D3AD00C3C2CB /* Main.storyboard in Resources */ = {isa = PBXBuildFile; fileRef = 5543483C1F82D3AD00C3C2CB /* Main.storyboard */; };
		554348401F82D3AD00C3C2CB /* Assets.xcassets in Resources */ = {isa = PBXBuildFile; fileRef = 5543483F1F82D3AD00C3C2CB /* Assets.xcassets */; };
		5543484E1F82D3AD00C3C2CB /* TrainControlTests.swift in Sources */ = {isa = PBXBuildFile; fileRef = 5543484D1F82D3AD00C3C2CB /* TrainControlTests.swift */; };
		554348591F82D3AD00C3C2CB /* TrainControlUITests.swift in Sources */ = {isa = PBXBuildFile; fileRef = 554348581F82D3AD00C3C2CB /* TrainControlUITests.swift */; };
		5543487B1F82D46100C3C2CB /* Billboard.swift in Sources */ = {isa = PBXBuildFile; fileRef = 554348671F82D46100C3C2CB /* Billboard.swift */; };
		5543487C1F82D46100C3C2CB /* Engine.swift in Sources */ = {isa = PBXBuildFile; fileRef = 554348681F82D46100C3C2CB /* Engine.swift */; };
		5543487D1F82D46100C3C2CB /* Lights.swift in Sources */ = {isa = PBXBuildFile; fileRef = 554348691F82D46100C3C2CB /* Lights.swift */; };
		5543487E1F82D46100C3C2CB /* Sound.swift in Sources */ = {isa = PBXBuildFile; fileRef = 5543486A1F82D46100C3C2CB /* Sound.swift */; };
		5543487F1F82D46100C3C2CB /* Train.swift in Sources */ = {isa = PBXBuildFile; fileRef = 5543486B1F82D46100C3C2CB /* Train.swift */; };
		554348801F82D46100C3C2CB /* LogViewController.swift in Sources */ = {isa = PBXBuildFile; fileRef = 5543486D1F82D46100C3C2CB /* LogViewController.swift */; };
		554348821F82D46100C3C2CB /* TrainViewController.swift in Sources */ = {isa = PBXBuildFile; fileRef = 5543486F1F82D46100C3C2CB /* TrainViewController.swift */; };
		554348841F82D46100C3C2CB /* FogRationalUi.swift in Sources */ = {isa = PBXBuildFile; fileRef = 554348721F82D46100C3C2CB /* FogRationalUi.swift */; };
		554348861F82D46100C3C2CB /* MetalPanelView.swift in Sources */ = {isa = PBXBuildFile; fileRef = 554348751F82D46100C3C2CB /* MetalPanelView.swift */; };
		554348871F82D46100C3C2CB /* Pulsator.swift in Sources */ = {isa = PBXBuildFile; fileRef = 554348761F82D46100C3C2CB /* Pulsator.swift */; };
		554348881F82D46100C3C2CB /* ScubControl.swift in Sources */ = {isa = PBXBuildFile; fileRef = 554348771F82D46100C3C2CB /* ScubControl.swift */; };
		5543488B1F82D48A00C3C2CB /* Images.xcassets in Resources */ = {isa = PBXBuildFile; fileRef = 5543488A1F82D48A00C3C2CB /* Images.xcassets */; };
		554348971F82D5B100C3C2CB /* ExerciseMotor.swift in Sources */ = {isa = PBXBuildFile; fileRef = 554348961F82D5B100C3C2CB /* ExerciseMotor.swift */; };
		554348A01F82D6FE00C3C2CB /* LaunchScreen.storyboard in Resources */ = {isa = PBXBuildFile; fileRef = 5543489F1F82D6FE00C3C2CB /* LaunchScreen.storyboard */; };
		554E71482103751200AAE25E /* ScrewsView.swift in Sources */ = {isa = PBXBuildFile; fileRef = 554E71472103751200AAE25E /* ScrewsView.swift */; };
		555C84B5210659A700326675 /* TrainSelection.swift in Sources */ = {isa = PBXBuildFile; fileRef = 555C84B4210659A700326675 /* TrainSelection.swift */; };
		5578608E20F3DF9A00FC182D /* UIImagePickerController+.swift in Sources */ = {isa = PBXBuildFile; fileRef = 5578608C20F3DF9A00FC182D /* UIImagePickerController+.swift */; };
		55B912BC20FA71E800634B80 /* Settings.bundle in Resources */ = {isa = PBXBuildFile; fileRef = 55B912BB20FA71E800634B80 /* Settings.bundle */; };
		55B912C020FA77CE00634B80 /* UserDefaults+.swift in Sources */ = {isa = PBXBuildFile; fileRef = 55B912BF20FA77CE00634B80 /* UserDefaults+.swift */; };
		55BD0DD220F15955001E31C3 /* UIView+.swift in Sources */ = {isa = PBXBuildFile; fileRef = 55BD0DD120F15954001E31C3 /* UIView+.swift */; };
		55BD0DD420F15ABF001E31C3 /* AVAudioPlayer+.swift in Sources */ = {isa = PBXBuildFile; fileRef = 55BD0DD320F15ABF001E31C3 /* AVAudioPlayer+.swift */; };
		55DA62DA1F8C1F140068D592 /* SwiftyFog_iOS.framework in Frameworks */ = {isa = PBXBuildFile; fileRef = 554348951F82D4D700C3C2CB /* SwiftyFog_iOS.framework */; };
		55DA62DB1F8C1F140068D592 /* SwiftyFog_iOS.framework in Embed Frameworks */ = {isa = PBXBuildFile; fileRef = 554348951F82D4D700C3C2CB /* SwiftyFog_iOS.framework */; settings = {ATTRIBUTES = (CodeSignOnCopy, RemoveHeadersOnCopy, ); }; };
/* End PBXBuildFile section */

/* Begin PBXContainerItemProxy section */
		5543484A1F82D3AD00C3C2CB /* PBXContainerItemProxy */ = {
			isa = PBXContainerItemProxy;
			containerPortal = 5543482D1F82D3AD00C3C2CB /* Project object */;
			proxyType = 1;
			remoteGlobalIDString = 554348341F82D3AD00C3C2CB;
			remoteInfo = TrainControl;
		};
		554348551F82D3AD00C3C2CB /* PBXContainerItemProxy */ = {
			isa = PBXContainerItemProxy;
			containerPortal = 5543482D1F82D3AD00C3C2CB /* Project object */;
			proxyType = 1;
			remoteGlobalIDString = 554348341F82D3AD00C3C2CB;
			remoteInfo = TrainControl;
		};
/* End PBXContainerItemProxy section */

/* Begin PBXCopyFilesBuildPhase section */
		55524C9120F11FAA004EBD8B /* Embed Watch Content */ = {
			isa = PBXCopyFilesBuildPhase;
			buildActionMask = 2147483647;
			dstPath = "$(CONTENTS_FOLDER_PATH)/Watch";
			dstSubfolderSpec = 16;
			files = (
			);
			name = "Embed Watch Content";
			runOnlyForDeploymentPostprocessing = 0;
		};
		55DA62DC1F8C1F140068D592 /* Embed Frameworks */ = {
			isa = PBXCopyFilesBuildPhase;
			buildActionMask = 2147483647;
			dstPath = "";
			dstSubfolderSpec = 10;
			files = (
				55DA62DB1F8C1F140068D592 /* SwiftyFog_iOS.framework in Embed Frameworks */,
			);
			name = "Embed Frameworks";
			runOnlyForDeploymentPostprocessing = 0;
		};
/* End PBXCopyFilesBuildPhase section */

/* Begin PBXFileReference section */
		22ABCF462010D40500AEAC1D /* MotionFaults.swift */ = {isa = PBXFileReference; lastKnownFileType = sourcecode.swift; path = MotionFaults.swift; sourceTree = "<group>"; };
		22E11E2D20152E600034F382 /* glass break.mp3 */ = {isa = PBXFileReference; lastKnownFileType = audio.mp3; path = "glass break.mp3"; sourceTree = "<group>"; };
		550AD8CF210CAEE100E19CA2 /* CornerSegmentedControl.swift */ = {isa = PBXFileReference; lastKnownFileType = sourcecode.swift; path = CornerSegmentedControl.swift; sourceTree = "<group>"; };
		55130BBD210271E4001D2E3F /* SubscriptionLogging.swift */ = {isa = PBXFileReference; lastKnownFileType = sourcecode.swift; path = SubscriptionLogging.swift; sourceTree = "<group>"; };
		551AB9DE1F93B94A0080D37B /* FlipLabel.swift */ = {isa = PBXFileReference; lastKnownFileType = sourcecode.swift; path = FlipLabel.swift; sourceTree = "<group>"; };
		5526A5862104EE2E005AF2C6 /* UIImage+.swift */ = {isa = PBXFileReference; lastKnownFileType = sourcecode.swift; path = "UIImage+.swift"; sourceTree = "<group>"; };
		5526A5892104FAF0005AF2C6 /* Color.xcassets */ = {isa = PBXFileReference; lastKnownFileType = folder.assetcatalog; path = Color.xcassets; sourceTree = "<group>"; };
		5536E00120FA934D006B4AE8 /* Settings-Watch.bundle */ = {isa = PBXFileReference; lastKnownFileType = "wrapper.plug-in"; path = "Settings-Watch.bundle"; sourceTree = "<group>"; };
		553AD4FB2108A0EC002B4F07 /* README.md */ = {isa = PBXFileReference; lastKnownFileType = net.daringfireball.markdown; path = README.md; sourceTree = SOURCE_ROOT; };
		553CC65220F57A8E0046D4A5 /* GaugeView.swift */ = {isa = PBXFileReference; lastKnownFileType = sourcecode.swift; path = GaugeView.swift; sourceTree = "<group>"; };
		554348351F82D3AD00C3C2CB /* TrainControl.app */ = {isa = PBXFileReference; explicitFileType = wrapper.application; includeInIndex = 0; path = TrainControl.app; sourceTree = BUILT_PRODUCTS_DIR; };
		554348381F82D3AD00C3C2CB /* AppDelegate.swift */ = {isa = PBXFileReference; lastKnownFileType = sourcecode.swift; path = AppDelegate.swift; sourceTree = "<group>"; };
		5543483D1F82D3AD00C3C2CB /* Base */ = {isa = PBXFileReference; lastKnownFileType = file.storyboard; name = Base; path = Base.lproj/Main.storyboard; sourceTree = "<group>"; };
		5543483F1F82D3AD00C3C2CB /* Assets.xcassets */ = {isa = PBXFileReference; lastKnownFileType = folder.assetcatalog; path = Assets.xcassets; sourceTree = "<group>"; };
		554348441F82D3AD00C3C2CB /* Info.plist */ = {isa = PBXFileReference; lastKnownFileType = text.plist.xml; path = Info.plist; sourceTree = "<group>"; };
		554348491F82D3AD00C3C2CB /* TrainControlTests.xctest */ = {isa = PBXFileReference; explicitFileType = wrapper.cfbundle; includeInIndex = 0; path = TrainControlTests.xctest; sourceTree = BUILT_PRODUCTS_DIR; };
		5543484D1F82D3AD00C3C2CB /* TrainControlTests.swift */ = {isa = PBXFileReference; lastKnownFileType = sourcecode.swift; path = TrainControlTests.swift; sourceTree = "<group>"; };
		5543484F1F82D3AD00C3C2CB /* Info.plist */ = {isa = PBXFileReference; lastKnownFileType = text.plist.xml; path = Info.plist; sourceTree = "<group>"; };
		554348541F82D3AD00C3C2CB /* TrainControlUITests.xctest */ = {isa = PBXFileReference; explicitFileType = wrapper.cfbundle; includeInIndex = 0; path = TrainControlUITests.xctest; sourceTree = BUILT_PRODUCTS_DIR; };
		554348581F82D3AD00C3C2CB /* TrainControlUITests.swift */ = {isa = PBXFileReference; lastKnownFileType = sourcecode.swift; path = TrainControlUITests.swift; sourceTree = "<group>"; };
		5543485A1F82D3AD00C3C2CB /* Info.plist */ = {isa = PBXFileReference; lastKnownFileType = text.plist.xml; path = Info.plist; sourceTree = "<group>"; };
		554348671F82D46100C3C2CB /* Billboard.swift */ = {isa = PBXFileReference; fileEncoding = 4; lastKnownFileType = sourcecode.swift; path = Billboard.swift; sourceTree = "<group>"; };
		554348681F82D46100C3C2CB /* Engine.swift */ = {isa = PBXFileReference; fileEncoding = 4; lastKnownFileType = sourcecode.swift; path = Engine.swift; sourceTree = "<group>"; };
		554348691F82D46100C3C2CB /* Lights.swift */ = {isa = PBXFileReference; fileEncoding = 4; lastKnownFileType = sourcecode.swift; path = Lights.swift; sourceTree = "<group>"; };
		5543486A1F82D46100C3C2CB /* Sound.swift */ = {isa = PBXFileReference; fileEncoding = 4; lastKnownFileType = sourcecode.swift; path = Sound.swift; sourceTree = "<group>"; };
		5543486B1F82D46100C3C2CB /* Train.swift */ = {isa = PBXFileReference; fileEncoding = 4; lastKnownFileType = sourcecode.swift; path = Train.swift; sourceTree = "<group>"; };
		5543486D1F82D46100C3C2CB /* LogViewController.swift */ = {isa = PBXFileReference; fileEncoding = 4; lastKnownFileType = sourcecode.swift; path = LogViewController.swift; sourceTree = "<group>"; };
		5543486F1F82D46100C3C2CB /* TrainViewController.swift */ = {isa = PBXFileReference; fileEncoding = 4; lastKnownFileType = sourcecode.swift; path = TrainViewController.swift; sourceTree = "<group>"; };
		554348721F82D46100C3C2CB /* FogRationalUi.swift */ = {isa = PBXFileReference; fileEncoding = 4; lastKnownFileType = sourcecode.swift; path = FogRationalUi.swift; sourceTree = "<group>"; };
		554348751F82D46100C3C2CB /* MetalPanelView.swift */ = {isa = PBXFileReference; fileEncoding = 4; lastKnownFileType = sourcecode.swift; path = MetalPanelView.swift; sourceTree = "<group>"; };
		554348761F82D46100C3C2CB /* Pulsator.swift */ = {isa = PBXFileReference; fileEncoding = 4; lastKnownFileType = sourcecode.swift; path = Pulsator.swift; sourceTree = "<group>"; };
		554348771F82D46100C3C2CB /* ScubControl.swift */ = {isa = PBXFileReference; fileEncoding = 4; lastKnownFileType = sourcecode.swift; path = ScubControl.swift; sourceTree = "<group>"; };
		5543488A1F82D48A00C3C2CB /* Images.xcassets */ = {isa = PBXFileReference; lastKnownFileType = folder.assetcatalog; path = Images.xcassets; sourceTree = "<group>"; };
		554348951F82D4D700C3C2CB /* SwiftyFog_iOS.framework */ = {isa = PBXFileReference; explicitFileType = wrapper.framework; path = SwiftyFog_iOS.framework; sourceTree = BUILT_PRODUCTS_DIR; };
		554348961F82D5B100C3C2CB /* ExerciseMotor.swift */ = {isa = PBXFileReference; fileEncoding = 4; lastKnownFileType = sourcecode.swift; path = ExerciseMotor.swift; sourceTree = "<group>"; };
		5543489F1F82D6FE00C3C2CB /* LaunchScreen.storyboard */ = {isa = PBXFileReference; lastKnownFileType = file.storyboard; path = LaunchScreen.storyboard; sourceTree = "<group>"; };
		554E71472103751200AAE25E /* ScrewsView.swift */ = {isa = PBXFileReference; lastKnownFileType = sourcecode.swift; path = ScrewsView.swift; sourceTree = "<group>"; };
		55524C6F20F11FA8004EBD8B /* Base */ = {isa = PBXFileReference; lastKnownFileType = file.storyboard; name = Base; path = Base.lproj/Interface.storyboard; sourceTree = "<group>"; };
		55524C7120F11FAA004EBD8B /* Assets.xcassets */ = {isa = PBXFileReference; lastKnownFileType = folder.assetcatalog; path = Assets.xcassets; sourceTree = "<group>"; };
		55524C7320F11FAA004EBD8B /* Info.plist */ = {isa = PBXFileReference; lastKnownFileType = text.plist.xml; path = Info.plist; sourceTree = "<group>"; };
		55524C7D20F11FAA004EBD8B /* TrainInterfaceController.swift */ = {isa = PBXFileReference; lastKnownFileType = sourcecode.swift; path = TrainInterfaceController.swift; sourceTree = "<group>"; };
		55524C7F20F11FAA004EBD8B /* ExtensionDelegate.swift */ = {isa = PBXFileReference; lastKnownFileType = sourcecode.swift; path = ExtensionDelegate.swift; sourceTree = "<group>"; };
		55524C8120F11FAA004EBD8B /* NotificationController.swift */ = {isa = PBXFileReference; lastKnownFileType = sourcecode.swift; path = NotificationController.swift; sourceTree = "<group>"; };
		55524C8320F11FAA004EBD8B /* Assets.xcassets */ = {isa = PBXFileReference; lastKnownFileType = folder.assetcatalog; path = Assets.xcassets; sourceTree = "<group>"; };
		55524C8520F11FAA004EBD8B /* Info.plist */ = {isa = PBXFileReference; lastKnownFileType = text.plist.xml; path = Info.plist; sourceTree = "<group>"; };
		55524C8620F11FAA004EBD8B /* PushNotificationPayload.apns */ = {isa = PBXFileReference; lastKnownFileType = text; path = PushNotificationPayload.apns; sourceTree = "<group>"; };
		555C84B4210659A700326675 /* TrainSelection.swift */ = {isa = PBXFileReference; lastKnownFileType = sourcecode.swift; path = TrainSelection.swift; sourceTree = "<group>"; };
		5578608520F3B5EA00FC182D /* SwiftFog_watch.framework */ = {isa = PBXFileReference; explicitFileType = wrapper.framework; path = SwiftFog_watch.framework; sourceTree = BUILT_PRODUCTS_DIR; };
		5578608B20F3DF9900FC182D /* PhotosAccess.swift */ = {isa = PBXFileReference; fileEncoding = 4; lastKnownFileType = sourcecode.swift; path = PhotosAccess.swift; sourceTree = "<group>"; };
		5578608C20F3DF9A00FC182D /* UIImagePickerController+.swift */ = {isa = PBXFileReference; fileEncoding = 4; lastKnownFileType = sourcecode.swift; path = "UIImagePickerController+.swift"; sourceTree = "<group>"; };
		55B912BB20FA71E800634B80 /* Settings.bundle */ = {isa = PBXFileReference; lastKnownFileType = "wrapper.plug-in"; path = Settings.bundle; sourceTree = "<group>"; };
		55B912BF20FA77CE00634B80 /* UserDefaults+.swift */ = {isa = PBXFileReference; lastKnownFileType = sourcecode.swift; path = "UserDefaults+.swift"; sourceTree = "<group>"; };
		55BD0DD120F15954001E31C3 /* UIView+.swift */ = {isa = PBXFileReference; lastKnownFileType = sourcecode.swift; path = "UIView+.swift"; sourceTree = "<group>"; };
		55BD0DD320F15ABF001E31C3 /* AVAudioPlayer+.swift */ = {isa = PBXFileReference; lastKnownFileType = sourcecode.swift; path = "AVAudioPlayer+.swift"; sourceTree = "<group>"; };
/* End PBXFileReference section */

/* Begin PBXFrameworksBuildPhase section */
		554348321F82D3AD00C3C2CB /* Frameworks */ = {
			isa = PBXFrameworksBuildPhase;
			buildActionMask = 2147483647;
			files = (
				55DA62DA1F8C1F140068D592 /* SwiftyFog_iOS.framework in Frameworks */,
			);
			runOnlyForDeploymentPostprocessing = 0;
		};
		554348461F82D3AD00C3C2CB /* Frameworks */ = {
			isa = PBXFrameworksBuildPhase;
			buildActionMask = 2147483647;
			files = (
			);
			runOnlyForDeploymentPostprocessing = 0;
		};
		554348511F82D3AD00C3C2CB /* Frameworks */ = {
			isa = PBXFrameworksBuildPhase;
			buildActionMask = 2147483647;
			files = (
			);
			runOnlyForDeploymentPostprocessing = 0;
		};
/* End PBXFrameworksBuildPhase section */

/* Begin PBXGroup section */
		5522F8592105701D0035A047 /* extensions */ = {
			isa = PBXGroup;
			children = (
				5578608B20F3DF9900FC182D /* PhotosAccess.swift */,
				5578608C20F3DF9A00FC182D /* UIImagePickerController+.swift */,
				554348721F82D46100C3C2CB /* FogRationalUi.swift */,
				55BD0DD120F15954001E31C3 /* UIView+.swift */,
				55BD0DD320F15ABF001E31C3 /* AVAudioPlayer+.swift */,
				5526A5862104EE2E005AF2C6 /* UIImage+.swift */,
			);
			path = extensions;
			sourceTree = "<group>";
		};
		5543482C1F82D3AD00C3C2CB = {
			isa = PBXGroup;
			children = (
				5578608520F3B5EA00FC182D /* SwiftFog_watch.framework */,
				553AD4FB2108A0EC002B4F07 /* README.md */,
				554348371F82D3AD00C3C2CB /* TrainControl */,
				5543484C1F82D3AD00C3C2CB /* TrainControlTests */,
				554348571F82D3AD00C3C2CB /* TrainControlUITests */,
				55524C6D20F11FA8004EBD8B /* TrainConductor */,
				55524C7C20F11FAA004EBD8B /* TrainConductor Extension */,
				554348361F82D3AD00C3C2CB /* Products */,
				554348931F82D4D700C3C2CB /* Frameworks */,
			);
			sourceTree = "<group>";
		};
		554348361F82D3AD00C3C2CB /* Products */ = {
			isa = PBXGroup;
			children = (
				554348351F82D3AD00C3C2CB /* TrainControl.app */,
				554348491F82D3AD00C3C2CB /* TrainControlTests.xctest */,
				554348541F82D3AD00C3C2CB /* TrainControlUITests.xctest */,
			);
			name = Products;
			sourceTree = "<group>";
		};
		554348371F82D3AD00C3C2CB /* TrainControl */ = {
			isa = PBXGroup;
			children = (
				554348381F82D3AD00C3C2CB /* AppDelegate.swift */,
				55B912BF20FA77CE00634B80 /* UserDefaults+.swift */,
				554348661F82D46100C3C2CB /* model */,
				554348711F82D46100C3C2CB /* view */,
				5543486C1F82D46100C3C2CB /* viewcontroller */,
				5543483C1F82D3AD00C3C2CB /* Main.storyboard */,
				5543489F1F82D6FE00C3C2CB /* LaunchScreen.storyboard */,
				5522F8592105701D0035A047 /* extensions */,
				5543483F1F82D3AD00C3C2CB /* Assets.xcassets */,
				5543488A1F82D48A00C3C2CB /* Images.xcassets */,
				5526A5892104FAF0005AF2C6 /* Color.xcassets */,
				22E11E2D20152E600034F382 /* glass break.mp3 */,
				554348441F82D3AD00C3C2CB /* Info.plist */,
				55B912BB20FA71E800634B80 /* Settings.bundle */,
			);
			path = TrainControl;
			sourceTree = "<group>";
		};
		5543484C1F82D3AD00C3C2CB /* TrainControlTests */ = {
			isa = PBXGroup;
			children = (
				5543484D1F82D3AD00C3C2CB /* TrainControlTests.swift */,
				5543484F1F82D3AD00C3C2CB /* Info.plist */,
			);
			path = TrainControlTests;
			sourceTree = "<group>";
		};
		554348571F82D3AD00C3C2CB /* TrainControlUITests */ = {
			isa = PBXGroup;
			children = (
				554348961F82D5B100C3C2CB /* ExerciseMotor.swift */,
				554348581F82D3AD00C3C2CB /* TrainControlUITests.swift */,
				5543485A1F82D3AD00C3C2CB /* Info.plist */,
			);
			path = TrainControlUITests;
			sourceTree = "<group>";
		};
		554348661F82D46100C3C2CB /* model */ = {
			isa = PBXGroup;
			children = (
				554348671F82D46100C3C2CB /* Billboard.swift */,
				554348681F82D46100C3C2CB /* Engine.swift */,
				554348691F82D46100C3C2CB /* Lights.swift */,
				5543486A1F82D46100C3C2CB /* Sound.swift */,
				5543486B1F82D46100C3C2CB /* Train.swift */,
				22ABCF462010D40500AEAC1D /* MotionFaults.swift */,
				55130BBD210271E4001D2E3F /* SubscriptionLogging.swift */,
				555C84B4210659A700326675 /* TrainSelection.swift */,
			);
			path = model;
			sourceTree = "<group>";
		};
		5543486C1F82D46100C3C2CB /* viewcontroller */ = {
			isa = PBXGroup;
			children = (
				5543486D1F82D46100C3C2CB /* LogViewController.swift */,
				5543486F1F82D46100C3C2CB /* TrainViewController.swift */,
			);
			path = viewcontroller;
			sourceTree = "<group>";
		};
		554348711F82D46100C3C2CB /* view */ = {
			isa = PBXGroup;
			children = (
				554348751F82D46100C3C2CB /* MetalPanelView.swift */,
				554348761F82D46100C3C2CB /* Pulsator.swift */,
				554348771F82D46100C3C2CB /* ScubControl.swift */,
				551AB9DE1F93B94A0080D37B /* FlipLabel.swift */,
				553CC65220F57A8E0046D4A5 /* GaugeView.swift */,
				554E71472103751200AAE25E /* ScrewsView.swift */,
				550AD8CF210CAEE100E19CA2 /* CornerSegmentedControl.swift */,
			);
			path = view;
			sourceTree = "<group>";
		};
		554348931F82D4D700C3C2CB /* Frameworks */ = {
			isa = PBXGroup;
			children = (
				554348951F82D4D700C3C2CB /* SwiftyFog_iOS.framework */,
			);
			name = Frameworks;
			sourceTree = "<group>";
		};
		55524C6D20F11FA8004EBD8B /* TrainConductor */ = {
			isa = PBXGroup;
			children = (
				55524C6E20F11FA8004EBD8B /* Interface.storyboard */,
				55524C7120F11FAA004EBD8B /* Assets.xcassets */,
				55524C7320F11FAA004EBD8B /* Info.plist */,
			);
			path = TrainConductor;
			sourceTree = "<group>";
		};
		55524C7C20F11FAA004EBD8B /* TrainConductor Extension */ = {
			isa = PBXGroup;
			children = (
				55524C7F20F11FAA004EBD8B /* ExtensionDelegate.swift */,
				55524C7D20F11FAA004EBD8B /* TrainInterfaceController.swift */,
				55524C8120F11FAA004EBD8B /* NotificationController.swift */,
				55524C8320F11FAA004EBD8B /* Assets.xcassets */,
				55524C8520F11FAA004EBD8B /* Info.plist */,
				55524C8620F11FAA004EBD8B /* PushNotificationPayload.apns */,
				5536E00120FA934D006B4AE8 /* Settings-Watch.bundle */,
			);
			path = "TrainConductor Extension";
			sourceTree = "<group>";
		};
/* End PBXGroup section */

/* Begin PBXNativeTarget section */
		554348341F82D3AD00C3C2CB /* TrainControl */ = {
			isa = PBXNativeTarget;
			buildConfigurationList = 5543485D1F82D3AD00C3C2CB /* Build configuration list for PBXNativeTarget "TrainControl" */;
			buildPhases = (
				554348311F82D3AD00C3C2CB /* Sources */,
				554348321F82D3AD00C3C2CB /* Frameworks */,
				554348331F82D3AD00C3C2CB /* Resources */,
				55DA62DC1F8C1F140068D592 /* Embed Frameworks */,
				55524C9120F11FAA004EBD8B /* Embed Watch Content */,
			);
			buildRules = (
			);
			dependencies = (
			);
			name = TrainControl;
			productName = TrainControl;
			productReference = 554348351F82D3AD00C3C2CB /* TrainControl.app */;
			productType = "com.apple.product-type.application";
		};
		554348481F82D3AD00C3C2CB /* TrainControlTests */ = {
			isa = PBXNativeTarget;
			buildConfigurationList = 554348601F82D3AD00C3C2CB /* Build configuration list for PBXNativeTarget "TrainControlTests" */;
			buildPhases = (
				554348451F82D3AD00C3C2CB /* Sources */,
				554348461F82D3AD00C3C2CB /* Frameworks */,
				554348471F82D3AD00C3C2CB /* Resources */,
			);
			buildRules = (
			);
			dependencies = (
				5543484B1F82D3AD00C3C2CB /* PBXTargetDependency */,
			);
			name = TrainControlTests;
			productName = TrainControlTests;
			productReference = 554348491F82D3AD00C3C2CB /* TrainControlTests.xctest */;
			productType = "com.apple.product-type.bundle.unit-test";
		};
		554348531F82D3AD00C3C2CB /* TrainControlUITests */ = {
			isa = PBXNativeTarget;
			buildConfigurationList = 554348631F82D3AD00C3C2CB /* Build configuration list for PBXNativeTarget "TrainControlUITests" */;
			buildPhases = (
				554348501F82D3AD00C3C2CB /* Sources */,
				554348511F82D3AD00C3C2CB /* Frameworks */,
				554348521F82D3AD00C3C2CB /* Resources */,
			);
			buildRules = (
			);
			dependencies = (
				554348561F82D3AD00C3C2CB /* PBXTargetDependency */,
			);
			name = TrainControlUITests;
			productName = TrainControlUITests;
			productReference = 554348541F82D3AD00C3C2CB /* TrainControlUITests.xctest */;
			productType = "com.apple.product-type.bundle.ui-testing";
		};
/* End PBXNativeTarget section */

/* Begin PBXProject section */
		5543482D1F82D3AD00C3C2CB /* Project object */ = {
			isa = PBXProject;
			attributes = {
				LastSwiftUpdateCheck = 1000;
				LastUpgradeCheck = 0940;
				ORGANIZATIONNAME = "Object Computing Inc";
				TargetAttributes = {
					554348341F82D3AD00C3C2CB = {
						CreatedOnToolsVersion = 9.1;
						LastSwiftMigration = 1000;
						ProvisioningStyle = Automatic;
					};
					554348481F82D3AD00C3C2CB = {
						CreatedOnToolsVersion = 9.1;
						LastSwiftMigration = 1000;
						ProvisioningStyle = Automatic;
						TestTargetID = 554348341F82D3AD00C3C2CB;
					};
					554348531F82D3AD00C3C2CB = {
						CreatedOnToolsVersion = 9.1;
						LastSwiftMigration = 1000;
						ProvisioningStyle = Automatic;
						TestTargetID = 554348341F82D3AD00C3C2CB;
					};
				};
			};
			buildConfigurationList = 554348301F82D3AD00C3C2CB /* Build configuration list for PBXProject "TrainControl" */;
			compatibilityVersion = "Xcode 8.0";
			developmentRegion = en;
			hasScannedForEncodings = 0;
			knownRegions = (
				en,
				Base,
			);
			mainGroup = 5543482C1F82D3AD00C3C2CB;
			productRefGroup = 554348361F82D3AD00C3C2CB /* Products */;
			projectDirPath = "";
			projectRoot = "";
			targets = (
				554348341F82D3AD00C3C2CB /* TrainControl */,
				554348481F82D3AD00C3C2CB /* TrainControlTests */,
				554348531F82D3AD00C3C2CB /* TrainControlUITests */,
			);
		};
/* End PBXProject section */

/* Begin PBXResourcesBuildPhase section */
		554348331F82D3AD00C3C2CB /* Resources */ = {
			isa = PBXResourcesBuildPhase;
			buildActionMask = 2147483647;
			files = (
				22E11E2E20152E600034F382 /* glass break.mp3 in Resources */,
				5526A58A2104FAF0005AF2C6 /* Color.xcassets in Resources */,
				55130BC821034B4D001D2E3F /* Settings-Watch.bundle in Resources */,
				5543488B1F82D48A00C3C2CB /* Images.xcassets in Resources */,
				554348401F82D3AD00C3C2CB /* Assets.xcassets in Resources */,
				554348A01F82D6FE00C3C2CB /* LaunchScreen.storyboard in Resources */,
				55B912BC20FA71E800634B80 /* Settings.bundle in Resources */,
				5543483E1F82D3AD00C3C2CB /* Main.storyboard in Resources */,
			);
			runOnlyForDeploymentPostprocessing = 0;
		};
		554348471F82D3AD00C3C2CB /* Resources */ = {
			isa = PBXResourcesBuildPhase;
			buildActionMask = 2147483647;
			files = (
			);
			runOnlyForDeploymentPostprocessing = 0;
		};
		554348521F82D3AD00C3C2CB /* Resources */ = {
			isa = PBXResourcesBuildPhase;
			buildActionMask = 2147483647;
			files = (
			);
			runOnlyForDeploymentPostprocessing = 0;
		};
/* End PBXResourcesBuildPhase section */

/* Begin PBXSourcesBuildPhase section */
		554348311F82D3AD00C3C2CB /* Sources */ = {
			isa = PBXSourcesBuildPhase;
			buildActionMask = 2147483647;
			files = (
				555C84B5210659A700326675 /* TrainSelection.swift in Sources */,
				554348841F82D46100C3C2CB /* FogRationalUi.swift in Sources */,
				5578608E20F3DF9A00FC182D /* UIImagePickerController+.swift in Sources */,
				5543487E1F82D46100C3C2CB /* Sound.swift in Sources */,
				551AB9DF1F93B94A0080D37B /* FlipLabel.swift in Sources */,
				55130BBE210271E4001D2E3F /* SubscriptionLogging.swift in Sources */,
				554E71482103751200AAE25E /* ScrewsView.swift in Sources */,
				553CC65320F57A8E0046D4A5 /* GaugeView.swift in Sources */,
				55BD0DD220F15955001E31C3 /* UIView+.swift in Sources */,
				5543487F1F82D46100C3C2CB /* Train.swift in Sources */,
				554348861F82D46100C3C2CB /* MetalPanelView.swift in Sources */,
				55B912C020FA77CE00634B80 /* UserDefaults+.swift in Sources */,
				554348801F82D46100C3C2CB /* LogViewController.swift in Sources */,
				554348871F82D46100C3C2CB /* Pulsator.swift in Sources */,
				55BD0DD420F15ABF001E31C3 /* AVAudioPlayer+.swift in Sources */,
				550AD8D0210CAEE100E19CA2 /* CornerSegmentedControl.swift in Sources */,
				5526A5872104EE2E005AF2C6 /* UIImage+.swift in Sources */,
				554348881F82D46100C3C2CB /* ScubControl.swift in Sources */,
				5543487C1F82D46100C3C2CB /* Engine.swift in Sources */,
				5543487D1F82D46100C3C2CB /* Lights.swift in Sources */,
				554348821F82D46100C3C2CB /* TrainViewController.swift in Sources */,
				22ABCF472010D40500AEAC1D /* MotionFaults.swift in Sources */,
				5543487B1F82D46100C3C2CB /* Billboard.swift in Sources */,
				554348391F82D3AD00C3C2CB /* AppDelegate.swift in Sources */,
				5522F85A210570AE0035A047 /* PhotosAccess.swift in Sources */,
			);
			runOnlyForDeploymentPostprocessing = 0;
		};
		554348451F82D3AD00C3C2CB /* Sources */ = {
			isa = PBXSourcesBuildPhase;
			buildActionMask = 2147483647;
			files = (
				5543484E1F82D3AD00C3C2CB /* TrainControlTests.swift in Sources */,
			);
			runOnlyForDeploymentPostprocessing = 0;
		};
		554348501F82D3AD00C3C2CB /* Sources */ = {
			isa = PBXSourcesBuildPhase;
			buildActionMask = 2147483647;
			files = (
				554348591F82D3AD00C3C2CB /* TrainControlUITests.swift in Sources */,
				554348971F82D5B100C3C2CB /* ExerciseMotor.swift in Sources */,
			);
			runOnlyForDeploymentPostprocessing = 0;
		};
/* End PBXSourcesBuildPhase section */

/* Begin PBXTargetDependency section */
		5543484B1F82D3AD00C3C2CB /* PBXTargetDependency */ = {
			isa = PBXTargetDependency;
			target = 554348341F82D3AD00C3C2CB /* TrainControl */;
			targetProxy = 5543484A1F82D3AD00C3C2CB /* PBXContainerItemProxy */;
		};
		554348561F82D3AD00C3C2CB /* PBXTargetDependency */ = {
			isa = PBXTargetDependency;
			target = 554348341F82D3AD00C3C2CB /* TrainControl */;
			targetProxy = 554348551F82D3AD00C3C2CB /* PBXContainerItemProxy */;
		};
/* End PBXTargetDependency section */

/* Begin PBXVariantGroup section */
		5543483C1F82D3AD00C3C2CB /* Main.storyboard */ = {
			isa = PBXVariantGroup;
			children = (
				5543483D1F82D3AD00C3C2CB /* Base */,
			);
			name = Main.storyboard;
			sourceTree = "<group>";
		};
		55524C6E20F11FA8004EBD8B /* Interface.storyboard */ = {
			isa = PBXVariantGroup;
			children = (
				55524C6F20F11FA8004EBD8B /* Base */,
			);
			name = Interface.storyboard;
			sourceTree = "<group>";
		};
/* End PBXVariantGroup section */

/* Begin XCBuildConfiguration section */
		5543485B1F82D3AD00C3C2CB /* Debug */ = {
			isa = XCBuildConfiguration;
			buildSettings = {
				ALWAYS_SEARCH_USER_PATHS = NO;
				CLANG_ANALYZER_NONNULL = YES;
				CLANG_ANALYZER_NUMBER_OBJECT_CONVERSION = YES_AGGRESSIVE;
				CLANG_CXX_LANGUAGE_STANDARD = "gnu++14";
				CLANG_CXX_LIBRARY = "libc++";
				CLANG_ENABLE_MODULES = YES;
				CLANG_ENABLE_OBJC_ARC = YES;
				CLANG_WARN_BLOCK_CAPTURE_AUTORELEASING = YES;
				CLANG_WARN_BOOL_CONVERSION = YES;
				CLANG_WARN_COMMA = YES;
				CLANG_WARN_CONSTANT_CONVERSION = YES;
				CLANG_WARN_DEPRECATED_OBJC_IMPLEMENTATIONS = YES;
				CLANG_WARN_DIRECT_OBJC_ISA_USAGE = YES_ERROR;
				CLANG_WARN_DOCUMENTATION_COMMENTS = YES;
				CLANG_WARN_EMPTY_BODY = YES;
				CLANG_WARN_ENUM_CONVERSION = YES;
				CLANG_WARN_INFINITE_RECURSION = YES;
				CLANG_WARN_INT_CONVERSION = YES;
				CLANG_WARN_NON_LITERAL_NULL_CONVERSION = YES;
				CLANG_WARN_OBJC_IMPLICIT_RETAIN_SELF = YES;
				CLANG_WARN_OBJC_LITERAL_CONVERSION = YES;
				CLANG_WARN_OBJC_ROOT_CLASS = YES_ERROR;
				CLANG_WARN_RANGE_LOOP_ANALYSIS = YES;
				CLANG_WARN_STRICT_PROTOTYPES = YES;
				CLANG_WARN_SUSPICIOUS_MOVE = YES;
				CLANG_WARN_UNGUARDED_AVAILABILITY = YES_AGGRESSIVE;
				CLANG_WARN_UNREACHABLE_CODE = YES;
				CLANG_WARN__DUPLICATE_METHOD_MATCH = YES;
				CODE_SIGN_IDENTITY = "iPhone Developer";
				COPY_PHASE_STRIP = NO;
				DEBUG_INFORMATION_FORMAT = dwarf;
				ENABLE_STRICT_OBJC_MSGSEND = YES;
				ENABLE_TESTABILITY = YES;
				GCC_C_LANGUAGE_STANDARD = gnu11;
				GCC_DYNAMIC_NO_PIC = NO;
				GCC_NO_COMMON_BLOCKS = YES;
				GCC_OPTIMIZATION_LEVEL = 0;
				GCC_PREPROCESSOR_DEFINITIONS = (
					"DEBUG=1",
					"$(inherited)",
				);
				GCC_WARN_64_TO_32_BIT_CONVERSION = YES;
				GCC_WARN_ABOUT_RETURN_TYPE = YES_ERROR;
				GCC_WARN_UNDECLARED_SELECTOR = YES;
				GCC_WARN_UNINITIALIZED_AUTOS = YES_AGGRESSIVE;
				GCC_WARN_UNUSED_FUNCTION = YES;
				GCC_WARN_UNUSED_VARIABLE = YES;
				IPHONEOS_DEPLOYMENT_TARGET = 11.0;
				MTL_ENABLE_DEBUG_INFO = YES;
				ONLY_ACTIVE_ARCH = YES;
				SDKROOT = iphoneos;
				SWIFT_ACTIVE_COMPILATION_CONDITIONS = DEBUG;
				SWIFT_OPTIMIZATION_LEVEL = "-Onone";
			};
			name = Debug;
		};
		5543485C1F82D3AD00C3C2CB /* Release */ = {
			isa = XCBuildConfiguration;
			buildSettings = {
				ALWAYS_SEARCH_USER_PATHS = NO;
				CLANG_ANALYZER_NONNULL = YES;
				CLANG_ANALYZER_NUMBER_OBJECT_CONVERSION = YES_AGGRESSIVE;
				CLANG_CXX_LANGUAGE_STANDARD = "gnu++14";
				CLANG_CXX_LIBRARY = "libc++";
				CLANG_ENABLE_MODULES = YES;
				CLANG_ENABLE_OBJC_ARC = YES;
				CLANG_WARN_BLOCK_CAPTURE_AUTORELEASING = YES;
				CLANG_WARN_BOOL_CONVERSION = YES;
				CLANG_WARN_COMMA = YES;
				CLANG_WARN_CONSTANT_CONVERSION = YES;
				CLANG_WARN_DEPRECATED_OBJC_IMPLEMENTATIONS = YES;
				CLANG_WARN_DIRECT_OBJC_ISA_USAGE = YES_ERROR;
				CLANG_WARN_DOCUMENTATION_COMMENTS = YES;
				CLANG_WARN_EMPTY_BODY = YES;
				CLANG_WARN_ENUM_CONVERSION = YES;
				CLANG_WARN_INFINITE_RECURSION = YES;
				CLANG_WARN_INT_CONVERSION = YES;
				CLANG_WARN_NON_LITERAL_NULL_CONVERSION = YES;
				CLANG_WARN_OBJC_IMPLICIT_RETAIN_SELF = YES;
				CLANG_WARN_OBJC_LITERAL_CONVERSION = YES;
				CLANG_WARN_OBJC_ROOT_CLASS = YES_ERROR;
				CLANG_WARN_RANGE_LOOP_ANALYSIS = YES;
				CLANG_WARN_STRICT_PROTOTYPES = YES;
				CLANG_WARN_SUSPICIOUS_MOVE = YES;
				CLANG_WARN_UNGUARDED_AVAILABILITY = YES_AGGRESSIVE;
				CLANG_WARN_UNREACHABLE_CODE = YES;
				CLANG_WARN__DUPLICATE_METHOD_MATCH = YES;
				CODE_SIGN_IDENTITY = "iPhone Developer";
				COPY_PHASE_STRIP = NO;
				DEBUG_INFORMATION_FORMAT = "dwarf-with-dsym";
				ENABLE_NS_ASSERTIONS = NO;
				ENABLE_STRICT_OBJC_MSGSEND = YES;
				GCC_C_LANGUAGE_STANDARD = gnu11;
				GCC_NO_COMMON_BLOCKS = YES;
				GCC_WARN_64_TO_32_BIT_CONVERSION = YES;
				GCC_WARN_ABOUT_RETURN_TYPE = YES_ERROR;
				GCC_WARN_UNDECLARED_SELECTOR = YES;
				GCC_WARN_UNINITIALIZED_AUTOS = YES_AGGRESSIVE;
				GCC_WARN_UNUSED_FUNCTION = YES;
				GCC_WARN_UNUSED_VARIABLE = YES;
				IPHONEOS_DEPLOYMENT_TARGET = 11.0;
				MTL_ENABLE_DEBUG_INFO = NO;
				SDKROOT = iphoneos;
				SWIFT_OPTIMIZATION_LEVEL = "-Owholemodule";
				VALIDATE_PRODUCT = YES;
			};
			name = Release;
		};
		5543485E1F82D3AD00C3C2CB /* Debug */ = {
			isa = XCBuildConfiguration;
			buildSettings = {
				ASSETCATALOG_COMPILER_APPICON_NAME = AppIcon;
				CLANG_ENABLE_MODULES = YES;
				CODE_SIGN_STYLE = Automatic;
				DEVELOPMENT_TEAM = 8VPYJWT4Q6;
				INFOPLIST_FILE = TrainControl/Info.plist;
				IPHONEOS_DEPLOYMENT_TARGET = 12.0;
				LD_RUNPATH_SEARCH_PATHS = "$(inherited) @executable_path/Frameworks";
				PRODUCT_BUNDLE_IDENTIFIER = com.objectcomputing.TrainControl;
				PRODUCT_NAME = "$(TARGET_NAME)";
				SWIFT_OPTIMIZATION_LEVEL = "-Onone";
				SWIFT_VERSION = 4.2;
				TARGETED_DEVICE_FAMILY = "1,2";
			};
			name = Debug;
		};
		5543485F1F82D3AD00C3C2CB /* Release */ = {
			isa = XCBuildConfiguration;
			buildSettings = {
				ASSETCATALOG_COMPILER_APPICON_NAME = AppIcon;
				CLANG_ENABLE_MODULES = YES;
				CODE_SIGN_STYLE = Automatic;
				DEVELOPMENT_TEAM = 8VPYJWT4Q6;
				INFOPLIST_FILE = TrainControl/Info.plist;
				IPHONEOS_DEPLOYMENT_TARGET = 12.0;
				LD_RUNPATH_SEARCH_PATHS = "$(inherited) @executable_path/Frameworks";
				PRODUCT_BUNDLE_IDENTIFIER = com.objectcomputing.TrainControl;
				PRODUCT_NAME = "$(TARGET_NAME)";
				SWIFT_VERSION = 4.2;
				TARGETED_DEVICE_FAMILY = "1,2";
			};
			name = Release;
		};
		554348611F82D3AD00C3C2CB /* Debug */ = {
			isa = XCBuildConfiguration;
			buildSettings = {
				ALWAYS_EMBED_SWIFT_STANDARD_LIBRARIES = YES;
				BUNDLE_LOADER = "$(TEST_HOST)";
				CODE_SIGN_STYLE = Automatic;
				DEVELOPMENT_TEAM = 4JYR7R4Y2M;
				INFOPLIST_FILE = TrainControlTests/Info.plist;
				LD_RUNPATH_SEARCH_PATHS = "$(inherited) @executable_path/Frameworks @loader_path/Frameworks";
				PRODUCT_BUNDLE_IDENTIFIER = com.objectcomputing.TrainControlTests;
				PRODUCT_NAME = "$(TARGET_NAME)";
				SWIFT_VERSION = 4.2;
				TARGETED_DEVICE_FAMILY = "1,2";
				TEST_HOST = "$(BUILT_PRODUCTS_DIR)/TrainControl.app/TrainControl";
			};
			name = Debug;
		};
		554348621F82D3AD00C3C2CB /* Release */ = {
			isa = XCBuildConfiguration;
			buildSettings = {
				ALWAYS_EMBED_SWIFT_STANDARD_LIBRARIES = YES;
				BUNDLE_LOADER = "$(TEST_HOST)";
				CODE_SIGN_STYLE = Automatic;
				DEVELOPMENT_TEAM = 4JYR7R4Y2M;
				INFOPLIST_FILE = TrainControlTests/Info.plist;
				LD_RUNPATH_SEARCH_PATHS = "$(inherited) @executable_path/Frameworks @loader_path/Frameworks";
				PRODUCT_BUNDLE_IDENTIFIER = com.objectcomputing.TrainControlTests;
				PRODUCT_NAME = "$(TARGET_NAME)";
				SWIFT_VERSION = 4.2;
				TARGETED_DEVICE_FAMILY = "1,2";
				TEST_HOST = "$(BUILT_PRODUCTS_DIR)/TrainControl.app/TrainControl";
			};
			name = Release;
		};
		554348641F82D3AD00C3C2CB /* Debug */ = {
			isa = XCBuildConfiguration;
			buildSettings = {
				ALWAYS_EMBED_SWIFT_STANDARD_LIBRARIES = YES;
				CODE_SIGN_STYLE = Automatic;
				DEVELOPMENT_TEAM = 4JYR7R4Y2M;
				INFOPLIST_FILE = TrainControlUITests/Info.plist;
				LD_RUNPATH_SEARCH_PATHS = "$(inherited) @executable_path/Frameworks @loader_path/Frameworks";
				PRODUCT_BUNDLE_IDENTIFIER = com.objectcomputing.TrainControlUITests;
				PRODUCT_NAME = "$(TARGET_NAME)";
				SWIFT_VERSION = 4.2;
				TARGETED_DEVICE_FAMILY = "1,2";
				TEST_TARGET_NAME = TrainControl;
			};
			name = Debug;
		};
		554348651F82D3AD00C3C2CB /* Release */ = {
			isa = XCBuildConfiguration;
			buildSettings = {
				ALWAYS_EMBED_SWIFT_STANDARD_LIBRARIES = YES;
				CODE_SIGN_STYLE = Automatic;
				DEVELOPMENT_TEAM = 4JYR7R4Y2M;
				INFOPLIST_FILE = TrainControlUITests/Info.plist;
				LD_RUNPATH_SEARCH_PATHS = "$(inherited) @executable_path/Frameworks @loader_path/Frameworks";
				PRODUCT_BUNDLE_IDENTIFIER = com.objectcomputing.TrainControlUITests;
				PRODUCT_NAME = "$(TARGET_NAME)";
				SWIFT_VERSION = 4.2;
				TARGETED_DEVICE_FAMILY = "1,2";
				TEST_TARGET_NAME = TrainControl;
			};
			name = Release;
		};
/* End XCBuildConfiguration section */

/* Begin XCConfigurationList section */
		554348301F82D3AD00C3C2CB /* Build configuration list for PBXProject "TrainControl" */ = {
			isa = XCConfigurationList;
			buildConfigurations = (
				5543485B1F82D3AD00C3C2CB /* Debug */,
				5543485C1F82D3AD00C3C2CB /* Release */,
			);
			defaultConfigurationIsVisible = 0;
			defaultConfigurationName = Release;
		};
		5543485D1F82D3AD00C3C2CB /* Build configuration list for PBXNativeTarget "TrainControl" */ = {
			isa = XCConfigurationList;
			buildConfigurations = (
				5543485E1F82D3AD00C3C2CB /* Debug */,
				5543485F1F82D3AD00C3C2CB /* Release */,
			);
			defaultConfigurationIsVisible = 0;
			defaultConfigurationName = Release;
		};
		554348601F82D3AD00C3C2CB /* Build configuration list for PBXNativeTarget "TrainControlTests" */ = {
			isa = XCConfigurationList;
			buildConfigurations = (
				554348611F82D3AD00C3C2CB /* Debug */,
				554348621F82D3AD00C3C2CB /* Release */,
			);
			defaultConfigurationIsVisible = 0;
			defaultConfigurationName = Release;
		};
		554348631F82D3AD00C3C2CB /* Build configuration list for PBXNativeTarget "TrainControlUITests" */ = {
			isa = XCConfigurationList;
			buildConfigurations = (
				554348641F82D3AD00C3C2CB /* Debug */,
				554348651F82D3AD00C3C2CB /* Release */,
			);
			defaultConfigurationIsVisible = 0;
			defaultConfigurationName = Release;
		};
/* End XCConfigurationList section */
	};
	rootObject = 5543482D1F82D3AD00C3C2CB /* Project object */;
}
